
Microsoft Visual Studio Solution File, Format Version 12.00
# Visual Studio Version 16
VisualStudioVersion = 16.0.29215.179
MinimumVisualStudioVersion = 10.0.40219.1
Project("{FAE04EC0-301F-11D3-BF4B-00C04F79EFBC}") = "Sandbox", "Sandbox\Sandbox.csproj", "{E12C65CE-82F1-4051-B8F6-185CEC69119F}"
EndProject
Project("{2150E333-8FDC-42A3-9474-1A3956D46DE8}") = "SolutionItems", "SolutionItems", "{869C378E-1021-4010-BD85-6690E3D8A258}"
	ProjectSection(SolutionItems) = preProject
		..\.gitattributes = ..\.gitattributes
		..\.gitignore = ..\.gitignore
		..\clean-with-scc.bat = ..\clean-with-scc.bat
		..\README.md = ..\README.md
	EndProjectSection
EndProject
Project("{FAE04EC0-301F-11D3-BF4B-00C04F79EFBC}") = "Common", "Common\Common.csproj", "{DE086FA8-BE7E-423E-9BB4-FDD4FC7180C7}"
EndProject
Global
	GlobalSection(SolutionConfigurationPlatforms) = preSolution
		Debug|Any CPU = Debug|Any CPU
		Debug|ARM = Debug|ARM
		Debug|ARM64 = Debug|ARM64
		Debug|x64 = Debug|x64
		Debug|x86 = Debug|x86
		Release|Any CPU = Release|Any CPU
		Release|ARM = Release|ARM
		Release|ARM64 = Release|ARM64
		Release|x64 = Release|x64
		Release|x86 = Release|x86
	EndGlobalSection
	GlobalSection(ProjectConfigurationPlatforms) = postSolution
		{E12C65CE-82F1-4051-B8F6-185CEC69119F}.Debug|Any CPU.ActiveCfg = Debug|x86
		{E12C65CE-82F1-4051-B8F6-185CEC69119F}.Debug|ARM.ActiveCfg = Debug|ARM
		{E12C65CE-82F1-4051-B8F6-185CEC69119F}.Debug|ARM.Build.0 = Debug|ARM
		{E12C65CE-82F1-4051-B8F6-185CEC69119F}.Debug|ARM.Deploy.0 = Debug|ARM
		{E12C65CE-82F1-4051-B8F6-185CEC69119F}.Debug|ARM64.ActiveCfg = Debug|x86
		{E12C65CE-82F1-4051-B8F6-185CEC69119F}.Debug|x64.ActiveCfg = Debug|x64
		{E12C65CE-82F1-4051-B8F6-185CEC69119F}.Debug|x64.Build.0 = Debug|x64
		{E12C65CE-82F1-4051-B8F6-185CEC69119F}.Debug|x64.Deploy.0 = Debug|x64
		{E12C65CE-82F1-4051-B8F6-185CEC69119F}.Debug|x86.ActiveCfg = Debug|x86
		{E12C65CE-82F1-4051-B8F6-185CEC69119F}.Debug|x86.Build.0 = Debug|x86
		{E12C65CE-82F1-4051-B8F6-185CEC69119F}.Debug|x86.Deploy.0 = Debug|x86
		{E12C65CE-82F1-4051-B8F6-185CEC69119F}.Release|Any CPU.ActiveCfg = Release|x86
		{E12C65CE-82F1-4051-B8F6-185CEC69119F}.Release|ARM.ActiveCfg = Release|ARM
		{E12C65CE-82F1-4051-B8F6-185CEC69119F}.Release|ARM.Build.0 = Release|ARM
		{E12C65CE-82F1-4051-B8F6-185CEC69119F}.Release|ARM.Deploy.0 = Release|ARM
		{E12C65CE-82F1-4051-B8F6-185CEC69119F}.Release|ARM64.ActiveCfg = Release|x86
		{E12C65CE-82F1-4051-B8F6-185CEC69119F}.Release|x64.ActiveCfg = Release|x64
		{E12C65CE-82F1-4051-B8F6-185CEC69119F}.Release|x64.Build.0 = Release|x64
		{E12C65CE-82F1-4051-B8F6-185CEC69119F}.Release|x64.Deploy.0 = Release|x64
		{E12C65CE-82F1-4051-B8F6-185CEC69119F}.Release|x86.ActiveCfg = Release|x86
		{E12C65CE-82F1-4051-B8F6-185CEC69119F}.Release|x86.Build.0 = Release|x86
		{E12C65CE-82F1-4051-B8F6-185CEC69119F}.Release|x86.Deploy.0 = Release|x86
		{DE086FA8-BE7E-423E-9BB4-FDD4FC7180C7}.Debug|Any CPU.ActiveCfg = Debug|Any CPU
		{DE086FA8-BE7E-423E-9BB4-FDD4FC7180C7}.Debug|Any CPU.Build.0 = Debug|Any CPU
		{DE086FA8-BE7E-423E-9BB4-FDD4FC7180C7}.Debug|ARM.ActiveCfg = Debug|ARM
		{DE086FA8-BE7E-423E-9BB4-FDD4FC7180C7}.Debug|ARM.Build.0 = Debug|ARM
		{DE086FA8-BE7E-423E-9BB4-FDD4FC7180C7}.Debug|ARM64.ActiveCfg = Debug|ARM64
		{DE086FA8-BE7E-423E-9BB4-FDD4FC7180C7}.Debug|ARM64.Build.0 = Debug|ARM64
		{DE086FA8-BE7E-423E-9BB4-FDD4FC7180C7}.Debug|x64.ActiveCfg = Debug|x64
		{DE086FA8-BE7E-423E-9BB4-FDD4FC7180C7}.Debug|x64.Build.0 = Debug|x64
		{DE086FA8-BE7E-423E-9BB4-FDD4FC7180C7}.Debug|x86.ActiveCfg = Debug|x86
		{DE086FA8-BE7E-423E-9BB4-FDD4FC7180C7}.Debug|x86.Build.0 = Debug|x86
		{DE086FA8-BE7E-423E-9BB4-FDD4FC7180C7}.Release|Any CPU.ActiveCfg = Release|Any CPU
		{DE086FA8-BE7E-423E-9BB4-FDD4FC7180C7}.Release|Any CPU.Build.0 = Release|Any CPU
		{DE086FA8-BE7E-423E-9BB4-FDD4FC7180C7}.Release|ARM.ActiveCfg = Release|ARM
		{DE086FA8-BE7E-423E-9BB4-FDD4FC7180C7}.Release|ARM.Build.0 = Release|ARM
		{DE086FA8-BE7E-423E-9BB4-FDD4FC7180C7}.Release|ARM64.ActiveCfg = Release|ARM64
		{DE086FA8-BE7E-423E-9BB4-FDD4FC7180C7}.Release|ARM64.Build.0 = Release|ARM64
		{DE086FA8-BE7E-423E-9BB4-FDD4FC7180C7}.Release|x64.ActiveCfg = Release|x64
		{DE086FA8-BE7E-423E-9BB4-FDD4FC7180C7}.Release|x64.Build.0 = Release|x64
		{DE086FA8-BE7E-423E-9BB4-FDD4FC7180C7}.Release|x86.ActiveCfg = Release|x86
		{DE086FA8-BE7E-423E-9BB4-FDD4FC7180C7}.Release|x86.Build.0 = Release|x86
	EndGlobalSection
	GlobalSection(SolutionProperties) = preSolution
		HideSolutionNode = FALSE
	EndGlobalSection
	GlobalSection(ExtensibilityGlobals) = postSolution
		SolutionGuid = {4A713D57-AF29-4C64-9BA5-96481A653122}
	EndGlobalSection
EndGlobal
