<?xml version="1.0" encoding="utf-8"?>
<Project ToolsVersion="4.0" xmlns="http://schemas.microsoft.com/developer/msbuild/2003">
  <ItemGroup>
    <Filter Include="Source Files">
      <UniqueIdentifier>{4FC737F1-C7A5-4376-A066-2A32D752A2FF}</UniqueIdentifier>
      <Extensions>cpp;c;cc;cxx;def;odl;idl;hpj;bat;asm;asmx</Extensions>
    </Filter>
    <Filter Include="Header Files">
      <UniqueIdentifier>{93995380-89BD-4b04-88EB-625FBE52EBFB}</UniqueIdentifier>
      <Extensions>h;hh;hpp;hxx;hm;inl;inc;xsd</Extensions>
    </Filter>
    <Filter Include="Misc Files">
      <UniqueIdentifier>{67DA6AB6-F800-4c08-8B7A-83BB121AAD01}</UniqueIdentifier>
      <Extensions>xml;json;txt;rc;ico;cur;bmp;dlg;rc2;rct;bin;rgs;gif;jpg;jpeg;jpe;resx;tiff;tif;png;wav;mfcribbon-ms</Extensions>
    </Filter>
    <Filter Include="Examples">
      <UniqueIdentifier>{1ba1d739-2522-4d9f-9c4e-a2313f9487bb}</UniqueIdentifier>
    </Filter>
  </ItemGroup>
  <ItemGroup>
    <None Include="Pcf8591.ino" />
    <None Include="src\arduino folders read me.txt">
      <Filter>Misc Files</Filter>
    </None>
    <None Include="C:\Users\MERKATOR\Desktop\PCF8591_library-master\examples\analogReadWrite\analogReadWrite.ino">
      <Filter>Examples</Filter>
    </None>
    <None Include="C:\Users\MERKATOR\Desktop\PCF8591_library-master\examples\analogReadWriteEsp32SecondI2C\analogReadWriteEsp32SecondI2C.ino">
      <Filter>Examples</Filter>
    </None>
    <None Include="C:\Users\MERKATOR\Desktop\PCF8591_library-master\examples\generateSinusoidal\generateSinusoidal.ino">
      <Filter>Examples</Filter>
    </None>
    <None Include="C:\Users\MERKATOR\Desktop\PCF8591_library-master\examples\voltageReadWrite\voltageReadWrite.ino">
      <Filter>Examples</Filter>
    </None>
  </ItemGroup>
  <ItemGroup>
    <ClInclude Include="__vm\.Pcf8591.vsarduino.h">
      <Filter>Header Files</Filter>
    </ClInclude>
    <ClInclude Include="..\raspberry.common\drivers\pcf8591\cpp\pcf8591.h">
      <Filter>Header Files</Filter>
    </ClInclude>
  </ItemGroup>
  <ItemGroup>
    <ClCompile Include="..\raspberry.common\drivers\pcf8591\cpp\pcf8591.cpp">
      <Filter>Source Files</Filter>
    </ClCompile>
  </ItemGroup>
</Project>