
Microsoft Visual Studio Solution File, Format Version 12.00
# Visual Studio Version 17
VisualStudioVersion = 17.0.32112.339
MinimumVisualStudioVersion = 10.0.40219.1
Project("{2150E333-8FDC-42A3-9474-1A3956D46DE8}") = "PublishProfiles", "PublishProfiles", "{45122DB8-F785-4A75-BF22-BE0AE01FE64F}"
	ProjectSection(SolutionItems) = preProject
		..\Publish profiles\IotHub.Api.PublishSettings = ..\Publish profiles\IotHub.Api.PublishSettings
		..\Publish profiles\IotHub.Ui.PublishSettings = ..\Publish profiles\IotHub.Ui.PublishSettings
	EndProjectSection
EndProject
Project("{9A19103F-16F7-4668-BE54-9A1E7A4F7556}") = "Sandbox", "Sandbox\Sandbox.csproj", "{BADAA568-2F2C-454B-87D0-C7FC428C2B38}"
EndProject
Project("{2150E333-8FDC-42A3-9474-1A3956D46DE8}") = "Test", "Test", "{F9890223-2104-415D-9493-F91BEDC92196}"
EndProject
Project("{2150E333-8FDC-42A3-9474-1A3956D46DE8}") = "Solution Items", "Solution Items", "{CE5DDC7A-B866-4747-BBBD-5D271FCD86E9}"
	ProjectSection(SolutionItems) = preProject
		.editorconfig = .editorconfig
		..\.gitattributes = ..\.gitattributes
		..\.gitignore = ..\.gitignore
		..\clean-with-scc.bat = ..\clean-with-scc.bat
		..\Notes.txt = ..\Notes.txt
		..\README.md = ..\README.md
	EndProjectSection
EndProject
Project("{9A19103F-16F7-4668-BE54-9A1E7A4F7556}") = "IotHub.Ui", "IotHub.Ui\IotHub.Ui.csproj", "{255E6B84-CB58-4F73-97CB-53FC86DC20AE}"
EndProject
Project("{9A19103F-16F7-4668-BE54-9A1E7A4F7556}") = "IotHub.Api", "IotHub.Api\IotHub.Api.csproj", "{81EB4472-E0E7-414E-8D68-16E836B38592}"
EndProject
Project("{2150E333-8FDC-42A3-9474-1A3956D46DE8}") = "MicroServices", "MicroServices", "{2DB13D6D-275B-41D5-AF2E-F33E0FFC3FA8}"
EndProject
Project("{2150E333-8FDC-42A3-9474-1A3956D46DE8}") = "Tools", "Tools", "{FC41AAF8-7653-410A-B434-FFDC926A83D1}"
EndProject
Project("{9A19103F-16F7-4668-BE54-9A1E7A4F7556}") = "Hangfire", "Hangfire\Hangfire.csproj", "{F3B4C33E-C6C3-474C-BDC3-05EC3E8621A0}"
EndProject
Project("{9A19103F-16F7-4668-BE54-9A1E7A4F7556}") = "ApiClients.Http", "ApiClients.Http\ApiClients.Http.csproj", "{9748CFA6-927A-4269-9698-2AFD045E500E}"
EndProject
Project("{9A19103F-16F7-4668-BE54-9A1E7A4F7556}") = "Mediator", "Mediator\Mediator.csproj", "{9AF73B91-F54D-42B6-B80B-4A332832754E}"
EndProject
Project("{9A19103F-16F7-4668-BE54-9A1E7A4F7556}") = "Redis", "Redis\Redis.csproj", "{CDD421C3-A834-4645-8AE8-2315C8E80578}"
EndProject
Project("{9A19103F-16F7-4668-BE54-9A1E7A4F7556}") = "Common", "Common\Common.csproj", "{31FB86DA-14E8-4234-A900-D5094A97A654}"
EndProject
Project("{9A19103F-16F7-4668-BE54-9A1E7A4F7556}") = "UnitTests", "UnitTests\UnitTests.csproj", "{D719DFD5-7D5F-49EF-90C7-5C9BA3F20A36}"
EndProject
Global
	GlobalSection(SolutionConfigurationPlatforms) = preSolution
		Debug|Any CPU = Debug|Any CPU
		Development|Any CPU = Development|Any CPU
		Release|Any CPU = Release|Any CPU
	EndGlobalSection
	GlobalSection(ProjectConfigurationPlatforms) = postSolution
		{BADAA568-2F2C-454B-87D0-C7FC428C2B38}.Debug|Any CPU.ActiveCfg = Debug|Any CPU
		{BADAA568-2F2C-454B-87D0-C7FC428C2B38}.Debug|Any CPU.Build.0 = Debug|Any CPU
		{BADAA568-2F2C-454B-87D0-C7FC428C2B38}.Development|Any CPU.ActiveCfg = Debug|Any CPU
		{BADAA568-2F2C-454B-87D0-C7FC428C2B38}.Development|Any CPU.Build.0 = Debug|Any CPU
		{BADAA568-2F2C-454B-87D0-C7FC428C2B38}.Release|Any CPU.ActiveCfg = Release|Any CPU
		{BADAA568-2F2C-454B-87D0-C7FC428C2B38}.Release|Any CPU.Build.0 = Release|Any CPU
		{255E6B84-CB58-4F73-97CB-53FC86DC20AE}.Debug|Any CPU.ActiveCfg = Debug|Any CPU
		{255E6B84-CB58-4F73-97CB-53FC86DC20AE}.Debug|Any CPU.Build.0 = Debug|Any CPU
		{255E6B84-CB58-4F73-97CB-53FC86DC20AE}.Development|Any CPU.ActiveCfg = Debug|Any CPU
		{255E6B84-CB58-4F73-97CB-53FC86DC20AE}.Development|Any CPU.Build.0 = Debug|Any CPU
		{255E6B84-CB58-4F73-97CB-53FC86DC20AE}.Release|Any CPU.ActiveCfg = Release|Any CPU
		{255E6B84-CB58-4F73-97CB-53FC86DC20AE}.Release|Any CPU.Build.0 = Release|Any CPU
		{81EB4472-E0E7-414E-8D68-16E836B38592}.Debug|Any CPU.ActiveCfg = Debug|Any CPU
		{81EB4472-E0E7-414E-8D68-16E836B38592}.Debug|Any CPU.Build.0 = Debug|Any CPU
		{81EB4472-E0E7-414E-8D68-16E836B38592}.Development|Any CPU.ActiveCfg = Development|Any CPU
		{81EB4472-E0E7-414E-8D68-16E836B38592}.Development|Any CPU.Build.0 = Development|Any CPU
		{81EB4472-E0E7-414E-8D68-16E836B38592}.Release|Any CPU.ActiveCfg = Release|Any CPU
		{81EB4472-E0E7-414E-8D68-16E836B38592}.Release|Any CPU.Build.0 = Release|Any CPU
		{F3B4C33E-C6C3-474C-BDC3-05EC3E8621A0}.Debug|Any CPU.ActiveCfg = Debug|Any CPU
		{F3B4C33E-C6C3-474C-BDC3-05EC3E8621A0}.Debug|Any CPU.Build.0 = Debug|Any CPU
		{F3B4C33E-C6C3-474C-BDC3-05EC3E8621A0}.Development|Any CPU.ActiveCfg = Debug|Any CPU
		{F3B4C33E-C6C3-474C-BDC3-05EC3E8621A0}.Development|Any CPU.Build.0 = Debug|Any CPU
		{F3B4C33E-C6C3-474C-BDC3-05EC3E8621A0}.Release|Any CPU.ActiveCfg = Release|Any CPU
		{F3B4C33E-C6C3-474C-BDC3-05EC3E8621A0}.Release|Any CPU.Build.0 = Release|Any CPU
		{9748CFA6-927A-4269-9698-2AFD045E500E}.Debug|Any CPU.ActiveCfg = Debug|Any CPU
		{9748CFA6-927A-4269-9698-2AFD045E500E}.Debug|Any CPU.Build.0 = Debug|Any CPU
		{9748CFA6-927A-4269-9698-2AFD045E500E}.Development|Any CPU.ActiveCfg = Debug|Any CPU
		{9748CFA6-927A-4269-9698-2AFD045E500E}.Development|Any CPU.Build.0 = Debug|Any CPU
		{9748CFA6-927A-4269-9698-2AFD045E500E}.Release|Any CPU.ActiveCfg = Release|Any CPU
		{9748CFA6-927A-4269-9698-2AFD045E500E}.Release|Any CPU.Build.0 = Release|Any CPU
		{9AF73B91-F54D-42B6-B80B-4A332832754E}.Debug|Any CPU.ActiveCfg = Debug|Any CPU
		{9AF73B91-F54D-42B6-B80B-4A332832754E}.Debug|Any CPU.Build.0 = Debug|Any CPU
		{9AF73B91-F54D-42B6-B80B-4A332832754E}.Development|Any CPU.ActiveCfg = Debug|Any CPU
		{9AF73B91-F54D-42B6-B80B-4A332832754E}.Development|Any CPU.Build.0 = Debug|Any CPU
		{9AF73B91-F54D-42B6-B80B-4A332832754E}.Release|Any CPU.ActiveCfg = Release|Any CPU
		{9AF73B91-F54D-42B6-B80B-4A332832754E}.Release|Any CPU.Build.0 = Release|Any CPU
		{CDD421C3-A834-4645-8AE8-2315C8E80578}.Debug|Any CPU.ActiveCfg = Debug|Any CPU
		{CDD421C3-A834-4645-8AE8-2315C8E80578}.Debug|Any CPU.Build.0 = Debug|Any CPU
		{CDD421C3-A834-4645-8AE8-2315C8E80578}.Development|Any CPU.ActiveCfg = Debug|Any CPU
		{CDD421C3-A834-4645-8AE8-2315C8E80578}.Development|Any CPU.Build.0 = Debug|Any CPU
		{CDD421C3-A834-4645-8AE8-2315C8E80578}.Release|Any CPU.ActiveCfg = Release|Any CPU
		{CDD421C3-A834-4645-8AE8-2315C8E80578}.Release|Any CPU.Build.0 = Release|Any CPU
		{31FB86DA-14E8-4234-A900-D5094A97A654}.Debug|Any CPU.ActiveCfg = Debug|Any CPU
		{31FB86DA-14E8-4234-A900-D5094A97A654}.Debug|Any CPU.Build.0 = Debug|Any CPU
		{31FB86DA-14E8-4234-A900-D5094A97A654}.Development|Any CPU.ActiveCfg = Development|Any CPU
		{31FB86DA-14E8-4234-A900-D5094A97A654}.Development|Any CPU.Build.0 = Development|Any CPU
		{31FB86DA-14E8-4234-A900-D5094A97A654}.Release|Any CPU.ActiveCfg = Release|Any CPU
		{31FB86DA-14E8-4234-A900-D5094A97A654}.Release|Any CPU.Build.0 = Release|Any CPU
		{D719DFD5-7D5F-49EF-90C7-5C9BA3F20A36}.Debug|Any CPU.ActiveCfg = Debug|Any CPU
		{D719DFD5-7D5F-49EF-90C7-5C9BA3F20A36}.Debug|Any CPU.Build.0 = Debug|Any CPU
		{D719DFD5-7D5F-49EF-90C7-5C9BA3F20A36}.Development|Any CPU.ActiveCfg = Debug|Any CPU
		{D719DFD5-7D5F-49EF-90C7-5C9BA3F20A36}.Development|Any CPU.Build.0 = Debug|Any CPU
		{D719DFD5-7D5F-49EF-90C7-5C9BA3F20A36}.Release|Any CPU.ActiveCfg = Release|Any CPU
		{D719DFD5-7D5F-49EF-90C7-5C9BA3F20A36}.Release|Any CPU.Build.0 = Release|Any CPU
	EndGlobalSection
	GlobalSection(SolutionProperties) = preSolution
		HideSolutionNode = FALSE
	EndGlobalSection
	GlobalSection(NestedProjects) = preSolution
		{45122DB8-F785-4A75-BF22-BE0AE01FE64F} = {CE5DDC7A-B866-4747-BBBD-5D271FCD86E9}
		{BADAA568-2F2C-454B-87D0-C7FC428C2B38} = {F9890223-2104-415D-9493-F91BEDC92196}
		{255E6B84-CB58-4F73-97CB-53FC86DC20AE} = {2DB13D6D-275B-41D5-AF2E-F33E0FFC3FA8}
		{81EB4472-E0E7-414E-8D68-16E836B38592} = {2DB13D6D-275B-41D5-AF2E-F33E0FFC3FA8}
		{F3B4C33E-C6C3-474C-BDC3-05EC3E8621A0} = {FC41AAF8-7653-410A-B434-FFDC926A83D1}
		{9AF73B91-F54D-42B6-B80B-4A332832754E} = {FC41AAF8-7653-410A-B434-FFDC926A83D1}
		{CDD421C3-A834-4645-8AE8-2315C8E80578} = {FC41AAF8-7653-410A-B434-FFDC926A83D1}
		{D719DFD5-7D5F-49EF-90C7-5C9BA3F20A36} = {F9890223-2104-415D-9493-F91BEDC92196}
	EndGlobalSection
	GlobalSection(ExtensibilityGlobals) = postSolution
		SolutionGuid = {64BE1944-C72E-4AD9-B20C-E8CF8842ED32}
	EndGlobalSection
EndGlobal
