
Microsoft Visual Studio Solution File, Format Version 12.00
# Visual Studio Version 17
VisualStudioVersion = 17.0.32112.339
MinimumVisualStudioVersion = 10.0.40219.1
Project("{2150E333-8FDC-42A3-9474-1A3956D46DE8}") = "PublishProfiles", "PublishProfiles", "{45122DB8-F785-4A75-BF22-BE0AE01FE64F}"
	ProjectSection(SolutionItems) = preProject
		..\Publish profiles\IotHub.Api.PublishSettings = ..\Publish profiles\IotHub.Api.PublishSettings
		..\Publish profiles\IotHub.Ui.PublishSettings = ..\Publish profiles\IotHub.Ui.PublishSettings
	EndProjectSection
EndProject
Project("{9A19103F-16F7-4668-BE54-9A1E7A4F7556}") = "Sandbox", "Sandbox\Sandbox.csproj", "{BADAA568-2F2C-454B-87D0-C7FC428C2B38}"
EndProject
Project("{9A19103F-16F7-4668-BE54-9A1E7A4F7556}") = "IotHub.UnitTests", "IotHub.UnitTests\IotHub.UnitTests.csproj", "{FCDE4059-2EFD-4396-99A2-5A6A2F261628}"
EndProject
Project("{9A19103F-16F7-4668-BE54-9A1E7A4F7556}") = "IotHub.Contracts", "IotHub.Contracts\IotHub.Contracts.csproj", "{5FB98160-F850-491E-8C4F-7D0D484B5F6B}"
EndProject
Project("{9A19103F-16F7-4668-BE54-9A1E7A4F7556}") = "IotHub.Common", "IotHub.Common\IotHub.Common.csproj", "{989E5FF0-9952-48EB-9F2F-7869589566C8}"
EndProject
Project("{9A19103F-16F7-4668-BE54-9A1E7A4F7556}") = "IotHub.ApiClients", "IotHub.ApiClients\IotHub.ApiClients.csproj", "{5BEB8E21-7218-4A00-AF8E-7F586E05F78D}"
EndProject
Project("{9A19103F-16F7-4668-BE54-9A1E7A4F7556}") = "IotHub.Api", "IotHub.Api\IotHub.Api.csproj", "{3C338B85-AF7A-4409-ACF6-3DB7B271AB36}"
EndProject
Project("{2150E333-8FDC-42A3-9474-1A3956D46DE8}") = "Test", "Test", "{F9890223-2104-415D-9493-F91BEDC92196}"
EndProject
Project("{2150E333-8FDC-42A3-9474-1A3956D46DE8}") = "Solution Items", "Solution Items", "{CE5DDC7A-B866-4747-BBBD-5D271FCD86E9}"
	ProjectSection(SolutionItems) = preProject
		.editorconfig = .editorconfig
		..\.gitattributes = ..\.gitattributes
		..\.gitignore = ..\.gitignore
		..\clean-with-scc.bat = ..\clean-with-scc.bat
		..\Notes.txt = ..\Notes.txt
		..\README.md = ..\README.md
	EndProjectSection
EndProject
Project("{9A19103F-16F7-4668-BE54-9A1E7A4F7556}") = "IotHub.UI", "IotHub.UI\IotHub.UI.csproj", "{BA94D7ED-EEB3-4E18-AC02-17C96E2B27D0}"
EndProject
Global
	GlobalSection(SolutionConfigurationPlatforms) = preSolution
		Debug|Any CPU = Debug|Any CPU
		Development|Any CPU = Development|Any CPU
		Release|Any CPU = Release|Any CPU
	EndGlobalSection
	GlobalSection(ProjectConfigurationPlatforms) = postSolution
		{BADAA568-2F2C-454B-87D0-C7FC428C2B38}.Debug|Any CPU.ActiveCfg = Debug|Any CPU
		{BADAA568-2F2C-454B-87D0-C7FC428C2B38}.Debug|Any CPU.Build.0 = Debug|Any CPU
		{BADAA568-2F2C-454B-87D0-C7FC428C2B38}.Development|Any CPU.ActiveCfg = Debug|Any CPU
		{BADAA568-2F2C-454B-87D0-C7FC428C2B38}.Development|Any CPU.Build.0 = Debug|Any CPU
		{BADAA568-2F2C-454B-87D0-C7FC428C2B38}.Release|Any CPU.ActiveCfg = Release|Any CPU
		{BADAA568-2F2C-454B-87D0-C7FC428C2B38}.Release|Any CPU.Build.0 = Release|Any CPU
		{FCDE4059-2EFD-4396-99A2-5A6A2F261628}.Debug|Any CPU.ActiveCfg = Debug|Any CPU
		{FCDE4059-2EFD-4396-99A2-5A6A2F261628}.Debug|Any CPU.Build.0 = Debug|Any CPU
		{FCDE4059-2EFD-4396-99A2-5A6A2F261628}.Development|Any CPU.ActiveCfg = Debug|Any CPU
		{FCDE4059-2EFD-4396-99A2-5A6A2F261628}.Development|Any CPU.Build.0 = Debug|Any CPU
		{FCDE4059-2EFD-4396-99A2-5A6A2F261628}.Release|Any CPU.ActiveCfg = Release|Any CPU
		{FCDE4059-2EFD-4396-99A2-5A6A2F261628}.Release|Any CPU.Build.0 = Release|Any CPU
		{5FB98160-F850-491E-8C4F-7D0D484B5F6B}.Debug|Any CPU.ActiveCfg = Debug|Any CPU
		{5FB98160-F850-491E-8C4F-7D0D484B5F6B}.Debug|Any CPU.Build.0 = Debug|Any CPU
		{5FB98160-F850-491E-8C4F-7D0D484B5F6B}.Development|Any CPU.ActiveCfg = Development|Any CPU
		{5FB98160-F850-491E-8C4F-7D0D484B5F6B}.Development|Any CPU.Build.0 = Development|Any CPU
		{5FB98160-F850-491E-8C4F-7D0D484B5F6B}.Release|Any CPU.ActiveCfg = Release|Any CPU
		{5FB98160-F850-491E-8C4F-7D0D484B5F6B}.Release|Any CPU.Build.0 = Release|Any CPU
		{989E5FF0-9952-48EB-9F2F-7869589566C8}.Debug|Any CPU.ActiveCfg = Debug|Any CPU
		{989E5FF0-9952-48EB-9F2F-7869589566C8}.Debug|Any CPU.Build.0 = Debug|Any CPU
		{989E5FF0-9952-48EB-9F2F-7869589566C8}.Development|Any CPU.ActiveCfg = Development|Any CPU
		{989E5FF0-9952-48EB-9F2F-7869589566C8}.Development|Any CPU.Build.0 = Development|Any CPU
		{989E5FF0-9952-48EB-9F2F-7869589566C8}.Release|Any CPU.ActiveCfg = Release|Any CPU
		{989E5FF0-9952-48EB-9F2F-7869589566C8}.Release|Any CPU.Build.0 = Release|Any CPU
		{5BEB8E21-7218-4A00-AF8E-7F586E05F78D}.Debug|Any CPU.ActiveCfg = Debug|Any CPU
		{5BEB8E21-7218-4A00-AF8E-7F586E05F78D}.Debug|Any CPU.Build.0 = Debug|Any CPU
		{5BEB8E21-7218-4A00-AF8E-7F586E05F78D}.Development|Any CPU.ActiveCfg = Debug|Any CPU
		{5BEB8E21-7218-4A00-AF8E-7F586E05F78D}.Development|Any CPU.Build.0 = Debug|Any CPU
		{5BEB8E21-7218-4A00-AF8E-7F586E05F78D}.Release|Any CPU.ActiveCfg = Release|Any CPU
		{5BEB8E21-7218-4A00-AF8E-7F586E05F78D}.Release|Any CPU.Build.0 = Release|Any CPU
		{3C338B85-AF7A-4409-ACF6-3DB7B271AB36}.Debug|Any CPU.ActiveCfg = Debug|Any CPU
		{3C338B85-AF7A-4409-ACF6-3DB7B271AB36}.Debug|Any CPU.Build.0 = Debug|Any CPU
		{3C338B85-AF7A-4409-ACF6-3DB7B271AB36}.Development|Any CPU.ActiveCfg = Development|Any CPU
		{3C338B85-AF7A-4409-ACF6-3DB7B271AB36}.Development|Any CPU.Build.0 = Development|Any CPU
		{3C338B85-AF7A-4409-ACF6-3DB7B271AB36}.Release|Any CPU.ActiveCfg = Release|Any CPU
		{3C338B85-AF7A-4409-ACF6-3DB7B271AB36}.Release|Any CPU.Build.0 = Release|Any CPU
		{BA94D7ED-EEB3-4E18-AC02-17C96E2B27D0}.Debug|Any CPU.ActiveCfg = Debug|Any CPU
		{BA94D7ED-EEB3-4E18-AC02-17C96E2B27D0}.Debug|Any CPU.Build.0 = Debug|Any CPU
		{BA94D7ED-EEB3-4E18-AC02-17C96E2B27D0}.Development|Any CPU.ActiveCfg = Debug|Any CPU
		{BA94D7ED-EEB3-4E18-AC02-17C96E2B27D0}.Development|Any CPU.Build.0 = Debug|Any CPU
		{BA94D7ED-EEB3-4E18-AC02-17C96E2B27D0}.Release|Any CPU.ActiveCfg = Release|Any CPU
		{BA94D7ED-EEB3-4E18-AC02-17C96E2B27D0}.Release|Any CPU.Build.0 = Release|Any CPU
	EndGlobalSection
	GlobalSection(SolutionProperties) = preSolution
		HideSolutionNode = FALSE
	EndGlobalSection
	GlobalSection(NestedProjects) = preSolution
		{45122DB8-F785-4A75-BF22-BE0AE01FE64F} = {CE5DDC7A-B866-4747-BBBD-5D271FCD86E9}
		{BADAA568-2F2C-454B-87D0-C7FC428C2B38} = {F9890223-2104-415D-9493-F91BEDC92196}
		{FCDE4059-2EFD-4396-99A2-5A6A2F261628} = {F9890223-2104-415D-9493-F91BEDC92196}
	EndGlobalSection
	GlobalSection(ExtensibilityGlobals) = postSolution
		SolutionGuid = {64BE1944-C72E-4AD9-B20C-E8CF8842ED32}
	EndGlobalSection
EndGlobal
