
Microsoft Visual Studio Solution File, Format Version 12.00
# Visual Studio Version 16
VisualStudioVersion = 16.0.29201.188
MinimumVisualStudioVersion = 10.0.40219.1
Project("{2150E333-8FDC-42A3-9474-1A3956D46DE8}") = "sBus", "sBus", "{DE43E7C5-2478-44AD-A3F9-774D832A4341}"
EndProject
Project("{2150E333-8FDC-42A3-9474-1A3956D46DE8}") = "Time", "Time", "{199F42B3-CD3A-4C80-BC70-BBCEE686CBEB}"
EndProject
Project("{2150E333-8FDC-42A3-9474-1A3956D46DE8}") = "SolutionItems", "SolutionItems", "{192C1746-BFB5-47A2-8D14-BA71FFF64897}"
	ProjectSection(SolutionItems) = preProject
		.gitattributes = .gitattributes
		.gitignore = .gitignore
		clean-with-scc.bat = clean-with-scc.bat
		readme.md = readme.md
	EndProjectSection
EndProject
Project("{8BC9CEB8-8B4A-11D0-8D11-00A0C91BC942}") = "Sbus", "Sbus\Sbus.vcxproj", "{E8E2A3A0-DB9C-4A6C-B04F-E8F323FA33B8}"
EndProject
Project("{8BC9CEB8-8B4A-11D0-8D11-00A0C91BC942}") = "Clock", "Clock\Clock.vcxproj", "{12942704-F029-445B-8696-0CC75A83A1CC}"
EndProject
Project("{FAE04EC0-301F-11D3-BF4B-00C04F79EFBC}") = "Clock.Programmer", "Clock.Programmer\Clock.Programmer.csproj", "{1B71C659-93F8-4855-B9E7-75C122873934}"
EndProject
Project("{8BC9CEB8-8B4A-11D0-8D11-00A0C91BC942}") = "Car", "Car\Car.vcxproj", "{8DC5A95A-FB3B-4F05-B888-C29CD79C0C94}"
EndProject
Project("{8BC9CEB8-8B4A-11D0-8D11-00A0C91BC942}") = "Button", "Button\Button.vcxproj", "{13E26C16-3B56-478E-89AC-436E12EC4212}"
EndProject
Project("{FAE04EC0-301F-11D3-BF4B-00C04F79EFBC}") = "ComListener", "ComListener\ComListener.csproj", "{331B7D2B-F663-422C-AF93-1565305F4930}"
EndProject
Project("{8BC9CEB8-8B4A-11D0-8D11-00A0C91BC942}") = "LedIndicator", "LedIndicator\LedIndicator.vcxproj", "{C5F80730-F44F-4478-BDAE-6634EFC2CA88}"
EndProject
Project("{8BC9CEB8-8B4A-11D0-8D11-00A0C91BC942}") = "Relay", "Relay\Relay.vcxproj", "{EAC32781-F270-46BA-9D14-2EDB89B3BF7F}"
EndProject
Project("{FAE04EC0-301F-11D3-BF4B-00C04F79EFBC}") = "SbusListener", "SbusListener\SbusListener.csproj", "{9FED743A-0529-44C5-A595-7CB3119BC926}"
EndProject
Project("{8BC9CEB8-8B4A-11D0-8D11-00A0C91BC942}") = "Arduino.Sandbox", "Arduino.Sandbox\Arduino.Sandbox.vcxproj", "{447E62F8-ACF9-4199-B8CE-4642700880F6}"
EndProject
Project("{2150E333-8FDC-42A3-9474-1A3956D46DE8}") = "Kalman", "Kalman", "{BD0FA8DB-89F2-45E8-B706-1DC667CF57BA}"
	ProjectSection(SolutionItems) = preProject
		..\Kalman\Kalman.ino = ..\Kalman\Kalman.ino
		..\Kalman\калман.xlsx = ..\Kalman\калман.xlsx
	EndProjectSection
EndProject
Project("{FAE04EC0-301F-11D3-BF4B-00C04F79EFBC}") = "SbusHardwareDecoder", "SbusHardwareDecoder\SbusHardwareDecoder.csproj", "{42309895-6B49-4BB2-A993-C0EDDF9F4BD6}"
EndProject
Project("{FAE04EC0-301F-11D3-BF4B-00C04F79EFBC}") = "SerialPortWriter", "SerialPortWriter\SerialPortWriter.csproj", "{3A17ABE7-0D0A-4E06-BF88-4186BC54D00D}"
EndProject
Project("{9A19103F-16F7-4668-BE54-9A1E7A4F7556}") = "MqttSandbox", "MqttSandbox\MqttSandbox.csproj", "{FE259E38-54CE-4C0A-A3BF-971D97ED82CA}"
EndProject
Project("{8BC9CEB8-8B4A-11D0-8D11-00A0C91BC942}") = "PwmReader", "PwmReader\PwmReader.vcxproj", "{4BE62500-8F56-4ABF-9438-45726048BFDC}"
EndProject
Project("{8BC9CEB8-8B4A-11D0-8D11-00A0C91BC942}") = "I2cScanner", "I2cScanner\I2cScanner.vcxproj", "{4882A9B0-77A6-4BB6-8838-A0A27AFBE2B5}"
EndProject
Project("{2150E333-8FDC-42A3-9474-1A3956D46DE8}") = "ToyCar", "ToyCar", "{7DEB5941-345F-494D-9BA4-D8D1C80908FA}"
EndProject
Project("{8BC9CEB8-8B4A-11D0-8D11-00A0C91BC942}") = "I2cReader", "I2cReader\I2cReader.vcxproj", "{CBC52CFA-748D-4229-AE60-0E8EE8AC12FE}"
EndProject
Project("{2150E333-8FDC-42A3-9474-1A3956D46DE8}") = "Windows", "Windows", "{58B147F5-3ABA-4873-B811-B27615CDBEA2}"
EndProject
Project("{2150E333-8FDC-42A3-9474-1A3956D46DE8}") = "Arduino", "Arduino", "{E76FAD6C-246A-4319-A9EF-5ADD8D96E849}"
EndProject
Global
	GlobalSection(SolutionConfigurationPlatforms) = preSolution
		Debug|Any CPU = Debug|Any CPU
		Debug|x86 = Debug|x86
		Release|Any CPU = Release|Any CPU
		Release|x86 = Release|x86
	EndGlobalSection
	GlobalSection(ProjectConfigurationPlatforms) = postSolution
		{E8E2A3A0-DB9C-4A6C-B04F-E8F323FA33B8}.Debug|Any CPU.ActiveCfg = Debug|Win32
		{E8E2A3A0-DB9C-4A6C-B04F-E8F323FA33B8}.Debug|x86.ActiveCfg = Debug|Win32
		{E8E2A3A0-DB9C-4A6C-B04F-E8F323FA33B8}.Debug|x86.Build.0 = Debug|Win32
		{E8E2A3A0-DB9C-4A6C-B04F-E8F323FA33B8}.Release|Any CPU.ActiveCfg = Release|Win32
		{E8E2A3A0-DB9C-4A6C-B04F-E8F323FA33B8}.Release|x86.ActiveCfg = Release|Win32
		{E8E2A3A0-DB9C-4A6C-B04F-E8F323FA33B8}.Release|x86.Build.0 = Release|Win32
		{12942704-F029-445B-8696-0CC75A83A1CC}.Debug|Any CPU.ActiveCfg = Debug|Win32
		{12942704-F029-445B-8696-0CC75A83A1CC}.Debug|x86.ActiveCfg = Debug|Win32
		{12942704-F029-445B-8696-0CC75A83A1CC}.Debug|x86.Build.0 = Debug|Win32
		{12942704-F029-445B-8696-0CC75A83A1CC}.Release|Any CPU.ActiveCfg = Release|Win32
		{12942704-F029-445B-8696-0CC75A83A1CC}.Release|x86.ActiveCfg = Release|Win32
		{12942704-F029-445B-8696-0CC75A83A1CC}.Release|x86.Build.0 = Release|Win32
		{1B71C659-93F8-4855-B9E7-75C122873934}.Debug|Any CPU.ActiveCfg = Debug|Any CPU
		{1B71C659-93F8-4855-B9E7-75C122873934}.Debug|Any CPU.Build.0 = Debug|Any CPU
		{1B71C659-93F8-4855-B9E7-75C122873934}.Debug|x86.ActiveCfg = Debug|Any CPU
		{1B71C659-93F8-4855-B9E7-75C122873934}.Debug|x86.Build.0 = Debug|Any CPU
		{1B71C659-93F8-4855-B9E7-75C122873934}.Release|Any CPU.ActiveCfg = Release|Any CPU
		{1B71C659-93F8-4855-B9E7-75C122873934}.Release|Any CPU.Build.0 = Release|Any CPU
		{1B71C659-93F8-4855-B9E7-75C122873934}.Release|x86.ActiveCfg = Release|Any CPU
		{1B71C659-93F8-4855-B9E7-75C122873934}.Release|x86.Build.0 = Release|Any CPU
		{8DC5A95A-FB3B-4F05-B888-C29CD79C0C94}.Debug|Any CPU.ActiveCfg = Debug|Win32
		{8DC5A95A-FB3B-4F05-B888-C29CD79C0C94}.Debug|x86.ActiveCfg = Debug|Win32
		{8DC5A95A-FB3B-4F05-B888-C29CD79C0C94}.Debug|x86.Build.0 = Debug|Win32
		{8DC5A95A-FB3B-4F05-B888-C29CD79C0C94}.Release|Any CPU.ActiveCfg = Release|Win32
		{8DC5A95A-FB3B-4F05-B888-C29CD79C0C94}.Release|x86.ActiveCfg = Release|Win32
		{8DC5A95A-FB3B-4F05-B888-C29CD79C0C94}.Release|x86.Build.0 = Release|Win32
		{13E26C16-3B56-478E-89AC-436E12EC4212}.Debug|Any CPU.ActiveCfg = Debug|Win32
		{13E26C16-3B56-478E-89AC-436E12EC4212}.Debug|x86.ActiveCfg = Debug|Win32
		{13E26C16-3B56-478E-89AC-436E12EC4212}.Debug|x86.Build.0 = Debug|Win32
		{13E26C16-3B56-478E-89AC-436E12EC4212}.Release|Any CPU.ActiveCfg = Release|Win32
		{13E26C16-3B56-478E-89AC-436E12EC4212}.Release|x86.ActiveCfg = Release|Win32
		{13E26C16-3B56-478E-89AC-436E12EC4212}.Release|x86.Build.0 = Release|Win32
		{331B7D2B-F663-422C-AF93-1565305F4930}.Debug|Any CPU.ActiveCfg = Debug|Any CPU
		{331B7D2B-F663-422C-AF93-1565305F4930}.Debug|Any CPU.Build.0 = Debug|Any CPU
		{331B7D2B-F663-422C-AF93-1565305F4930}.Debug|x86.ActiveCfg = Debug|Any CPU
		{331B7D2B-F663-422C-AF93-1565305F4930}.Debug|x86.Build.0 = Debug|Any CPU
		{331B7D2B-F663-422C-AF93-1565305F4930}.Release|Any CPU.ActiveCfg = Release|Any CPU
		{331B7D2B-F663-422C-AF93-1565305F4930}.Release|Any CPU.Build.0 = Release|Any CPU
		{331B7D2B-F663-422C-AF93-1565305F4930}.Release|x86.ActiveCfg = Release|Any CPU
		{331B7D2B-F663-422C-AF93-1565305F4930}.Release|x86.Build.0 = Release|Any CPU
		{C5F80730-F44F-4478-BDAE-6634EFC2CA88}.Debug|Any CPU.ActiveCfg = Debug|Win32
		{C5F80730-F44F-4478-BDAE-6634EFC2CA88}.Debug|x86.ActiveCfg = Debug|Win32
		{C5F80730-F44F-4478-BDAE-6634EFC2CA88}.Debug|x86.Build.0 = Debug|Win32
		{C5F80730-F44F-4478-BDAE-6634EFC2CA88}.Release|Any CPU.ActiveCfg = Release|Win32
		{C5F80730-F44F-4478-BDAE-6634EFC2CA88}.Release|x86.ActiveCfg = Release|Win32
		{C5F80730-F44F-4478-BDAE-6634EFC2CA88}.Release|x86.Build.0 = Release|Win32
		{EAC32781-F270-46BA-9D14-2EDB89B3BF7F}.Debug|Any CPU.ActiveCfg = Debug|Win32
		{EAC32781-F270-46BA-9D14-2EDB89B3BF7F}.Debug|x86.ActiveCfg = Debug|Win32
		{EAC32781-F270-46BA-9D14-2EDB89B3BF7F}.Debug|x86.Build.0 = Debug|Win32
		{EAC32781-F270-46BA-9D14-2EDB89B3BF7F}.Release|Any CPU.ActiveCfg = Release|Win32
		{EAC32781-F270-46BA-9D14-2EDB89B3BF7F}.Release|x86.ActiveCfg = Release|Win32
		{EAC32781-F270-46BA-9D14-2EDB89B3BF7F}.Release|x86.Build.0 = Release|Win32
		{9FED743A-0529-44C5-A595-7CB3119BC926}.Debug|Any CPU.ActiveCfg = Debug|Any CPU
		{9FED743A-0529-44C5-A595-7CB3119BC926}.Debug|Any CPU.Build.0 = Debug|Any CPU
		{9FED743A-0529-44C5-A595-7CB3119BC926}.Debug|x86.ActiveCfg = Debug|Any CPU
		{9FED743A-0529-44C5-A595-7CB3119BC926}.Debug|x86.Build.0 = Debug|Any CPU
		{9FED743A-0529-44C5-A595-7CB3119BC926}.Release|Any CPU.ActiveCfg = Release|Any CPU
		{9FED743A-0529-44C5-A595-7CB3119BC926}.Release|Any CPU.Build.0 = Release|Any CPU
		{9FED743A-0529-44C5-A595-7CB3119BC926}.Release|x86.ActiveCfg = Release|Any CPU
		{9FED743A-0529-44C5-A595-7CB3119BC926}.Release|x86.Build.0 = Release|Any CPU
		{447E62F8-ACF9-4199-B8CE-4642700880F6}.Debug|Any CPU.ActiveCfg = Debug|Win32
		{447E62F8-ACF9-4199-B8CE-4642700880F6}.Debug|x86.ActiveCfg = Debug|Win32
		{447E62F8-ACF9-4199-B8CE-4642700880F6}.Debug|x86.Build.0 = Debug|Win32
		{447E62F8-ACF9-4199-B8CE-4642700880F6}.Release|Any CPU.ActiveCfg = Release|Win32
		{447E62F8-ACF9-4199-B8CE-4642700880F6}.Release|x86.ActiveCfg = Release|Win32
		{447E62F8-ACF9-4199-B8CE-4642700880F6}.Release|x86.Build.0 = Release|Win32
		{42309895-6B49-4BB2-A993-C0EDDF9F4BD6}.Debug|Any CPU.ActiveCfg = Debug|Any CPU
		{42309895-6B49-4BB2-A993-C0EDDF9F4BD6}.Debug|Any CPU.Build.0 = Debug|Any CPU
		{42309895-6B49-4BB2-A993-C0EDDF9F4BD6}.Debug|x86.ActiveCfg = Debug|Any CPU
		{42309895-6B49-4BB2-A993-C0EDDF9F4BD6}.Debug|x86.Build.0 = Debug|Any CPU
		{42309895-6B49-4BB2-A993-C0EDDF9F4BD6}.Release|Any CPU.ActiveCfg = Release|Any CPU
		{42309895-6B49-4BB2-A993-C0EDDF9F4BD6}.Release|Any CPU.Build.0 = Release|Any CPU
		{42309895-6B49-4BB2-A993-C0EDDF9F4BD6}.Release|x86.ActiveCfg = Release|Any CPU
		{42309895-6B49-4BB2-A993-C0EDDF9F4BD6}.Release|x86.Build.0 = Release|Any CPU
		{3A17ABE7-0D0A-4E06-BF88-4186BC54D00D}.Debug|Any CPU.ActiveCfg = Debug|Any CPU
		{3A17ABE7-0D0A-4E06-BF88-4186BC54D00D}.Debug|Any CPU.Build.0 = Debug|Any CPU
		{3A17ABE7-0D0A-4E06-BF88-4186BC54D00D}.Debug|x86.ActiveCfg = Debug|Any CPU
		{3A17ABE7-0D0A-4E06-BF88-4186BC54D00D}.Debug|x86.Build.0 = Debug|Any CPU
		{3A17ABE7-0D0A-4E06-BF88-4186BC54D00D}.Release|Any CPU.ActiveCfg = Release|Any CPU
		{3A17ABE7-0D0A-4E06-BF88-4186BC54D00D}.Release|Any CPU.Build.0 = Release|Any CPU
		{3A17ABE7-0D0A-4E06-BF88-4186BC54D00D}.Release|x86.ActiveCfg = Release|Any CPU
		{3A17ABE7-0D0A-4E06-BF88-4186BC54D00D}.Release|x86.Build.0 = Release|Any CPU
		{FE259E38-54CE-4C0A-A3BF-971D97ED82CA}.Debug|Any CPU.ActiveCfg = Debug|Any CPU
		{FE259E38-54CE-4C0A-A3BF-971D97ED82CA}.Debug|Any CPU.Build.0 = Debug|Any CPU
		{FE259E38-54CE-4C0A-A3BF-971D97ED82CA}.Debug|x86.ActiveCfg = Debug|Any CPU
		{FE259E38-54CE-4C0A-A3BF-971D97ED82CA}.Debug|x86.Build.0 = Debug|Any CPU
		{FE259E38-54CE-4C0A-A3BF-971D97ED82CA}.Release|Any CPU.ActiveCfg = Release|Any CPU
		{FE259E38-54CE-4C0A-A3BF-971D97ED82CA}.Release|Any CPU.Build.0 = Release|Any CPU
		{FE259E38-54CE-4C0A-A3BF-971D97ED82CA}.Release|x86.ActiveCfg = Release|Any CPU
		{FE259E38-54CE-4C0A-A3BF-971D97ED82CA}.Release|x86.Build.0 = Release|Any CPU
		{4BE62500-8F56-4ABF-9438-45726048BFDC}.Debug|Any CPU.ActiveCfg = Debug|Win32
		{4BE62500-8F56-4ABF-9438-45726048BFDC}.Debug|x86.ActiveCfg = Debug|Win32
		{4BE62500-8F56-4ABF-9438-45726048BFDC}.Debug|x86.Build.0 = Debug|Win32
		{4BE62500-8F56-4ABF-9438-45726048BFDC}.Release|Any CPU.ActiveCfg = Release|Win32
		{4BE62500-8F56-4ABF-9438-45726048BFDC}.Release|x86.ActiveCfg = Release|Win32
		{4BE62500-8F56-4ABF-9438-45726048BFDC}.Release|x86.Build.0 = Release|Win32
		{4882A9B0-77A6-4BB6-8838-A0A27AFBE2B5}.Debug|Any CPU.ActiveCfg = Debug|Win32
		{4882A9B0-77A6-4BB6-8838-A0A27AFBE2B5}.Debug|x86.ActiveCfg = Debug|Win32
		{4882A9B0-77A6-4BB6-8838-A0A27AFBE2B5}.Debug|x86.Build.0 = Debug|Win32
		{4882A9B0-77A6-4BB6-8838-A0A27AFBE2B5}.Release|Any CPU.ActiveCfg = Release|Win32
		{4882A9B0-77A6-4BB6-8838-A0A27AFBE2B5}.Release|x86.ActiveCfg = Release|Win32
		{4882A9B0-77A6-4BB6-8838-A0A27AFBE2B5}.Release|x86.Build.0 = Release|Win32
		{CBC52CFA-748D-4229-AE60-0E8EE8AC12FE}.Debug|Any CPU.ActiveCfg = Debug|Win32
		{CBC52CFA-748D-4229-AE60-0E8EE8AC12FE}.Debug|x86.ActiveCfg = Debug|Win32
		{CBC52CFA-748D-4229-AE60-0E8EE8AC12FE}.Release|Any CPU.ActiveCfg = Release|Win32
		{CBC52CFA-748D-4229-AE60-0E8EE8AC12FE}.Release|x86.ActiveCfg = Release|Win32
		{CBC52CFA-748D-4229-AE60-0E8EE8AC12FE}.Release|x86.Build.0 = Release|Win32
	EndGlobalSection
	GlobalSection(SolutionProperties) = preSolution
		HideSolutionNode = FALSE
	EndGlobalSection
	GlobalSection(NestedProjects) = preSolution
		{DE43E7C5-2478-44AD-A3F9-774D832A4341} = {E76FAD6C-246A-4319-A9EF-5ADD8D96E849}
		{199F42B3-CD3A-4C80-BC70-BBCEE686CBEB} = {E76FAD6C-246A-4319-A9EF-5ADD8D96E849}
		{E8E2A3A0-DB9C-4A6C-B04F-E8F323FA33B8} = {DE43E7C5-2478-44AD-A3F9-774D832A4341}
		{12942704-F029-445B-8696-0CC75A83A1CC} = {199F42B3-CD3A-4C80-BC70-BBCEE686CBEB}
		{1B71C659-93F8-4855-B9E7-75C122873934} = {199F42B3-CD3A-4C80-BC70-BBCEE686CBEB}
		{8DC5A95A-FB3B-4F05-B888-C29CD79C0C94} = {7DEB5941-345F-494D-9BA4-D8D1C80908FA}
		{13E26C16-3B56-478E-89AC-436E12EC4212} = {E76FAD6C-246A-4319-A9EF-5ADD8D96E849}
		{331B7D2B-F663-422C-AF93-1565305F4930} = {58B147F5-3ABA-4873-B811-B27615CDBEA2}
		{C5F80730-F44F-4478-BDAE-6634EFC2CA88} = {E76FAD6C-246A-4319-A9EF-5ADD8D96E849}
		{EAC32781-F270-46BA-9D14-2EDB89B3BF7F} = {E76FAD6C-246A-4319-A9EF-5ADD8D96E849}
		{9FED743A-0529-44C5-A595-7CB3119BC926} = {DE43E7C5-2478-44AD-A3F9-774D832A4341}
		{447E62F8-ACF9-4199-B8CE-4642700880F6} = {E76FAD6C-246A-4319-A9EF-5ADD8D96E849}
		{BD0FA8DB-89F2-45E8-B706-1DC667CF57BA} = {192C1746-BFB5-47A2-8D14-BA71FFF64897}
		{42309895-6B49-4BB2-A993-C0EDDF9F4BD6} = {DE43E7C5-2478-44AD-A3F9-774D832A4341}
		{3A17ABE7-0D0A-4E06-BF88-4186BC54D00D} = {DE43E7C5-2478-44AD-A3F9-774D832A4341}
		{FE259E38-54CE-4C0A-A3BF-971D97ED82CA} = {58B147F5-3ABA-4873-B811-B27615CDBEA2}
		{4BE62500-8F56-4ABF-9438-45726048BFDC} = {7DEB5941-345F-494D-9BA4-D8D1C80908FA}
		{4882A9B0-77A6-4BB6-8838-A0A27AFBE2B5} = {E76FAD6C-246A-4319-A9EF-5ADD8D96E849}
		{CBC52CFA-748D-4229-AE60-0E8EE8AC12FE} = {7DEB5941-345F-494D-9BA4-D8D1C80908FA}
	EndGlobalSection
	GlobalSection(ExtensibilityGlobals) = postSolution
		SolutionGuid = {AB6E2C50-83F2-4258-9769-6E2B7A33D841}
	EndGlobalSection
EndGlobal
