
Microsoft Visual Studio Solution File, Format Version 12.00
# Visual Studio Version 16
VisualStudioVersion = 16.0.29201.188
MinimumVisualStudioVersion = 10.0.40219.1
Project("{8BC9CEB8-8B4A-11D0-8D11-00A0C91BC942}") = "Sbus", "Sbus\Sbus.vcxproj", "{E8E2A3A0-DB9C-4A6C-B04F-E8F323FA33B8}"
EndProject
Project("{8BC9CEB8-8B4A-11D0-8D11-00A0C91BC942}") = "Clock", "Clock\Clock.vcxproj", "{12942704-F029-445B-8696-0CC75A83A1CC}"
EndProject
Project("{8BC9CEB8-8B4A-11D0-8D11-00A0C91BC942}") = "Car", "Car\Car.vcxproj", "{8DC5A95A-FB3B-4F05-B888-C29CD79C0C94}"
EndProject
Project("{8BC9CEB8-8B4A-11D0-8D11-00A0C91BC942}") = "Button", "Button\Button.vcxproj", "{13E26C16-3B56-478E-89AC-436E12EC4212}"
EndProject
Project("{8BC9CEB8-8B4A-11D0-8D11-00A0C91BC942}") = "LedIndicator", "LedIndicator\LedIndicator.vcxproj", "{C5F80730-F44F-4478-BDAE-6634EFC2CA88}"
EndProject
Project("{8BC9CEB8-8B4A-11D0-8D11-00A0C91BC942}") = "Relay", "Relay\Relay.vcxproj", "{EAC32781-F270-46BA-9D14-2EDB89B3BF7F}"
EndProject
Project("{2150E333-8FDC-42A3-9474-1A3956D46DE8}") = "Kalman", "Kalman", "{BD0FA8DB-89F2-45E8-B706-1DC667CF57BA}"
	ProjectSection(SolutionItems) = preProject
		..\Kalman\Kalman.ino = ..\Kalman\Kalman.ino
		..\Kalman\калман.xlsx = ..\Kalman\калман.xlsx
	EndProjectSection
EndProject
Project("{8BC9CEB8-8B4A-11D0-8D11-00A0C91BC942}") = "PwmReader", "PwmReader\PwmReader.vcxproj", "{4BE62500-8F56-4ABF-9438-45726048BFDC}"
EndProject
Project("{8BC9CEB8-8B4A-11D0-8D11-00A0C91BC942}") = "I2cScanner", "I2cScanner\I2cScanner.vcxproj", "{4882A9B0-77A6-4BB6-8838-A0A27AFBE2B5}"
EndProject
Project("{2150E333-8FDC-42A3-9474-1A3956D46DE8}") = "ToyCar", "ToyCar", "{7DEB5941-345F-494D-9BA4-D8D1C80908FA}"
EndProject
Project("{2150E333-8FDC-42A3-9474-1A3956D46DE8}") = "Sandbox", "Sandbox", "{58B147F5-3ABA-4873-B811-B27615CDBEA2}"
EndProject
Project("{2150E333-8FDC-42A3-9474-1A3956D46DE8}") = "Arduino", "Arduino", "{E76FAD6C-246A-4319-A9EF-5ADD8D96E849}"
EndProject
Project("{FAE04EC0-301F-11D3-BF4B-00C04F79EFBC}") = "Raspberry.Common", "Raspberry.Common\Raspberry.Common.csproj", "{DE086FA8-BE7E-423E-9BB4-FDD4FC7180C7}"
EndProject
Project("{FAE04EC0-301F-11D3-BF4B-00C04F79EFBC}") = "Raspberry.Sandbox", "Raspberry.Sandbox\Raspberry.Sandbox.csproj", "{331E5F28-34DD-4F40-9980-CCCD3F2BCE0D}"
EndProject
Project("{9A19103F-16F7-4668-BE54-9A1E7A4F7556}") = "Core.Sandbox", "Core.Sandbox\Core.Sandbox.csproj", "{2C820092-0ECE-4C4C-B24E-9C1EBD6D26DB}"
EndProject
Project("{8BC9CEB8-8B4A-11D0-8D11-00A0C91BC942}") = "I2cEcho", "I2cEcho\I2cEcho.vcxproj", "{1A765F26-EEF5-4182-89A2-B60E1E4A1EF0}"
EndProject
Project("{8BC9CEB8-8B4A-11D0-8D11-00A0C91BC942}") = "ToyCar", "ToyCar\ToyCar.vcxproj", "{3ACE2586-98E7-48CA-B7D1-1B4F41CF11FB}"
EndProject
Project("{8BC9CEB8-8B4A-11D0-8D11-00A0C91BC942}") = "Bme280", "Bme280\Bme280.vcxproj", "{EA320D36-FE4D-477C-B135-C6D198EDC975}"
EndProject
Project("{8BC9CEB8-8B4A-11D0-8D11-00A0C91BC942}") = "DS1302", "DS1302\DS1302.vcxproj", "{BE9B9E4D-1A0B-43A6-BEA1-2D11A7BCD12B}"
EndProject
Project("{8BC9CEB8-8B4A-11D0-8D11-00A0C91BC942}") = "IrRemote", "IrRemote\IrRemote.vcxproj", "{6FDC79B2-AAD9-4899-9B3C-4ACC87A8B467}"
EndProject
Project("{9A19103F-16F7-4668-BE54-9A1E7A4F7556}") = "Raspbian.Test", "Raspbian.Test\Raspbian.Test.csproj", "{D562B3E8-87C5-436D-9208-9BA52603BACF}"
EndProject
Project("{8BC9CEB8-8B4A-11D0-8D11-00A0C91BC942}") = "MHZ19", "MHZ19\MHZ19.vcxproj", "{2BC0FB6E-3D8C-484C-B75C-C5D99B62ADF6}"
EndProject
Project("{2150E333-8FDC-42A3-9474-1A3956D46DE8}") = "Projects", "Projects", "{3872A8C6-74C5-4FC3-A1CD-D4293FEFEA79}"
EndProject
Project("{2150E333-8FDC-42A3-9474-1A3956D46DE8}") = "Components", "Components", "{51BBBC46-7733-4823-88B5-BCD715E654ED}"
EndProject
Project("{2150E333-8FDC-42A3-9474-1A3956D46DE8}") = "MeteoClock", "MeteoClock", "{21228B7E-6DDD-49DA-8F64-B4E64D769BAF}"
EndProject
Project("{8BC9CEB8-8B4A-11D0-8D11-00A0C91BC942}") = "MeteoClock.AlexGyver", "MeteoClock.AlexGyver\MeteoClock.AlexGyver.vcxproj", "{52294410-F02D-4BE6-AE32-3DA32A8A8134}"
EndProject
Project("{8BC9CEB8-8B4A-11D0-8D11-00A0C91BC942}") = "MeteoClock.Norovl", "MeteoClock.Norovl\MeteoClock.Norovl.vcxproj", "{7BFA54ED-5026-4A27-806B-56C8FB2F4D97}"
EndProject
Project("{8BC9CEB8-8B4A-11D0-8D11-00A0C91BC942}") = "DS3231", "DS3231\DS3231.vcxproj", "{E5EEA51D-E1AC-4F31-836C-D6C57FCB6174}"
EndProject
Project("{2150E333-8FDC-42A3-9474-1A3956D46DE8}") = "ESP8266", "ESP8266", "{E9AB2CB6-E4F4-4AF9-98C3-7DE47F609DA8}"
EndProject
Project("{8BC9CEB8-8B4A-11D0-8D11-00A0C91BC942}") = "Mqtt", "Mqtt\Mqtt.vcxproj", "{11041F0C-4E7E-46B0-AC4B-C8A1FE8864A7}"
EndProject
Project("{8BC9CEB8-8B4A-11D0-8D11-00A0C91BC942}") = "ESP8266.MHZ19", "ESP8266.MHZ19\ESP8266.MHZ19.vcxproj", "{CE37711C-EEAC-4D5C-825F-652248837355}"
EndProject
Project("{8BC9CEB8-8B4A-11D0-8D11-00A0C91BC942}") = "ESP8266.MHZ19.Pwm", "ESP8266.MHZ19.Pwm\ESP8266.MHZ19.Pwm.vcxproj", "{4AACD16F-21D9-4432-81C5-23133CA9FC3E}"
EndProject
Project("{8BC9CEB8-8B4A-11D0-8D11-00A0C91BC942}") = "IrRemote2", "IrRemote2\IrRemote2.vcxproj", "{372D345F-85C7-4B38-928D-F170BC80FFF4}"
EndProject
Project("{8BC9CEB8-8B4A-11D0-8D11-00A0C91BC942}") = "ESP8266.IrRemote", "ESP8266.IrRemote\ESP8266.IrRemote.vcxproj", "{7DDD565A-891C-459D-B1D3-09D062748D00}"
EndProject
Project("{8BC9CEB8-8B4A-11D0-8D11-00A0C91BC942}") = "ESP8266.MHZ19v2", "ESP8266.MHZ19v2\ESP8266.MHZ19v2.vcxproj", "{2E841BC4-AB02-44CA-B428-2AE55C00797D}"
EndProject
Project("{8BC9CEB8-8B4A-11D0-8D11-00A0C91BC942}") = "ESP8266.MHZ19v3", "ESP8266.MHZ19v3\ESP8266.MHZ19v3.vcxproj", "{366E1A2D-C4D1-40C8-AC19-1AF49D798DEB}"
EndProject
Project("{2150E333-8FDC-42A3-9474-1A3956D46DE8}") = "Solution Items", "Solution Items", "{A82B9FDF-4061-4D7F-914D-94F4684268F6}"
	ProjectSection(SolutionItems) = preProject
		.editorconfig = .editorconfig
		.gitattributes = .gitattributes
		.gitignore = .gitignore
		clean-with-scc.bat = clean-with-scc.bat
		..\Notes.txt = ..\Notes.txt
		readme.md = readme.md
	EndProjectSection
EndProject
Project("{2150E333-8FDC-42A3-9474-1A3956D46DE8}") = "IotHub", "IotHub", "{83881336-60B5-4898-84FA-3FB1C5EF46DC}"
EndProject
Project("{9A19103F-16F7-4668-BE54-9A1E7A4F7556}") = "IotHub.Common", "IotHub.Common\IotHub.Common.csproj", "{398DEF00-AA5D-41A5-9CFF-A2B0396EE6C0}"
EndProject
Project("{9A19103F-16F7-4668-BE54-9A1E7A4F7556}") = "IotHub.Api", "IotHub.Api\IotHub.Api.csproj", "{8BD61AEF-854D-4EC1-A36D-E57B4C3CA1EF}"
EndProject
Project("{9A19103F-16F7-4668-BE54-9A1E7A4F7556}") = "IotHub.Contracts", "IotHub.Contracts\IotHub.Contracts.csproj", "{71C78A57-2035-47C0-A4E9-0EA15AA0939F}"
EndProject
Project("{2150E333-8FDC-42A3-9474-1A3956D46DE8}") = "Publish profiles", "Publish profiles", "{A42290F6-4CB2-43FF-85E3-251B69CE4CAB}"
	ProjectSection(SolutionItems) = preProject
		..\Publish profiles\IotHub.PublishSettings = ..\Publish profiles\IotHub.PublishSettings
	EndProjectSection
EndProject
Project("{9A19103F-16F7-4668-BE54-9A1E7A4F7556}") = "IotHub.UnitTests", "IotHub.UnitTests\IotHub.UnitTests.csproj", "{A9E5BBB4-A8A6-44A4-B869-A0F416835F35}"
EndProject
Project("{9A19103F-16F7-4668-BE54-9A1E7A4F7556}") = "IotHub.ApiClients", "IotHub.ApiClients\IotHub.ApiClients.csproj", "{CE028ECC-180B-43AE-AE5E-C27C9CA86A72}"
EndProject
Project("{2150E333-8FDC-42A3-9474-1A3956D46DE8}") = "ESP32", "ESP32", "{27E67BAF-A807-4B20-A9AB-6EE1537EDE9C}"
EndProject
Project("{11A8DD76-328B-46DF-9F39-F559912D0360}") = "Nano.Sandbox", "Nano.Sandbox\Nano.Sandbox.nfproj", "{A2239011-D5E8-4172-952F-BEAE54839FFF}"
EndProject
Project("{11A8DD76-328B-46DF-9F39-F559912D0360}") = "Nano.Common", "Nano.Common\Nano.Common.nfproj", "{542BEFB3-F5F3-4DE1-9836-32A634AC9457}"
EndProject
Project("{11A8DD76-328B-46DF-9F39-F559912D0360}") = "Nano.Test", "Nano.Test\Nano.Test.nfproj", "{7B9DB2B9-4B53-4241-8649-95982AF65554}"
EndProject
Project("{FAE04EC0-301F-11D3-BF4B-00C04F79EFBC}") = "Sandbox", "Sandbox\Sandbox.csproj", "{0B3564F5-386D-4C26-84E1-9632F22E6C53}"
EndProject
Global
	GlobalSection(SolutionConfigurationPlatforms) = preSolution
		Debug|Any CPU = Debug|Any CPU
		Debug|ARM = Debug|ARM
		Debug|ARM64 = Debug|ARM64
		Debug|x64 = Debug|x64
		Debug|x86 = Debug|x86
		Development|Any CPU = Development|Any CPU
		Development|ARM = Development|ARM
		Development|ARM64 = Development|ARM64
		Development|x64 = Development|x64
		Development|x86 = Development|x86
		Release|Any CPU = Release|Any CPU
		Release|ARM = Release|ARM
		Release|ARM64 = Release|ARM64
		Release|x64 = Release|x64
		Release|x86 = Release|x86
	EndGlobalSection
	GlobalSection(ProjectConfigurationPlatforms) = postSolution
		{E8E2A3A0-DB9C-4A6C-B04F-E8F323FA33B8}.Debug|Any CPU.ActiveCfg = Debug|Win32
		{E8E2A3A0-DB9C-4A6C-B04F-E8F323FA33B8}.Debug|ARM.ActiveCfg = Debug|Win32
		{E8E2A3A0-DB9C-4A6C-B04F-E8F323FA33B8}.Debug|ARM64.ActiveCfg = Debug|Win32
		{E8E2A3A0-DB9C-4A6C-B04F-E8F323FA33B8}.Debug|x64.ActiveCfg = Debug|Win32
		{E8E2A3A0-DB9C-4A6C-B04F-E8F323FA33B8}.Debug|x86.ActiveCfg = Debug|Win32
		{E8E2A3A0-DB9C-4A6C-B04F-E8F323FA33B8}.Debug|x86.Build.0 = Debug|Win32
		{E8E2A3A0-DB9C-4A6C-B04F-E8F323FA33B8}.Development|Any CPU.ActiveCfg = Development|Win32
		{E8E2A3A0-DB9C-4A6C-B04F-E8F323FA33B8}.Development|ARM.ActiveCfg = Development|Win32
		{E8E2A3A0-DB9C-4A6C-B04F-E8F323FA33B8}.Development|ARM64.ActiveCfg = Development|Win32
		{E8E2A3A0-DB9C-4A6C-B04F-E8F323FA33B8}.Development|x64.ActiveCfg = Development|Win32
		{E8E2A3A0-DB9C-4A6C-B04F-E8F323FA33B8}.Development|x86.ActiveCfg = Development|Win32
		{E8E2A3A0-DB9C-4A6C-B04F-E8F323FA33B8}.Release|Any CPU.ActiveCfg = Release|Win32
		{E8E2A3A0-DB9C-4A6C-B04F-E8F323FA33B8}.Release|ARM.ActiveCfg = Release|Win32
		{E8E2A3A0-DB9C-4A6C-B04F-E8F323FA33B8}.Release|ARM64.ActiveCfg = Release|Win32
		{E8E2A3A0-DB9C-4A6C-B04F-E8F323FA33B8}.Release|x64.ActiveCfg = Release|Win32
		{E8E2A3A0-DB9C-4A6C-B04F-E8F323FA33B8}.Release|x86.ActiveCfg = Release|Win32
		{E8E2A3A0-DB9C-4A6C-B04F-E8F323FA33B8}.Release|x86.Build.0 = Release|Win32
		{12942704-F029-445B-8696-0CC75A83A1CC}.Debug|Any CPU.ActiveCfg = Debug|Win32
		{12942704-F029-445B-8696-0CC75A83A1CC}.Debug|ARM.ActiveCfg = Debug|Win32
		{12942704-F029-445B-8696-0CC75A83A1CC}.Debug|ARM64.ActiveCfg = Debug|Win32
		{12942704-F029-445B-8696-0CC75A83A1CC}.Debug|x64.ActiveCfg = Debug|Win32
		{12942704-F029-445B-8696-0CC75A83A1CC}.Debug|x86.ActiveCfg = Debug|Win32
		{12942704-F029-445B-8696-0CC75A83A1CC}.Debug|x86.Build.0 = Debug|Win32
		{12942704-F029-445B-8696-0CC75A83A1CC}.Development|Any CPU.ActiveCfg = Development|Win32
		{12942704-F029-445B-8696-0CC75A83A1CC}.Development|ARM.ActiveCfg = Development|Win32
		{12942704-F029-445B-8696-0CC75A83A1CC}.Development|ARM64.ActiveCfg = Development|Win32
		{12942704-F029-445B-8696-0CC75A83A1CC}.Development|x64.ActiveCfg = Development|Win32
		{12942704-F029-445B-8696-0CC75A83A1CC}.Development|x86.ActiveCfg = Development|Win32
		{12942704-F029-445B-8696-0CC75A83A1CC}.Release|Any CPU.ActiveCfg = Release|Win32
		{12942704-F029-445B-8696-0CC75A83A1CC}.Release|ARM.ActiveCfg = Release|Win32
		{12942704-F029-445B-8696-0CC75A83A1CC}.Release|ARM64.ActiveCfg = Release|Win32
		{12942704-F029-445B-8696-0CC75A83A1CC}.Release|x64.ActiveCfg = Release|Win32
		{12942704-F029-445B-8696-0CC75A83A1CC}.Release|x86.ActiveCfg = Release|Win32
		{12942704-F029-445B-8696-0CC75A83A1CC}.Release|x86.Build.0 = Release|Win32
		{8DC5A95A-FB3B-4F05-B888-C29CD79C0C94}.Debug|Any CPU.ActiveCfg = Debug|Win32
		{8DC5A95A-FB3B-4F05-B888-C29CD79C0C94}.Debug|ARM.ActiveCfg = Debug|Win32
		{8DC5A95A-FB3B-4F05-B888-C29CD79C0C94}.Debug|ARM64.ActiveCfg = Debug|Win32
		{8DC5A95A-FB3B-4F05-B888-C29CD79C0C94}.Debug|x64.ActiveCfg = Debug|Win32
		{8DC5A95A-FB3B-4F05-B888-C29CD79C0C94}.Debug|x86.ActiveCfg = Debug|Win32
		{8DC5A95A-FB3B-4F05-B888-C29CD79C0C94}.Debug|x86.Build.0 = Debug|Win32
		{8DC5A95A-FB3B-4F05-B888-C29CD79C0C94}.Development|Any CPU.ActiveCfg = Development|Win32
		{8DC5A95A-FB3B-4F05-B888-C29CD79C0C94}.Development|ARM.ActiveCfg = Development|Win32
		{8DC5A95A-FB3B-4F05-B888-C29CD79C0C94}.Development|ARM64.ActiveCfg = Development|Win32
		{8DC5A95A-FB3B-4F05-B888-C29CD79C0C94}.Development|x64.ActiveCfg = Development|Win32
		{8DC5A95A-FB3B-4F05-B888-C29CD79C0C94}.Development|x86.ActiveCfg = Development|Win32
		{8DC5A95A-FB3B-4F05-B888-C29CD79C0C94}.Release|Any CPU.ActiveCfg = Release|Win32
		{8DC5A95A-FB3B-4F05-B888-C29CD79C0C94}.Release|ARM.ActiveCfg = Release|Win32
		{8DC5A95A-FB3B-4F05-B888-C29CD79C0C94}.Release|ARM64.ActiveCfg = Release|Win32
		{8DC5A95A-FB3B-4F05-B888-C29CD79C0C94}.Release|x64.ActiveCfg = Release|Win32
		{8DC5A95A-FB3B-4F05-B888-C29CD79C0C94}.Release|x86.ActiveCfg = Release|Win32
		{8DC5A95A-FB3B-4F05-B888-C29CD79C0C94}.Release|x86.Build.0 = Release|Win32
		{13E26C16-3B56-478E-89AC-436E12EC4212}.Debug|Any CPU.ActiveCfg = Debug|Win32
		{13E26C16-3B56-478E-89AC-436E12EC4212}.Debug|ARM.ActiveCfg = Debug|Win32
		{13E26C16-3B56-478E-89AC-436E12EC4212}.Debug|ARM64.ActiveCfg = Debug|Win32
		{13E26C16-3B56-478E-89AC-436E12EC4212}.Debug|x64.ActiveCfg = Debug|Win32
		{13E26C16-3B56-478E-89AC-436E12EC4212}.Debug|x86.ActiveCfg = Debug|Win32
		{13E26C16-3B56-478E-89AC-436E12EC4212}.Debug|x86.Build.0 = Debug|Win32
		{13E26C16-3B56-478E-89AC-436E12EC4212}.Development|Any CPU.ActiveCfg = Development|Win32
		{13E26C16-3B56-478E-89AC-436E12EC4212}.Development|ARM.ActiveCfg = Development|Win32
		{13E26C16-3B56-478E-89AC-436E12EC4212}.Development|ARM64.ActiveCfg = Development|Win32
		{13E26C16-3B56-478E-89AC-436E12EC4212}.Development|x64.ActiveCfg = Development|Win32
		{13E26C16-3B56-478E-89AC-436E12EC4212}.Development|x86.ActiveCfg = Development|Win32
		{13E26C16-3B56-478E-89AC-436E12EC4212}.Release|Any CPU.ActiveCfg = Release|Win32
		{13E26C16-3B56-478E-89AC-436E12EC4212}.Release|ARM.ActiveCfg = Release|Win32
		{13E26C16-3B56-478E-89AC-436E12EC4212}.Release|ARM64.ActiveCfg = Release|Win32
		{13E26C16-3B56-478E-89AC-436E12EC4212}.Release|x64.ActiveCfg = Release|Win32
		{13E26C16-3B56-478E-89AC-436E12EC4212}.Release|x86.ActiveCfg = Release|Win32
		{13E26C16-3B56-478E-89AC-436E12EC4212}.Release|x86.Build.0 = Release|Win32
		{C5F80730-F44F-4478-BDAE-6634EFC2CA88}.Debug|Any CPU.ActiveCfg = Debug|Win32
		{C5F80730-F44F-4478-BDAE-6634EFC2CA88}.Debug|ARM.ActiveCfg = Debug|Win32
		{C5F80730-F44F-4478-BDAE-6634EFC2CA88}.Debug|ARM64.ActiveCfg = Debug|Win32
		{C5F80730-F44F-4478-BDAE-6634EFC2CA88}.Debug|x64.ActiveCfg = Debug|Win32
		{C5F80730-F44F-4478-BDAE-6634EFC2CA88}.Debug|x86.ActiveCfg = Debug|Win32
		{C5F80730-F44F-4478-BDAE-6634EFC2CA88}.Debug|x86.Build.0 = Debug|Win32
		{C5F80730-F44F-4478-BDAE-6634EFC2CA88}.Development|Any CPU.ActiveCfg = Development|Win32
		{C5F80730-F44F-4478-BDAE-6634EFC2CA88}.Development|ARM.ActiveCfg = Development|Win32
		{C5F80730-F44F-4478-BDAE-6634EFC2CA88}.Development|ARM64.ActiveCfg = Development|Win32
		{C5F80730-F44F-4478-BDAE-6634EFC2CA88}.Development|x64.ActiveCfg = Development|Win32
		{C5F80730-F44F-4478-BDAE-6634EFC2CA88}.Development|x86.ActiveCfg = Development|Win32
		{C5F80730-F44F-4478-BDAE-6634EFC2CA88}.Release|Any CPU.ActiveCfg = Release|Win32
		{C5F80730-F44F-4478-BDAE-6634EFC2CA88}.Release|ARM.ActiveCfg = Release|Win32
		{C5F80730-F44F-4478-BDAE-6634EFC2CA88}.Release|ARM64.ActiveCfg = Release|Win32
		{C5F80730-F44F-4478-BDAE-6634EFC2CA88}.Release|x64.ActiveCfg = Release|Win32
		{C5F80730-F44F-4478-BDAE-6634EFC2CA88}.Release|x86.ActiveCfg = Release|Win32
		{C5F80730-F44F-4478-BDAE-6634EFC2CA88}.Release|x86.Build.0 = Release|Win32
		{EAC32781-F270-46BA-9D14-2EDB89B3BF7F}.Debug|Any CPU.ActiveCfg = Debug|Win32
		{EAC32781-F270-46BA-9D14-2EDB89B3BF7F}.Debug|ARM.ActiveCfg = Debug|Win32
		{EAC32781-F270-46BA-9D14-2EDB89B3BF7F}.Debug|ARM64.ActiveCfg = Debug|Win32
		{EAC32781-F270-46BA-9D14-2EDB89B3BF7F}.Debug|x64.ActiveCfg = Debug|Win32
		{EAC32781-F270-46BA-9D14-2EDB89B3BF7F}.Debug|x86.ActiveCfg = Debug|Win32
		{EAC32781-F270-46BA-9D14-2EDB89B3BF7F}.Debug|x86.Build.0 = Debug|Win32
		{EAC32781-F270-46BA-9D14-2EDB89B3BF7F}.Development|Any CPU.ActiveCfg = Development|Win32
		{EAC32781-F270-46BA-9D14-2EDB89B3BF7F}.Development|ARM.ActiveCfg = Development|Win32
		{EAC32781-F270-46BA-9D14-2EDB89B3BF7F}.Development|ARM64.ActiveCfg = Development|Win32
		{EAC32781-F270-46BA-9D14-2EDB89B3BF7F}.Development|x64.ActiveCfg = Development|Win32
		{EAC32781-F270-46BA-9D14-2EDB89B3BF7F}.Development|x86.ActiveCfg = Development|Win32
		{EAC32781-F270-46BA-9D14-2EDB89B3BF7F}.Release|Any CPU.ActiveCfg = Release|Win32
		{EAC32781-F270-46BA-9D14-2EDB89B3BF7F}.Release|ARM.ActiveCfg = Release|Win32
		{EAC32781-F270-46BA-9D14-2EDB89B3BF7F}.Release|ARM64.ActiveCfg = Release|Win32
		{EAC32781-F270-46BA-9D14-2EDB89B3BF7F}.Release|x64.ActiveCfg = Release|Win32
		{EAC32781-F270-46BA-9D14-2EDB89B3BF7F}.Release|x86.ActiveCfg = Release|Win32
		{EAC32781-F270-46BA-9D14-2EDB89B3BF7F}.Release|x86.Build.0 = Release|Win32
		{4BE62500-8F56-4ABF-9438-45726048BFDC}.Debug|Any CPU.ActiveCfg = Debug|Win32
		{4BE62500-8F56-4ABF-9438-45726048BFDC}.Debug|ARM.ActiveCfg = Debug|Win32
		{4BE62500-8F56-4ABF-9438-45726048BFDC}.Debug|ARM64.ActiveCfg = Debug|Win32
		{4BE62500-8F56-4ABF-9438-45726048BFDC}.Debug|x64.ActiveCfg = Debug|Win32
		{4BE62500-8F56-4ABF-9438-45726048BFDC}.Debug|x86.ActiveCfg = Debug|Win32
		{4BE62500-8F56-4ABF-9438-45726048BFDC}.Debug|x86.Build.0 = Debug|Win32
		{4BE62500-8F56-4ABF-9438-45726048BFDC}.Development|Any CPU.ActiveCfg = Development|Win32
		{4BE62500-8F56-4ABF-9438-45726048BFDC}.Development|ARM.ActiveCfg = Development|Win32
		{4BE62500-8F56-4ABF-9438-45726048BFDC}.Development|ARM64.ActiveCfg = Development|Win32
		{4BE62500-8F56-4ABF-9438-45726048BFDC}.Development|x64.ActiveCfg = Development|Win32
		{4BE62500-8F56-4ABF-9438-45726048BFDC}.Development|x86.ActiveCfg = Development|Win32
		{4BE62500-8F56-4ABF-9438-45726048BFDC}.Release|Any CPU.ActiveCfg = Release|Win32
		{4BE62500-8F56-4ABF-9438-45726048BFDC}.Release|ARM.ActiveCfg = Release|Win32
		{4BE62500-8F56-4ABF-9438-45726048BFDC}.Release|ARM64.ActiveCfg = Release|Win32
		{4BE62500-8F56-4ABF-9438-45726048BFDC}.Release|x64.ActiveCfg = Release|Win32
		{4BE62500-8F56-4ABF-9438-45726048BFDC}.Release|x86.ActiveCfg = Release|Win32
		{4BE62500-8F56-4ABF-9438-45726048BFDC}.Release|x86.Build.0 = Release|Win32
		{4882A9B0-77A6-4BB6-8838-A0A27AFBE2B5}.Debug|Any CPU.ActiveCfg = Debug|Win32
		{4882A9B0-77A6-4BB6-8838-A0A27AFBE2B5}.Debug|ARM.ActiveCfg = Debug|Win32
		{4882A9B0-77A6-4BB6-8838-A0A27AFBE2B5}.Debug|ARM64.ActiveCfg = Debug|Win32
		{4882A9B0-77A6-4BB6-8838-A0A27AFBE2B5}.Debug|x64.ActiveCfg = Debug|Win32
		{4882A9B0-77A6-4BB6-8838-A0A27AFBE2B5}.Debug|x86.ActiveCfg = Debug|Win32
		{4882A9B0-77A6-4BB6-8838-A0A27AFBE2B5}.Debug|x86.Build.0 = Debug|Win32
		{4882A9B0-77A6-4BB6-8838-A0A27AFBE2B5}.Development|Any CPU.ActiveCfg = Development|Win32
		{4882A9B0-77A6-4BB6-8838-A0A27AFBE2B5}.Development|ARM.ActiveCfg = Development|Win32
		{4882A9B0-77A6-4BB6-8838-A0A27AFBE2B5}.Development|ARM64.ActiveCfg = Development|Win32
		{4882A9B0-77A6-4BB6-8838-A0A27AFBE2B5}.Development|x64.ActiveCfg = Development|Win32
		{4882A9B0-77A6-4BB6-8838-A0A27AFBE2B5}.Development|x86.ActiveCfg = Development|Win32
		{4882A9B0-77A6-4BB6-8838-A0A27AFBE2B5}.Release|Any CPU.ActiveCfg = Release|Win32
		{4882A9B0-77A6-4BB6-8838-A0A27AFBE2B5}.Release|ARM.ActiveCfg = Release|Win32
		{4882A9B0-77A6-4BB6-8838-A0A27AFBE2B5}.Release|ARM64.ActiveCfg = Release|Win32
		{4882A9B0-77A6-4BB6-8838-A0A27AFBE2B5}.Release|x64.ActiveCfg = Release|Win32
		{4882A9B0-77A6-4BB6-8838-A0A27AFBE2B5}.Release|x86.ActiveCfg = Release|Win32
		{4882A9B0-77A6-4BB6-8838-A0A27AFBE2B5}.Release|x86.Build.0 = Release|Win32
		{DE086FA8-BE7E-423E-9BB4-FDD4FC7180C7}.Debug|Any CPU.ActiveCfg = Debug|Any CPU
		{DE086FA8-BE7E-423E-9BB4-FDD4FC7180C7}.Debug|Any CPU.Build.0 = Debug|Any CPU
		{DE086FA8-BE7E-423E-9BB4-FDD4FC7180C7}.Debug|ARM.ActiveCfg = Debug|ARM
		{DE086FA8-BE7E-423E-9BB4-FDD4FC7180C7}.Debug|ARM.Build.0 = Debug|ARM
		{DE086FA8-BE7E-423E-9BB4-FDD4FC7180C7}.Debug|ARM64.ActiveCfg = Debug|ARM64
		{DE086FA8-BE7E-423E-9BB4-FDD4FC7180C7}.Debug|ARM64.Build.0 = Debug|ARM64
		{DE086FA8-BE7E-423E-9BB4-FDD4FC7180C7}.Debug|x64.ActiveCfg = Debug|x64
		{DE086FA8-BE7E-423E-9BB4-FDD4FC7180C7}.Debug|x64.Build.0 = Debug|x64
		{DE086FA8-BE7E-423E-9BB4-FDD4FC7180C7}.Debug|x86.ActiveCfg = Debug|x86
		{DE086FA8-BE7E-423E-9BB4-FDD4FC7180C7}.Debug|x86.Build.0 = Debug|x86
		{DE086FA8-BE7E-423E-9BB4-FDD4FC7180C7}.Development|Any CPU.ActiveCfg = Development|Any CPU
		{DE086FA8-BE7E-423E-9BB4-FDD4FC7180C7}.Development|Any CPU.Build.0 = Development|Any CPU
		{DE086FA8-BE7E-423E-9BB4-FDD4FC7180C7}.Development|ARM.ActiveCfg = Development|ARM
		{DE086FA8-BE7E-423E-9BB4-FDD4FC7180C7}.Development|ARM.Build.0 = Development|ARM
		{DE086FA8-BE7E-423E-9BB4-FDD4FC7180C7}.Development|ARM64.ActiveCfg = Development|ARM64
		{DE086FA8-BE7E-423E-9BB4-FDD4FC7180C7}.Development|ARM64.Build.0 = Development|ARM64
		{DE086FA8-BE7E-423E-9BB4-FDD4FC7180C7}.Development|x64.ActiveCfg = Development|x64
		{DE086FA8-BE7E-423E-9BB4-FDD4FC7180C7}.Development|x64.Build.0 = Development|x64
		{DE086FA8-BE7E-423E-9BB4-FDD4FC7180C7}.Development|x86.ActiveCfg = Development|x86
		{DE086FA8-BE7E-423E-9BB4-FDD4FC7180C7}.Development|x86.Build.0 = Development|x86
		{DE086FA8-BE7E-423E-9BB4-FDD4FC7180C7}.Release|Any CPU.ActiveCfg = Release|Any CPU
		{DE086FA8-BE7E-423E-9BB4-FDD4FC7180C7}.Release|Any CPU.Build.0 = Release|Any CPU
		{DE086FA8-BE7E-423E-9BB4-FDD4FC7180C7}.Release|ARM.ActiveCfg = Release|ARM
		{DE086FA8-BE7E-423E-9BB4-FDD4FC7180C7}.Release|ARM.Build.0 = Release|ARM
		{DE086FA8-BE7E-423E-9BB4-FDD4FC7180C7}.Release|ARM64.ActiveCfg = Release|ARM64
		{DE086FA8-BE7E-423E-9BB4-FDD4FC7180C7}.Release|ARM64.Build.0 = Release|ARM64
		{DE086FA8-BE7E-423E-9BB4-FDD4FC7180C7}.Release|x64.ActiveCfg = Release|x64
		{DE086FA8-BE7E-423E-9BB4-FDD4FC7180C7}.Release|x64.Build.0 = Release|x64
		{DE086FA8-BE7E-423E-9BB4-FDD4FC7180C7}.Release|x86.ActiveCfg = Release|x86
		{DE086FA8-BE7E-423E-9BB4-FDD4FC7180C7}.Release|x86.Build.0 = Release|x86
		{331E5F28-34DD-4F40-9980-CCCD3F2BCE0D}.Debug|Any CPU.ActiveCfg = Debug|x86
		{331E5F28-34DD-4F40-9980-CCCD3F2BCE0D}.Debug|ARM.ActiveCfg = Debug|ARM
		{331E5F28-34DD-4F40-9980-CCCD3F2BCE0D}.Debug|ARM.Build.0 = Debug|ARM
		{331E5F28-34DD-4F40-9980-CCCD3F2BCE0D}.Debug|ARM.Deploy.0 = Debug|ARM
		{331E5F28-34DD-4F40-9980-CCCD3F2BCE0D}.Debug|ARM64.ActiveCfg = Debug|x86
		{331E5F28-34DD-4F40-9980-CCCD3F2BCE0D}.Debug|x64.ActiveCfg = Debug|x64
		{331E5F28-34DD-4F40-9980-CCCD3F2BCE0D}.Debug|x64.Build.0 = Debug|x64
		{331E5F28-34DD-4F40-9980-CCCD3F2BCE0D}.Debug|x64.Deploy.0 = Debug|x64
		{331E5F28-34DD-4F40-9980-CCCD3F2BCE0D}.Debug|x86.ActiveCfg = Debug|x86
		{331E5F28-34DD-4F40-9980-CCCD3F2BCE0D}.Debug|x86.Build.0 = Debug|x86
		{331E5F28-34DD-4F40-9980-CCCD3F2BCE0D}.Debug|x86.Deploy.0 = Debug|x86
		{331E5F28-34DD-4F40-9980-CCCD3F2BCE0D}.Development|Any CPU.ActiveCfg = Development|x86
		{331E5F28-34DD-4F40-9980-CCCD3F2BCE0D}.Development|ARM.ActiveCfg = Development|ARM
		{331E5F28-34DD-4F40-9980-CCCD3F2BCE0D}.Development|ARM.Deploy.0 = Development|ARM
		{331E5F28-34DD-4F40-9980-CCCD3F2BCE0D}.Development|ARM64.ActiveCfg = Development|x86
		{331E5F28-34DD-4F40-9980-CCCD3F2BCE0D}.Development|x64.ActiveCfg = Development|x64
		{331E5F28-34DD-4F40-9980-CCCD3F2BCE0D}.Development|x64.Deploy.0 = Development|x64
		{331E5F28-34DD-4F40-9980-CCCD3F2BCE0D}.Development|x86.ActiveCfg = Development|x86
		{331E5F28-34DD-4F40-9980-CCCD3F2BCE0D}.Development|x86.Deploy.0 = Development|x86
		{331E5F28-34DD-4F40-9980-CCCD3F2BCE0D}.Release|Any CPU.ActiveCfg = Release|x86
		{331E5F28-34DD-4F40-9980-CCCD3F2BCE0D}.Release|ARM.ActiveCfg = Release|ARM
		{331E5F28-34DD-4F40-9980-CCCD3F2BCE0D}.Release|ARM.Build.0 = Release|ARM
		{331E5F28-34DD-4F40-9980-CCCD3F2BCE0D}.Release|ARM.Deploy.0 = Release|ARM
		{331E5F28-34DD-4F40-9980-CCCD3F2BCE0D}.Release|ARM64.ActiveCfg = Release|x86
		{331E5F28-34DD-4F40-9980-CCCD3F2BCE0D}.Release|x64.ActiveCfg = Release|x64
		{331E5F28-34DD-4F40-9980-CCCD3F2BCE0D}.Release|x64.Build.0 = Release|x64
		{331E5F28-34DD-4F40-9980-CCCD3F2BCE0D}.Release|x64.Deploy.0 = Release|x64
		{331E5F28-34DD-4F40-9980-CCCD3F2BCE0D}.Release|x86.ActiveCfg = Release|x86
		{331E5F28-34DD-4F40-9980-CCCD3F2BCE0D}.Release|x86.Build.0 = Release|x86
		{331E5F28-34DD-4F40-9980-CCCD3F2BCE0D}.Release|x86.Deploy.0 = Release|x86
		{2C820092-0ECE-4C4C-B24E-9C1EBD6D26DB}.Debug|Any CPU.ActiveCfg = Debug|Any CPU
		{2C820092-0ECE-4C4C-B24E-9C1EBD6D26DB}.Debug|Any CPU.Build.0 = Debug|Any CPU
		{2C820092-0ECE-4C4C-B24E-9C1EBD6D26DB}.Debug|ARM.ActiveCfg = Debug|Any CPU
		{2C820092-0ECE-4C4C-B24E-9C1EBD6D26DB}.Debug|ARM.Build.0 = Debug|Any CPU
		{2C820092-0ECE-4C4C-B24E-9C1EBD6D26DB}.Debug|ARM64.ActiveCfg = Debug|Any CPU
		{2C820092-0ECE-4C4C-B24E-9C1EBD6D26DB}.Debug|ARM64.Build.0 = Debug|Any CPU
		{2C820092-0ECE-4C4C-B24E-9C1EBD6D26DB}.Debug|x64.ActiveCfg = Debug|Any CPU
		{2C820092-0ECE-4C4C-B24E-9C1EBD6D26DB}.Debug|x64.Build.0 = Debug|Any CPU
		{2C820092-0ECE-4C4C-B24E-9C1EBD6D26DB}.Debug|x86.ActiveCfg = Debug|Any CPU
		{2C820092-0ECE-4C4C-B24E-9C1EBD6D26DB}.Debug|x86.Build.0 = Debug|Any CPU
		{2C820092-0ECE-4C4C-B24E-9C1EBD6D26DB}.Development|Any CPU.ActiveCfg = Development|Any CPU
		{2C820092-0ECE-4C4C-B24E-9C1EBD6D26DB}.Development|Any CPU.Build.0 = Development|Any CPU
		{2C820092-0ECE-4C4C-B24E-9C1EBD6D26DB}.Development|ARM.ActiveCfg = Development|Any CPU
		{2C820092-0ECE-4C4C-B24E-9C1EBD6D26DB}.Development|ARM.Build.0 = Development|Any CPU
		{2C820092-0ECE-4C4C-B24E-9C1EBD6D26DB}.Development|ARM64.ActiveCfg = Development|Any CPU
		{2C820092-0ECE-4C4C-B24E-9C1EBD6D26DB}.Development|ARM64.Build.0 = Development|Any CPU
		{2C820092-0ECE-4C4C-B24E-9C1EBD6D26DB}.Development|x64.ActiveCfg = Development|Any CPU
		{2C820092-0ECE-4C4C-B24E-9C1EBD6D26DB}.Development|x64.Build.0 = Development|Any CPU
		{2C820092-0ECE-4C4C-B24E-9C1EBD6D26DB}.Development|x86.ActiveCfg = Development|Any CPU
		{2C820092-0ECE-4C4C-B24E-9C1EBD6D26DB}.Development|x86.Build.0 = Development|Any CPU
		{2C820092-0ECE-4C4C-B24E-9C1EBD6D26DB}.Release|Any CPU.ActiveCfg = Release|Any CPU
		{2C820092-0ECE-4C4C-B24E-9C1EBD6D26DB}.Release|Any CPU.Build.0 = Release|Any CPU
		{2C820092-0ECE-4C4C-B24E-9C1EBD6D26DB}.Release|ARM.ActiveCfg = Release|Any CPU
		{2C820092-0ECE-4C4C-B24E-9C1EBD6D26DB}.Release|ARM.Build.0 = Release|Any CPU
		{2C820092-0ECE-4C4C-B24E-9C1EBD6D26DB}.Release|ARM64.ActiveCfg = Release|Any CPU
		{2C820092-0ECE-4C4C-B24E-9C1EBD6D26DB}.Release|ARM64.Build.0 = Release|Any CPU
		{2C820092-0ECE-4C4C-B24E-9C1EBD6D26DB}.Release|x64.ActiveCfg = Release|Any CPU
		{2C820092-0ECE-4C4C-B24E-9C1EBD6D26DB}.Release|x64.Build.0 = Release|Any CPU
		{2C820092-0ECE-4C4C-B24E-9C1EBD6D26DB}.Release|x86.ActiveCfg = Release|Any CPU
		{2C820092-0ECE-4C4C-B24E-9C1EBD6D26DB}.Release|x86.Build.0 = Release|Any CPU
		{1A765F26-EEF5-4182-89A2-B60E1E4A1EF0}.Debug|Any CPU.ActiveCfg = Debug|Win32
		{1A765F26-EEF5-4182-89A2-B60E1E4A1EF0}.Debug|ARM.ActiveCfg = Debug|Win32
		{1A765F26-EEF5-4182-89A2-B60E1E4A1EF0}.Debug|ARM64.ActiveCfg = Debug|Win32
		{1A765F26-EEF5-4182-89A2-B60E1E4A1EF0}.Debug|x64.ActiveCfg = Debug|Win32
		{1A765F26-EEF5-4182-89A2-B60E1E4A1EF0}.Debug|x86.ActiveCfg = Debug|Win32
		{1A765F26-EEF5-4182-89A2-B60E1E4A1EF0}.Debug|x86.Build.0 = Debug|Win32
		{1A765F26-EEF5-4182-89A2-B60E1E4A1EF0}.Development|Any CPU.ActiveCfg = Development|Win32
		{1A765F26-EEF5-4182-89A2-B60E1E4A1EF0}.Development|ARM.ActiveCfg = Development|Win32
		{1A765F26-EEF5-4182-89A2-B60E1E4A1EF0}.Development|ARM64.ActiveCfg = Development|Win32
		{1A765F26-EEF5-4182-89A2-B60E1E4A1EF0}.Development|x64.ActiveCfg = Development|Win32
		{1A765F26-EEF5-4182-89A2-B60E1E4A1EF0}.Development|x86.ActiveCfg = Development|Win32
		{1A765F26-EEF5-4182-89A2-B60E1E4A1EF0}.Release|Any CPU.ActiveCfg = Release|Win32
		{1A765F26-EEF5-4182-89A2-B60E1E4A1EF0}.Release|ARM.ActiveCfg = Release|Win32
		{1A765F26-EEF5-4182-89A2-B60E1E4A1EF0}.Release|ARM64.ActiveCfg = Release|Win32
		{1A765F26-EEF5-4182-89A2-B60E1E4A1EF0}.Release|x64.ActiveCfg = Release|Win32
		{1A765F26-EEF5-4182-89A2-B60E1E4A1EF0}.Release|x86.ActiveCfg = Release|Win32
		{1A765F26-EEF5-4182-89A2-B60E1E4A1EF0}.Release|x86.Build.0 = Release|Win32
		{3ACE2586-98E7-48CA-B7D1-1B4F41CF11FB}.Debug|Any CPU.ActiveCfg = Debug|Win32
		{3ACE2586-98E7-48CA-B7D1-1B4F41CF11FB}.Debug|ARM.ActiveCfg = Debug|Win32
		{3ACE2586-98E7-48CA-B7D1-1B4F41CF11FB}.Debug|ARM64.ActiveCfg = Debug|Win32
		{3ACE2586-98E7-48CA-B7D1-1B4F41CF11FB}.Debug|x64.ActiveCfg = Debug|Win32
		{3ACE2586-98E7-48CA-B7D1-1B4F41CF11FB}.Debug|x86.ActiveCfg = Debug|Win32
		{3ACE2586-98E7-48CA-B7D1-1B4F41CF11FB}.Debug|x86.Build.0 = Debug|Win32
		{3ACE2586-98E7-48CA-B7D1-1B4F41CF11FB}.Development|Any CPU.ActiveCfg = Development|Win32
		{3ACE2586-98E7-48CA-B7D1-1B4F41CF11FB}.Development|ARM.ActiveCfg = Development|Win32
		{3ACE2586-98E7-48CA-B7D1-1B4F41CF11FB}.Development|ARM64.ActiveCfg = Development|Win32
		{3ACE2586-98E7-48CA-B7D1-1B4F41CF11FB}.Development|x64.ActiveCfg = Development|Win32
		{3ACE2586-98E7-48CA-B7D1-1B4F41CF11FB}.Development|x86.ActiveCfg = Development|Win32
		{3ACE2586-98E7-48CA-B7D1-1B4F41CF11FB}.Release|Any CPU.ActiveCfg = Release|Win32
		{3ACE2586-98E7-48CA-B7D1-1B4F41CF11FB}.Release|ARM.ActiveCfg = Release|Win32
		{3ACE2586-98E7-48CA-B7D1-1B4F41CF11FB}.Release|ARM64.ActiveCfg = Release|Win32
		{3ACE2586-98E7-48CA-B7D1-1B4F41CF11FB}.Release|x64.ActiveCfg = Release|Win32
		{3ACE2586-98E7-48CA-B7D1-1B4F41CF11FB}.Release|x86.ActiveCfg = Release|Win32
		{3ACE2586-98E7-48CA-B7D1-1B4F41CF11FB}.Release|x86.Build.0 = Release|Win32
		{EA320D36-FE4D-477C-B135-C6D198EDC975}.Debug|Any CPU.ActiveCfg = Debug|Win32
		{EA320D36-FE4D-477C-B135-C6D198EDC975}.Debug|ARM.ActiveCfg = Debug|Win32
		{EA320D36-FE4D-477C-B135-C6D198EDC975}.Debug|ARM64.ActiveCfg = Debug|Win32
		{EA320D36-FE4D-477C-B135-C6D198EDC975}.Debug|x64.ActiveCfg = Debug|Win32
		{EA320D36-FE4D-477C-B135-C6D198EDC975}.Debug|x86.ActiveCfg = Debug|Win32
		{EA320D36-FE4D-477C-B135-C6D198EDC975}.Debug|x86.Build.0 = Debug|Win32
		{EA320D36-FE4D-477C-B135-C6D198EDC975}.Development|Any CPU.ActiveCfg = Development|Win32
		{EA320D36-FE4D-477C-B135-C6D198EDC975}.Development|ARM.ActiveCfg = Development|Win32
		{EA320D36-FE4D-477C-B135-C6D198EDC975}.Development|ARM64.ActiveCfg = Development|Win32
		{EA320D36-FE4D-477C-B135-C6D198EDC975}.Development|x64.ActiveCfg = Development|Win32
		{EA320D36-FE4D-477C-B135-C6D198EDC975}.Development|x86.ActiveCfg = Development|Win32
		{EA320D36-FE4D-477C-B135-C6D198EDC975}.Release|Any CPU.ActiveCfg = Release|Win32
		{EA320D36-FE4D-477C-B135-C6D198EDC975}.Release|ARM.ActiveCfg = Release|Win32
		{EA320D36-FE4D-477C-B135-C6D198EDC975}.Release|ARM64.ActiveCfg = Release|Win32
		{EA320D36-FE4D-477C-B135-C6D198EDC975}.Release|x64.ActiveCfg = Release|Win32
		{EA320D36-FE4D-477C-B135-C6D198EDC975}.Release|x86.ActiveCfg = Release|Win32
		{EA320D36-FE4D-477C-B135-C6D198EDC975}.Release|x86.Build.0 = Release|Win32
		{BE9B9E4D-1A0B-43A6-BEA1-2D11A7BCD12B}.Debug|Any CPU.ActiveCfg = Debug|Win32
		{BE9B9E4D-1A0B-43A6-BEA1-2D11A7BCD12B}.Debug|ARM.ActiveCfg = Debug|Win32
		{BE9B9E4D-1A0B-43A6-BEA1-2D11A7BCD12B}.Debug|ARM64.ActiveCfg = Debug|Win32
		{BE9B9E4D-1A0B-43A6-BEA1-2D11A7BCD12B}.Debug|x64.ActiveCfg = Debug|Win32
		{BE9B9E4D-1A0B-43A6-BEA1-2D11A7BCD12B}.Debug|x86.ActiveCfg = Debug|Win32
		{BE9B9E4D-1A0B-43A6-BEA1-2D11A7BCD12B}.Debug|x86.Build.0 = Debug|Win32
		{BE9B9E4D-1A0B-43A6-BEA1-2D11A7BCD12B}.Development|Any CPU.ActiveCfg = Development|Win32
		{BE9B9E4D-1A0B-43A6-BEA1-2D11A7BCD12B}.Development|ARM.ActiveCfg = Development|Win32
		{BE9B9E4D-1A0B-43A6-BEA1-2D11A7BCD12B}.Development|ARM64.ActiveCfg = Development|Win32
		{BE9B9E4D-1A0B-43A6-BEA1-2D11A7BCD12B}.Development|x64.ActiveCfg = Development|Win32
		{BE9B9E4D-1A0B-43A6-BEA1-2D11A7BCD12B}.Development|x86.ActiveCfg = Development|Win32
		{BE9B9E4D-1A0B-43A6-BEA1-2D11A7BCD12B}.Release|Any CPU.ActiveCfg = Release|Win32
		{BE9B9E4D-1A0B-43A6-BEA1-2D11A7BCD12B}.Release|ARM.ActiveCfg = Release|Win32
		{BE9B9E4D-1A0B-43A6-BEA1-2D11A7BCD12B}.Release|ARM64.ActiveCfg = Release|Win32
		{BE9B9E4D-1A0B-43A6-BEA1-2D11A7BCD12B}.Release|x64.ActiveCfg = Release|Win32
		{BE9B9E4D-1A0B-43A6-BEA1-2D11A7BCD12B}.Release|x86.ActiveCfg = Release|Win32
		{BE9B9E4D-1A0B-43A6-BEA1-2D11A7BCD12B}.Release|x86.Build.0 = Release|Win32
		{6FDC79B2-AAD9-4899-9B3C-4ACC87A8B467}.Debug|Any CPU.ActiveCfg = Debug|Win32
		{6FDC79B2-AAD9-4899-9B3C-4ACC87A8B467}.Debug|ARM.ActiveCfg = Debug|Win32
		{6FDC79B2-AAD9-4899-9B3C-4ACC87A8B467}.Debug|ARM64.ActiveCfg = Debug|Win32
		{6FDC79B2-AAD9-4899-9B3C-4ACC87A8B467}.Debug|x64.ActiveCfg = Debug|Win32
		{6FDC79B2-AAD9-4899-9B3C-4ACC87A8B467}.Debug|x86.ActiveCfg = Debug|Win32
		{6FDC79B2-AAD9-4899-9B3C-4ACC87A8B467}.Debug|x86.Build.0 = Debug|Win32
		{6FDC79B2-AAD9-4899-9B3C-4ACC87A8B467}.Development|Any CPU.ActiveCfg = Development|Win32
		{6FDC79B2-AAD9-4899-9B3C-4ACC87A8B467}.Development|ARM.ActiveCfg = Development|Win32
		{6FDC79B2-AAD9-4899-9B3C-4ACC87A8B467}.Development|ARM64.ActiveCfg = Development|Win32
		{6FDC79B2-AAD9-4899-9B3C-4ACC87A8B467}.Development|x64.ActiveCfg = Development|Win32
		{6FDC79B2-AAD9-4899-9B3C-4ACC87A8B467}.Development|x86.ActiveCfg = Development|Win32
		{6FDC79B2-AAD9-4899-9B3C-4ACC87A8B467}.Release|Any CPU.ActiveCfg = Release|Win32
		{6FDC79B2-AAD9-4899-9B3C-4ACC87A8B467}.Release|ARM.ActiveCfg = Release|Win32
		{6FDC79B2-AAD9-4899-9B3C-4ACC87A8B467}.Release|ARM64.ActiveCfg = Release|Win32
		{6FDC79B2-AAD9-4899-9B3C-4ACC87A8B467}.Release|x64.ActiveCfg = Release|Win32
		{6FDC79B2-AAD9-4899-9B3C-4ACC87A8B467}.Release|x86.ActiveCfg = Release|Win32
		{6FDC79B2-AAD9-4899-9B3C-4ACC87A8B467}.Release|x86.Build.0 = Release|Win32
		{D562B3E8-87C5-436D-9208-9BA52603BACF}.Debug|Any CPU.ActiveCfg = Debug|Any CPU
		{D562B3E8-87C5-436D-9208-9BA52603BACF}.Debug|Any CPU.Build.0 = Debug|Any CPU
		{D562B3E8-87C5-436D-9208-9BA52603BACF}.Debug|ARM.ActiveCfg = Debug|Any CPU
		{D562B3E8-87C5-436D-9208-9BA52603BACF}.Debug|ARM.Build.0 = Debug|Any CPU
		{D562B3E8-87C5-436D-9208-9BA52603BACF}.Debug|ARM64.ActiveCfg = Debug|Any CPU
		{D562B3E8-87C5-436D-9208-9BA52603BACF}.Debug|ARM64.Build.0 = Debug|Any CPU
		{D562B3E8-87C5-436D-9208-9BA52603BACF}.Debug|x64.ActiveCfg = Debug|Any CPU
		{D562B3E8-87C5-436D-9208-9BA52603BACF}.Debug|x64.Build.0 = Debug|Any CPU
		{D562B3E8-87C5-436D-9208-9BA52603BACF}.Debug|x86.ActiveCfg = Debug|Any CPU
		{D562B3E8-87C5-436D-9208-9BA52603BACF}.Debug|x86.Build.0 = Debug|Any CPU
		{D562B3E8-87C5-436D-9208-9BA52603BACF}.Development|Any CPU.ActiveCfg = Development|Any CPU
		{D562B3E8-87C5-436D-9208-9BA52603BACF}.Development|Any CPU.Build.0 = Development|Any CPU
		{D562B3E8-87C5-436D-9208-9BA52603BACF}.Development|ARM.ActiveCfg = Development|Any CPU
		{D562B3E8-87C5-436D-9208-9BA52603BACF}.Development|ARM.Build.0 = Development|Any CPU
		{D562B3E8-87C5-436D-9208-9BA52603BACF}.Development|ARM64.ActiveCfg = Development|Any CPU
		{D562B3E8-87C5-436D-9208-9BA52603BACF}.Development|ARM64.Build.0 = Development|Any CPU
		{D562B3E8-87C5-436D-9208-9BA52603BACF}.Development|x64.ActiveCfg = Development|Any CPU
		{D562B3E8-87C5-436D-9208-9BA52603BACF}.Development|x64.Build.0 = Development|Any CPU
		{D562B3E8-87C5-436D-9208-9BA52603BACF}.Development|x86.ActiveCfg = Development|Any CPU
		{D562B3E8-87C5-436D-9208-9BA52603BACF}.Development|x86.Build.0 = Development|Any CPU
		{D562B3E8-87C5-436D-9208-9BA52603BACF}.Release|Any CPU.ActiveCfg = Release|Any CPU
		{D562B3E8-87C5-436D-9208-9BA52603BACF}.Release|Any CPU.Build.0 = Release|Any CPU
		{D562B3E8-87C5-436D-9208-9BA52603BACF}.Release|ARM.ActiveCfg = Release|Any CPU
		{D562B3E8-87C5-436D-9208-9BA52603BACF}.Release|ARM.Build.0 = Release|Any CPU
		{D562B3E8-87C5-436D-9208-9BA52603BACF}.Release|ARM64.ActiveCfg = Release|Any CPU
		{D562B3E8-87C5-436D-9208-9BA52603BACF}.Release|ARM64.Build.0 = Release|Any CPU
		{D562B3E8-87C5-436D-9208-9BA52603BACF}.Release|x64.ActiveCfg = Release|Any CPU
		{D562B3E8-87C5-436D-9208-9BA52603BACF}.Release|x64.Build.0 = Release|Any CPU
		{D562B3E8-87C5-436D-9208-9BA52603BACF}.Release|x86.ActiveCfg = Release|Any CPU
		{D562B3E8-87C5-436D-9208-9BA52603BACF}.Release|x86.Build.0 = Release|Any CPU
		{2BC0FB6E-3D8C-484C-B75C-C5D99B62ADF6}.Debug|Any CPU.ActiveCfg = Debug|Win32
		{2BC0FB6E-3D8C-484C-B75C-C5D99B62ADF6}.Debug|ARM.ActiveCfg = Debug|Win32
		{2BC0FB6E-3D8C-484C-B75C-C5D99B62ADF6}.Debug|ARM64.ActiveCfg = Debug|Win32
		{2BC0FB6E-3D8C-484C-B75C-C5D99B62ADF6}.Debug|x64.ActiveCfg = Debug|Win32
		{2BC0FB6E-3D8C-484C-B75C-C5D99B62ADF6}.Debug|x86.ActiveCfg = Debug|Win32
		{2BC0FB6E-3D8C-484C-B75C-C5D99B62ADF6}.Debug|x86.Build.0 = Debug|Win32
		{2BC0FB6E-3D8C-484C-B75C-C5D99B62ADF6}.Development|Any CPU.ActiveCfg = Development|Win32
		{2BC0FB6E-3D8C-484C-B75C-C5D99B62ADF6}.Development|ARM.ActiveCfg = Development|Win32
		{2BC0FB6E-3D8C-484C-B75C-C5D99B62ADF6}.Development|ARM64.ActiveCfg = Development|Win32
		{2BC0FB6E-3D8C-484C-B75C-C5D99B62ADF6}.Development|x64.ActiveCfg = Development|Win32
		{2BC0FB6E-3D8C-484C-B75C-C5D99B62ADF6}.Development|x86.ActiveCfg = Development|Win32
		{2BC0FB6E-3D8C-484C-B75C-C5D99B62ADF6}.Release|Any CPU.ActiveCfg = Release|Win32
		{2BC0FB6E-3D8C-484C-B75C-C5D99B62ADF6}.Release|ARM.ActiveCfg = Release|Win32
		{2BC0FB6E-3D8C-484C-B75C-C5D99B62ADF6}.Release|ARM64.ActiveCfg = Release|Win32
		{2BC0FB6E-3D8C-484C-B75C-C5D99B62ADF6}.Release|x64.ActiveCfg = Release|Win32
		{2BC0FB6E-3D8C-484C-B75C-C5D99B62ADF6}.Release|x86.ActiveCfg = Release|Win32
		{2BC0FB6E-3D8C-484C-B75C-C5D99B62ADF6}.Release|x86.Build.0 = Release|Win32
		{52294410-F02D-4BE6-AE32-3DA32A8A8134}.Debug|Any CPU.ActiveCfg = Debug|Win32
		{52294410-F02D-4BE6-AE32-3DA32A8A8134}.Debug|ARM.ActiveCfg = Debug|Win32
		{52294410-F02D-4BE6-AE32-3DA32A8A8134}.Debug|ARM64.ActiveCfg = Debug|Win32
		{52294410-F02D-4BE6-AE32-3DA32A8A8134}.Debug|x64.ActiveCfg = Debug|Win32
		{52294410-F02D-4BE6-AE32-3DA32A8A8134}.Debug|x86.ActiveCfg = Debug|Win32
		{52294410-F02D-4BE6-AE32-3DA32A8A8134}.Debug|x86.Build.0 = Debug|Win32
		{52294410-F02D-4BE6-AE32-3DA32A8A8134}.Development|Any CPU.ActiveCfg = Development|Win32
		{52294410-F02D-4BE6-AE32-3DA32A8A8134}.Development|ARM.ActiveCfg = Development|Win32
		{52294410-F02D-4BE6-AE32-3DA32A8A8134}.Development|ARM64.ActiveCfg = Development|Win32
		{52294410-F02D-4BE6-AE32-3DA32A8A8134}.Development|x64.ActiveCfg = Development|Win32
		{52294410-F02D-4BE6-AE32-3DA32A8A8134}.Development|x86.ActiveCfg = Development|Win32
		{52294410-F02D-4BE6-AE32-3DA32A8A8134}.Release|Any CPU.ActiveCfg = Release|Win32
		{52294410-F02D-4BE6-AE32-3DA32A8A8134}.Release|ARM.ActiveCfg = Release|Win32
		{52294410-F02D-4BE6-AE32-3DA32A8A8134}.Release|ARM64.ActiveCfg = Release|Win32
		{52294410-F02D-4BE6-AE32-3DA32A8A8134}.Release|x64.ActiveCfg = Release|Win32
		{52294410-F02D-4BE6-AE32-3DA32A8A8134}.Release|x86.ActiveCfg = Release|Win32
		{52294410-F02D-4BE6-AE32-3DA32A8A8134}.Release|x86.Build.0 = Release|Win32
		{7BFA54ED-5026-4A27-806B-56C8FB2F4D97}.Debug|Any CPU.ActiveCfg = Debug|Win32
		{7BFA54ED-5026-4A27-806B-56C8FB2F4D97}.Debug|ARM.ActiveCfg = Debug|Win32
		{7BFA54ED-5026-4A27-806B-56C8FB2F4D97}.Debug|ARM64.ActiveCfg = Debug|Win32
		{7BFA54ED-5026-4A27-806B-56C8FB2F4D97}.Debug|x64.ActiveCfg = Debug|Win32
		{7BFA54ED-5026-4A27-806B-56C8FB2F4D97}.Debug|x86.ActiveCfg = Debug|Win32
		{7BFA54ED-5026-4A27-806B-56C8FB2F4D97}.Debug|x86.Build.0 = Debug|Win32
		{7BFA54ED-5026-4A27-806B-56C8FB2F4D97}.Development|Any CPU.ActiveCfg = Development|Win32
		{7BFA54ED-5026-4A27-806B-56C8FB2F4D97}.Development|ARM.ActiveCfg = Development|Win32
		{7BFA54ED-5026-4A27-806B-56C8FB2F4D97}.Development|ARM64.ActiveCfg = Development|Win32
		{7BFA54ED-5026-4A27-806B-56C8FB2F4D97}.Development|x64.ActiveCfg = Development|Win32
		{7BFA54ED-5026-4A27-806B-56C8FB2F4D97}.Development|x86.ActiveCfg = Development|Win32
		{7BFA54ED-5026-4A27-806B-56C8FB2F4D97}.Release|Any CPU.ActiveCfg = Release|Win32
		{7BFA54ED-5026-4A27-806B-56C8FB2F4D97}.Release|ARM.ActiveCfg = Release|Win32
		{7BFA54ED-5026-4A27-806B-56C8FB2F4D97}.Release|ARM64.ActiveCfg = Release|Win32
		{7BFA54ED-5026-4A27-806B-56C8FB2F4D97}.Release|x64.ActiveCfg = Release|Win32
		{7BFA54ED-5026-4A27-806B-56C8FB2F4D97}.Release|x86.ActiveCfg = Release|Win32
		{7BFA54ED-5026-4A27-806B-56C8FB2F4D97}.Release|x86.Build.0 = Release|Win32
		{E5EEA51D-E1AC-4F31-836C-D6C57FCB6174}.Debug|Any CPU.ActiveCfg = Debug|Win32
		{E5EEA51D-E1AC-4F31-836C-D6C57FCB6174}.Debug|ARM.ActiveCfg = Debug|Win32
		{E5EEA51D-E1AC-4F31-836C-D6C57FCB6174}.Debug|ARM64.ActiveCfg = Debug|Win32
		{E5EEA51D-E1AC-4F31-836C-D6C57FCB6174}.Debug|x64.ActiveCfg = Debug|Win32
		{E5EEA51D-E1AC-4F31-836C-D6C57FCB6174}.Debug|x86.ActiveCfg = Debug|Win32
		{E5EEA51D-E1AC-4F31-836C-D6C57FCB6174}.Debug|x86.Build.0 = Debug|Win32
		{E5EEA51D-E1AC-4F31-836C-D6C57FCB6174}.Development|Any CPU.ActiveCfg = Development|Win32
		{E5EEA51D-E1AC-4F31-836C-D6C57FCB6174}.Development|ARM.ActiveCfg = Development|Win32
		{E5EEA51D-E1AC-4F31-836C-D6C57FCB6174}.Development|ARM64.ActiveCfg = Development|Win32
		{E5EEA51D-E1AC-4F31-836C-D6C57FCB6174}.Development|x64.ActiveCfg = Development|Win32
		{E5EEA51D-E1AC-4F31-836C-D6C57FCB6174}.Development|x86.ActiveCfg = Development|Win32
		{E5EEA51D-E1AC-4F31-836C-D6C57FCB6174}.Release|Any CPU.ActiveCfg = Release|Win32
		{E5EEA51D-E1AC-4F31-836C-D6C57FCB6174}.Release|ARM.ActiveCfg = Release|Win32
		{E5EEA51D-E1AC-4F31-836C-D6C57FCB6174}.Release|ARM64.ActiveCfg = Release|Win32
		{E5EEA51D-E1AC-4F31-836C-D6C57FCB6174}.Release|x64.ActiveCfg = Release|Win32
		{E5EEA51D-E1AC-4F31-836C-D6C57FCB6174}.Release|x86.ActiveCfg = Release|Win32
		{E5EEA51D-E1AC-4F31-836C-D6C57FCB6174}.Release|x86.Build.0 = Release|Win32
		{11041F0C-4E7E-46B0-AC4B-C8A1FE8864A7}.Debug|Any CPU.ActiveCfg = Debug|Win32
		{11041F0C-4E7E-46B0-AC4B-C8A1FE8864A7}.Debug|ARM.ActiveCfg = Debug|Win32
		{11041F0C-4E7E-46B0-AC4B-C8A1FE8864A7}.Debug|ARM64.ActiveCfg = Debug|Win32
		{11041F0C-4E7E-46B0-AC4B-C8A1FE8864A7}.Debug|x64.ActiveCfg = Debug|Win32
		{11041F0C-4E7E-46B0-AC4B-C8A1FE8864A7}.Debug|x86.ActiveCfg = Debug|Win32
		{11041F0C-4E7E-46B0-AC4B-C8A1FE8864A7}.Debug|x86.Build.0 = Debug|Win32
		{11041F0C-4E7E-46B0-AC4B-C8A1FE8864A7}.Development|Any CPU.ActiveCfg = Development|Win32
		{11041F0C-4E7E-46B0-AC4B-C8A1FE8864A7}.Development|ARM.ActiveCfg = Development|Win32
		{11041F0C-4E7E-46B0-AC4B-C8A1FE8864A7}.Development|ARM64.ActiveCfg = Development|Win32
		{11041F0C-4E7E-46B0-AC4B-C8A1FE8864A7}.Development|x64.ActiveCfg = Development|Win32
		{11041F0C-4E7E-46B0-AC4B-C8A1FE8864A7}.Development|x86.ActiveCfg = Development|Win32
		{11041F0C-4E7E-46B0-AC4B-C8A1FE8864A7}.Release|Any CPU.ActiveCfg = Release|Win32
		{11041F0C-4E7E-46B0-AC4B-C8A1FE8864A7}.Release|ARM.ActiveCfg = Release|Win32
		{11041F0C-4E7E-46B0-AC4B-C8A1FE8864A7}.Release|ARM64.ActiveCfg = Release|Win32
		{11041F0C-4E7E-46B0-AC4B-C8A1FE8864A7}.Release|x64.ActiveCfg = Release|Win32
		{11041F0C-4E7E-46B0-AC4B-C8A1FE8864A7}.Release|x86.ActiveCfg = Release|Win32
		{11041F0C-4E7E-46B0-AC4B-C8A1FE8864A7}.Release|x86.Build.0 = Release|Win32
		{CE37711C-EEAC-4D5C-825F-652248837355}.Debug|Any CPU.ActiveCfg = Debug|Win32
		{CE37711C-EEAC-4D5C-825F-652248837355}.Debug|ARM.ActiveCfg = Debug|Win32
		{CE37711C-EEAC-4D5C-825F-652248837355}.Debug|ARM64.ActiveCfg = Debug|Win32
		{CE37711C-EEAC-4D5C-825F-652248837355}.Debug|x64.ActiveCfg = Debug|Win32
		{CE37711C-EEAC-4D5C-825F-652248837355}.Debug|x86.ActiveCfg = Debug|Win32
		{CE37711C-EEAC-4D5C-825F-652248837355}.Debug|x86.Build.0 = Debug|Win32
		{CE37711C-EEAC-4D5C-825F-652248837355}.Development|Any CPU.ActiveCfg = Development|Win32
		{CE37711C-EEAC-4D5C-825F-652248837355}.Development|ARM.ActiveCfg = Development|Win32
		{CE37711C-EEAC-4D5C-825F-652248837355}.Development|ARM64.ActiveCfg = Development|Win32
		{CE37711C-EEAC-4D5C-825F-652248837355}.Development|x64.ActiveCfg = Development|Win32
		{CE37711C-EEAC-4D5C-825F-652248837355}.Development|x86.ActiveCfg = Development|Win32
		{CE37711C-EEAC-4D5C-825F-652248837355}.Release|Any CPU.ActiveCfg = Release|Win32
		{CE37711C-EEAC-4D5C-825F-652248837355}.Release|ARM.ActiveCfg = Release|Win32
		{CE37711C-EEAC-4D5C-825F-652248837355}.Release|ARM64.ActiveCfg = Release|Win32
		{CE37711C-EEAC-4D5C-825F-652248837355}.Release|x64.ActiveCfg = Release|Win32
		{CE37711C-EEAC-4D5C-825F-652248837355}.Release|x86.ActiveCfg = Release|Win32
		{CE37711C-EEAC-4D5C-825F-652248837355}.Release|x86.Build.0 = Release|Win32
		{4AACD16F-21D9-4432-81C5-23133CA9FC3E}.Debug|Any CPU.ActiveCfg = Debug|Win32
		{4AACD16F-21D9-4432-81C5-23133CA9FC3E}.Debug|ARM.ActiveCfg = Debug|Win32
		{4AACD16F-21D9-4432-81C5-23133CA9FC3E}.Debug|ARM64.ActiveCfg = Debug|Win32
		{4AACD16F-21D9-4432-81C5-23133CA9FC3E}.Debug|x64.ActiveCfg = Debug|Win32
		{4AACD16F-21D9-4432-81C5-23133CA9FC3E}.Debug|x86.ActiveCfg = Debug|Win32
		{4AACD16F-21D9-4432-81C5-23133CA9FC3E}.Debug|x86.Build.0 = Debug|Win32
		{4AACD16F-21D9-4432-81C5-23133CA9FC3E}.Development|Any CPU.ActiveCfg = Development|Win32
		{4AACD16F-21D9-4432-81C5-23133CA9FC3E}.Development|ARM.ActiveCfg = Development|Win32
		{4AACD16F-21D9-4432-81C5-23133CA9FC3E}.Development|ARM64.ActiveCfg = Development|Win32
		{4AACD16F-21D9-4432-81C5-23133CA9FC3E}.Development|x64.ActiveCfg = Development|Win32
		{4AACD16F-21D9-4432-81C5-23133CA9FC3E}.Development|x86.ActiveCfg = Development|Win32
		{4AACD16F-21D9-4432-81C5-23133CA9FC3E}.Release|Any CPU.ActiveCfg = Release|Win32
		{4AACD16F-21D9-4432-81C5-23133CA9FC3E}.Release|ARM.ActiveCfg = Release|Win32
		{4AACD16F-21D9-4432-81C5-23133CA9FC3E}.Release|ARM64.ActiveCfg = Release|Win32
		{4AACD16F-21D9-4432-81C5-23133CA9FC3E}.Release|x64.ActiveCfg = Release|Win32
		{4AACD16F-21D9-4432-81C5-23133CA9FC3E}.Release|x86.ActiveCfg = Release|Win32
		{4AACD16F-21D9-4432-81C5-23133CA9FC3E}.Release|x86.Build.0 = Release|Win32
		{372D345F-85C7-4B38-928D-F170BC80FFF4}.Debug|Any CPU.ActiveCfg = Debug|Win32
		{372D345F-85C7-4B38-928D-F170BC80FFF4}.Debug|ARM.ActiveCfg = Debug|Win32
		{372D345F-85C7-4B38-928D-F170BC80FFF4}.Debug|ARM64.ActiveCfg = Debug|Win32
		{372D345F-85C7-4B38-928D-F170BC80FFF4}.Debug|x64.ActiveCfg = Debug|Win32
		{372D345F-85C7-4B38-928D-F170BC80FFF4}.Debug|x86.ActiveCfg = Debug|Win32
		{372D345F-85C7-4B38-928D-F170BC80FFF4}.Debug|x86.Build.0 = Debug|Win32
		{372D345F-85C7-4B38-928D-F170BC80FFF4}.Development|Any CPU.ActiveCfg = Development|Win32
		{372D345F-85C7-4B38-928D-F170BC80FFF4}.Development|ARM.ActiveCfg = Development|Win32
		{372D345F-85C7-4B38-928D-F170BC80FFF4}.Development|ARM64.ActiveCfg = Development|Win32
		{372D345F-85C7-4B38-928D-F170BC80FFF4}.Development|x64.ActiveCfg = Development|Win32
		{372D345F-85C7-4B38-928D-F170BC80FFF4}.Development|x86.ActiveCfg = Development|Win32
		{372D345F-85C7-4B38-928D-F170BC80FFF4}.Release|Any CPU.ActiveCfg = Release|Win32
		{372D345F-85C7-4B38-928D-F170BC80FFF4}.Release|ARM.ActiveCfg = Release|Win32
		{372D345F-85C7-4B38-928D-F170BC80FFF4}.Release|ARM64.ActiveCfg = Release|Win32
		{372D345F-85C7-4B38-928D-F170BC80FFF4}.Release|x64.ActiveCfg = Release|Win32
		{372D345F-85C7-4B38-928D-F170BC80FFF4}.Release|x86.ActiveCfg = Release|Win32
		{372D345F-85C7-4B38-928D-F170BC80FFF4}.Release|x86.Build.0 = Release|Win32
		{7DDD565A-891C-459D-B1D3-09D062748D00}.Debug|Any CPU.ActiveCfg = Debug|Win32
		{7DDD565A-891C-459D-B1D3-09D062748D00}.Debug|ARM.ActiveCfg = Debug|Win32
		{7DDD565A-891C-459D-B1D3-09D062748D00}.Debug|ARM64.ActiveCfg = Debug|Win32
		{7DDD565A-891C-459D-B1D3-09D062748D00}.Debug|x64.ActiveCfg = Debug|Win32
		{7DDD565A-891C-459D-B1D3-09D062748D00}.Debug|x86.ActiveCfg = Debug|Win32
		{7DDD565A-891C-459D-B1D3-09D062748D00}.Debug|x86.Build.0 = Debug|Win32
		{7DDD565A-891C-459D-B1D3-09D062748D00}.Development|Any CPU.ActiveCfg = Development|Win32
		{7DDD565A-891C-459D-B1D3-09D062748D00}.Development|ARM.ActiveCfg = Development|Win32
		{7DDD565A-891C-459D-B1D3-09D062748D00}.Development|ARM64.ActiveCfg = Development|Win32
		{7DDD565A-891C-459D-B1D3-09D062748D00}.Development|x64.ActiveCfg = Development|Win32
		{7DDD565A-891C-459D-B1D3-09D062748D00}.Development|x86.ActiveCfg = Development|Win32
		{7DDD565A-891C-459D-B1D3-09D062748D00}.Release|Any CPU.ActiveCfg = Release|Win32
		{7DDD565A-891C-459D-B1D3-09D062748D00}.Release|ARM.ActiveCfg = Release|Win32
		{7DDD565A-891C-459D-B1D3-09D062748D00}.Release|ARM64.ActiveCfg = Release|Win32
		{7DDD565A-891C-459D-B1D3-09D062748D00}.Release|x64.ActiveCfg = Release|Win32
		{7DDD565A-891C-459D-B1D3-09D062748D00}.Release|x86.ActiveCfg = Release|Win32
		{7DDD565A-891C-459D-B1D3-09D062748D00}.Release|x86.Build.0 = Release|Win32
		{2E841BC4-AB02-44CA-B428-2AE55C00797D}.Debug|Any CPU.ActiveCfg = Debug|Win32
		{2E841BC4-AB02-44CA-B428-2AE55C00797D}.Debug|ARM.ActiveCfg = Debug|Win32
		{2E841BC4-AB02-44CA-B428-2AE55C00797D}.Debug|ARM64.ActiveCfg = Debug|Win32
		{2E841BC4-AB02-44CA-B428-2AE55C00797D}.Debug|x64.ActiveCfg = Debug|Win32
		{2E841BC4-AB02-44CA-B428-2AE55C00797D}.Debug|x86.ActiveCfg = Debug|Win32
		{2E841BC4-AB02-44CA-B428-2AE55C00797D}.Debug|x86.Build.0 = Debug|Win32
		{2E841BC4-AB02-44CA-B428-2AE55C00797D}.Development|Any CPU.ActiveCfg = Development|Win32
		{2E841BC4-AB02-44CA-B428-2AE55C00797D}.Development|ARM.ActiveCfg = Development|Win32
		{2E841BC4-AB02-44CA-B428-2AE55C00797D}.Development|ARM64.ActiveCfg = Development|Win32
		{2E841BC4-AB02-44CA-B428-2AE55C00797D}.Development|x64.ActiveCfg = Development|Win32
		{2E841BC4-AB02-44CA-B428-2AE55C00797D}.Development|x86.ActiveCfg = Development|Win32
		{2E841BC4-AB02-44CA-B428-2AE55C00797D}.Release|Any CPU.ActiveCfg = Release|Win32
		{2E841BC4-AB02-44CA-B428-2AE55C00797D}.Release|ARM.ActiveCfg = Release|Win32
		{2E841BC4-AB02-44CA-B428-2AE55C00797D}.Release|ARM64.ActiveCfg = Release|Win32
		{2E841BC4-AB02-44CA-B428-2AE55C00797D}.Release|x64.ActiveCfg = Release|Win32
		{2E841BC4-AB02-44CA-B428-2AE55C00797D}.Release|x86.ActiveCfg = Release|Win32
		{2E841BC4-AB02-44CA-B428-2AE55C00797D}.Release|x86.Build.0 = Release|Win32
		{366E1A2D-C4D1-40C8-AC19-1AF49D798DEB}.Debug|Any CPU.ActiveCfg = Debug|Win32
		{366E1A2D-C4D1-40C8-AC19-1AF49D798DEB}.Debug|ARM.ActiveCfg = Debug|Win32
		{366E1A2D-C4D1-40C8-AC19-1AF49D798DEB}.Debug|ARM64.ActiveCfg = Debug|Win32
		{366E1A2D-C4D1-40C8-AC19-1AF49D798DEB}.Debug|x64.ActiveCfg = Debug|Win32
		{366E1A2D-C4D1-40C8-AC19-1AF49D798DEB}.Debug|x86.ActiveCfg = Debug|Win32
		{366E1A2D-C4D1-40C8-AC19-1AF49D798DEB}.Debug|x86.Build.0 = Debug|Win32
		{366E1A2D-C4D1-40C8-AC19-1AF49D798DEB}.Development|Any CPU.ActiveCfg = Development|Win32
		{366E1A2D-C4D1-40C8-AC19-1AF49D798DEB}.Development|ARM.ActiveCfg = Development|Win32
		{366E1A2D-C4D1-40C8-AC19-1AF49D798DEB}.Development|ARM64.ActiveCfg = Development|Win32
		{366E1A2D-C4D1-40C8-AC19-1AF49D798DEB}.Development|x64.ActiveCfg = Development|Win32
		{366E1A2D-C4D1-40C8-AC19-1AF49D798DEB}.Development|x86.ActiveCfg = Development|Win32
		{366E1A2D-C4D1-40C8-AC19-1AF49D798DEB}.Release|Any CPU.ActiveCfg = Release|Win32
		{366E1A2D-C4D1-40C8-AC19-1AF49D798DEB}.Release|ARM.ActiveCfg = Release|Win32
		{366E1A2D-C4D1-40C8-AC19-1AF49D798DEB}.Release|ARM64.ActiveCfg = Release|Win32
		{366E1A2D-C4D1-40C8-AC19-1AF49D798DEB}.Release|x64.ActiveCfg = Release|Win32
		{366E1A2D-C4D1-40C8-AC19-1AF49D798DEB}.Release|x86.ActiveCfg = Release|Win32
		{366E1A2D-C4D1-40C8-AC19-1AF49D798DEB}.Release|x86.Build.0 = Release|Win32
		{398DEF00-AA5D-41A5-9CFF-A2B0396EE6C0}.Debug|Any CPU.ActiveCfg = Debug|Any CPU
		{398DEF00-AA5D-41A5-9CFF-A2B0396EE6C0}.Debug|Any CPU.Build.0 = Debug|Any CPU
		{398DEF00-AA5D-41A5-9CFF-A2B0396EE6C0}.Debug|ARM.ActiveCfg = Debug|Any CPU
		{398DEF00-AA5D-41A5-9CFF-A2B0396EE6C0}.Debug|ARM.Build.0 = Debug|Any CPU
		{398DEF00-AA5D-41A5-9CFF-A2B0396EE6C0}.Debug|ARM64.ActiveCfg = Debug|Any CPU
		{398DEF00-AA5D-41A5-9CFF-A2B0396EE6C0}.Debug|ARM64.Build.0 = Debug|Any CPU
		{398DEF00-AA5D-41A5-9CFF-A2B0396EE6C0}.Debug|x64.ActiveCfg = Debug|Any CPU
		{398DEF00-AA5D-41A5-9CFF-A2B0396EE6C0}.Debug|x64.Build.0 = Debug|Any CPU
		{398DEF00-AA5D-41A5-9CFF-A2B0396EE6C0}.Debug|x86.ActiveCfg = Debug|Any CPU
		{398DEF00-AA5D-41A5-9CFF-A2B0396EE6C0}.Debug|x86.Build.0 = Debug|Any CPU
		{398DEF00-AA5D-41A5-9CFF-A2B0396EE6C0}.Development|Any CPU.ActiveCfg = Development|Any CPU
		{398DEF00-AA5D-41A5-9CFF-A2B0396EE6C0}.Development|Any CPU.Build.0 = Development|Any CPU
		{398DEF00-AA5D-41A5-9CFF-A2B0396EE6C0}.Development|ARM.ActiveCfg = Development|Any CPU
		{398DEF00-AA5D-41A5-9CFF-A2B0396EE6C0}.Development|ARM.Build.0 = Development|Any CPU
		{398DEF00-AA5D-41A5-9CFF-A2B0396EE6C0}.Development|ARM64.ActiveCfg = Development|Any CPU
		{398DEF00-AA5D-41A5-9CFF-A2B0396EE6C0}.Development|ARM64.Build.0 = Development|Any CPU
		{398DEF00-AA5D-41A5-9CFF-A2B0396EE6C0}.Development|x64.ActiveCfg = Development|Any CPU
		{398DEF00-AA5D-41A5-9CFF-A2B0396EE6C0}.Development|x64.Build.0 = Development|Any CPU
		{398DEF00-AA5D-41A5-9CFF-A2B0396EE6C0}.Development|x86.ActiveCfg = Development|Any CPU
		{398DEF00-AA5D-41A5-9CFF-A2B0396EE6C0}.Development|x86.Build.0 = Development|Any CPU
		{398DEF00-AA5D-41A5-9CFF-A2B0396EE6C0}.Release|Any CPU.ActiveCfg = Release|Any CPU
		{398DEF00-AA5D-41A5-9CFF-A2B0396EE6C0}.Release|Any CPU.Build.0 = Release|Any CPU
		{398DEF00-AA5D-41A5-9CFF-A2B0396EE6C0}.Release|ARM.ActiveCfg = Release|Any CPU
		{398DEF00-AA5D-41A5-9CFF-A2B0396EE6C0}.Release|ARM.Build.0 = Release|Any CPU
		{398DEF00-AA5D-41A5-9CFF-A2B0396EE6C0}.Release|ARM64.ActiveCfg = Release|Any CPU
		{398DEF00-AA5D-41A5-9CFF-A2B0396EE6C0}.Release|ARM64.Build.0 = Release|Any CPU
		{398DEF00-AA5D-41A5-9CFF-A2B0396EE6C0}.Release|x64.ActiveCfg = Release|Any CPU
		{398DEF00-AA5D-41A5-9CFF-A2B0396EE6C0}.Release|x64.Build.0 = Release|Any CPU
		{398DEF00-AA5D-41A5-9CFF-A2B0396EE6C0}.Release|x86.ActiveCfg = Release|Any CPU
		{398DEF00-AA5D-41A5-9CFF-A2B0396EE6C0}.Release|x86.Build.0 = Release|Any CPU
		{8BD61AEF-854D-4EC1-A36D-E57B4C3CA1EF}.Debug|Any CPU.ActiveCfg = Debug|Any CPU
		{8BD61AEF-854D-4EC1-A36D-E57B4C3CA1EF}.Debug|Any CPU.Build.0 = Debug|Any CPU
		{8BD61AEF-854D-4EC1-A36D-E57B4C3CA1EF}.Debug|ARM.ActiveCfg = Debug|Any CPU
		{8BD61AEF-854D-4EC1-A36D-E57B4C3CA1EF}.Debug|ARM.Build.0 = Debug|Any CPU
		{8BD61AEF-854D-4EC1-A36D-E57B4C3CA1EF}.Debug|ARM64.ActiveCfg = Debug|Any CPU
		{8BD61AEF-854D-4EC1-A36D-E57B4C3CA1EF}.Debug|ARM64.Build.0 = Debug|Any CPU
		{8BD61AEF-854D-4EC1-A36D-E57B4C3CA1EF}.Debug|x64.ActiveCfg = Debug|Any CPU
		{8BD61AEF-854D-4EC1-A36D-E57B4C3CA1EF}.Debug|x64.Build.0 = Debug|Any CPU
		{8BD61AEF-854D-4EC1-A36D-E57B4C3CA1EF}.Debug|x86.ActiveCfg = Debug|Any CPU
		{8BD61AEF-854D-4EC1-A36D-E57B4C3CA1EF}.Debug|x86.Build.0 = Debug|Any CPU
		{8BD61AEF-854D-4EC1-A36D-E57B4C3CA1EF}.Development|Any CPU.ActiveCfg = Development|Any CPU
		{8BD61AEF-854D-4EC1-A36D-E57B4C3CA1EF}.Development|Any CPU.Build.0 = Development|Any CPU
		{8BD61AEF-854D-4EC1-A36D-E57B4C3CA1EF}.Development|ARM.ActiveCfg = Development|Any CPU
		{8BD61AEF-854D-4EC1-A36D-E57B4C3CA1EF}.Development|ARM.Build.0 = Development|Any CPU
		{8BD61AEF-854D-4EC1-A36D-E57B4C3CA1EF}.Development|ARM64.ActiveCfg = Development|Any CPU
		{8BD61AEF-854D-4EC1-A36D-E57B4C3CA1EF}.Development|ARM64.Build.0 = Development|Any CPU
		{8BD61AEF-854D-4EC1-A36D-E57B4C3CA1EF}.Development|x64.ActiveCfg = Development|Any CPU
		{8BD61AEF-854D-4EC1-A36D-E57B4C3CA1EF}.Development|x64.Build.0 = Development|Any CPU
		{8BD61AEF-854D-4EC1-A36D-E57B4C3CA1EF}.Development|x86.ActiveCfg = Development|Any CPU
		{8BD61AEF-854D-4EC1-A36D-E57B4C3CA1EF}.Development|x86.Build.0 = Development|Any CPU
		{8BD61AEF-854D-4EC1-A36D-E57B4C3CA1EF}.Release|Any CPU.ActiveCfg = Release|Any CPU
		{8BD61AEF-854D-4EC1-A36D-E57B4C3CA1EF}.Release|Any CPU.Build.0 = Release|Any CPU
		{8BD61AEF-854D-4EC1-A36D-E57B4C3CA1EF}.Release|ARM.ActiveCfg = Release|Any CPU
		{8BD61AEF-854D-4EC1-A36D-E57B4C3CA1EF}.Release|ARM.Build.0 = Release|Any CPU
		{8BD61AEF-854D-4EC1-A36D-E57B4C3CA1EF}.Release|ARM64.ActiveCfg = Release|Any CPU
		{8BD61AEF-854D-4EC1-A36D-E57B4C3CA1EF}.Release|ARM64.Build.0 = Release|Any CPU
		{8BD61AEF-854D-4EC1-A36D-E57B4C3CA1EF}.Release|x64.ActiveCfg = Release|Any CPU
		{8BD61AEF-854D-4EC1-A36D-E57B4C3CA1EF}.Release|x64.Build.0 = Release|Any CPU
		{8BD61AEF-854D-4EC1-A36D-E57B4C3CA1EF}.Release|x86.ActiveCfg = Release|Any CPU
		{8BD61AEF-854D-4EC1-A36D-E57B4C3CA1EF}.Release|x86.Build.0 = Release|Any CPU
		{71C78A57-2035-47C0-A4E9-0EA15AA0939F}.Debug|Any CPU.ActiveCfg = Debug|Any CPU
		{71C78A57-2035-47C0-A4E9-0EA15AA0939F}.Debug|Any CPU.Build.0 = Debug|Any CPU
		{71C78A57-2035-47C0-A4E9-0EA15AA0939F}.Debug|ARM.ActiveCfg = Debug|Any CPU
		{71C78A57-2035-47C0-A4E9-0EA15AA0939F}.Debug|ARM.Build.0 = Debug|Any CPU
		{71C78A57-2035-47C0-A4E9-0EA15AA0939F}.Debug|ARM64.ActiveCfg = Debug|Any CPU
		{71C78A57-2035-47C0-A4E9-0EA15AA0939F}.Debug|ARM64.Build.0 = Debug|Any CPU
		{71C78A57-2035-47C0-A4E9-0EA15AA0939F}.Debug|x64.ActiveCfg = Debug|Any CPU
		{71C78A57-2035-47C0-A4E9-0EA15AA0939F}.Debug|x64.Build.0 = Debug|Any CPU
		{71C78A57-2035-47C0-A4E9-0EA15AA0939F}.Debug|x86.ActiveCfg = Debug|Any CPU
		{71C78A57-2035-47C0-A4E9-0EA15AA0939F}.Debug|x86.Build.0 = Debug|Any CPU
		{71C78A57-2035-47C0-A4E9-0EA15AA0939F}.Development|Any CPU.ActiveCfg = Development|Any CPU
		{71C78A57-2035-47C0-A4E9-0EA15AA0939F}.Development|Any CPU.Build.0 = Development|Any CPU
		{71C78A57-2035-47C0-A4E9-0EA15AA0939F}.Development|ARM.ActiveCfg = Development|Any CPU
		{71C78A57-2035-47C0-A4E9-0EA15AA0939F}.Development|ARM.Build.0 = Development|Any CPU
		{71C78A57-2035-47C0-A4E9-0EA15AA0939F}.Development|ARM64.ActiveCfg = Development|Any CPU
		{71C78A57-2035-47C0-A4E9-0EA15AA0939F}.Development|ARM64.Build.0 = Development|Any CPU
		{71C78A57-2035-47C0-A4E9-0EA15AA0939F}.Development|x64.ActiveCfg = Development|Any CPU
		{71C78A57-2035-47C0-A4E9-0EA15AA0939F}.Development|x64.Build.0 = Development|Any CPU
		{71C78A57-2035-47C0-A4E9-0EA15AA0939F}.Development|x86.ActiveCfg = Development|Any CPU
		{71C78A57-2035-47C0-A4E9-0EA15AA0939F}.Development|x86.Build.0 = Development|Any CPU
		{71C78A57-2035-47C0-A4E9-0EA15AA0939F}.Release|Any CPU.ActiveCfg = Release|Any CPU
		{71C78A57-2035-47C0-A4E9-0EA15AA0939F}.Release|Any CPU.Build.0 = Release|Any CPU
		{71C78A57-2035-47C0-A4E9-0EA15AA0939F}.Release|ARM.ActiveCfg = Release|Any CPU
		{71C78A57-2035-47C0-A4E9-0EA15AA0939F}.Release|ARM.Build.0 = Release|Any CPU
		{71C78A57-2035-47C0-A4E9-0EA15AA0939F}.Release|ARM64.ActiveCfg = Release|Any CPU
		{71C78A57-2035-47C0-A4E9-0EA15AA0939F}.Release|ARM64.Build.0 = Release|Any CPU
		{71C78A57-2035-47C0-A4E9-0EA15AA0939F}.Release|x64.ActiveCfg = Release|Any CPU
		{71C78A57-2035-47C0-A4E9-0EA15AA0939F}.Release|x64.Build.0 = Release|Any CPU
		{71C78A57-2035-47C0-A4E9-0EA15AA0939F}.Release|x86.ActiveCfg = Release|Any CPU
		{71C78A57-2035-47C0-A4E9-0EA15AA0939F}.Release|x86.Build.0 = Release|Any CPU
		{A9E5BBB4-A8A6-44A4-B869-A0F416835F35}.Debug|Any CPU.ActiveCfg = Debug|Any CPU
		{A9E5BBB4-A8A6-44A4-B869-A0F416835F35}.Debug|Any CPU.Build.0 = Debug|Any CPU
		{A9E5BBB4-A8A6-44A4-B869-A0F416835F35}.Debug|ARM.ActiveCfg = Debug|Any CPU
		{A9E5BBB4-A8A6-44A4-B869-A0F416835F35}.Debug|ARM.Build.0 = Debug|Any CPU
		{A9E5BBB4-A8A6-44A4-B869-A0F416835F35}.Debug|ARM64.ActiveCfg = Debug|Any CPU
		{A9E5BBB4-A8A6-44A4-B869-A0F416835F35}.Debug|ARM64.Build.0 = Debug|Any CPU
		{A9E5BBB4-A8A6-44A4-B869-A0F416835F35}.Debug|x64.ActiveCfg = Debug|Any CPU
		{A9E5BBB4-A8A6-44A4-B869-A0F416835F35}.Debug|x64.Build.0 = Debug|Any CPU
		{A9E5BBB4-A8A6-44A4-B869-A0F416835F35}.Debug|x86.ActiveCfg = Debug|Any CPU
		{A9E5BBB4-A8A6-44A4-B869-A0F416835F35}.Debug|x86.Build.0 = Debug|Any CPU
		{A9E5BBB4-A8A6-44A4-B869-A0F416835F35}.Development|Any CPU.ActiveCfg = Debug|Any CPU
		{A9E5BBB4-A8A6-44A4-B869-A0F416835F35}.Development|Any CPU.Build.0 = Debug|Any CPU
		{A9E5BBB4-A8A6-44A4-B869-A0F416835F35}.Development|ARM.ActiveCfg = Debug|Any CPU
		{A9E5BBB4-A8A6-44A4-B869-A0F416835F35}.Development|ARM.Build.0 = Debug|Any CPU
		{A9E5BBB4-A8A6-44A4-B869-A0F416835F35}.Development|ARM64.ActiveCfg = Debug|Any CPU
		{A9E5BBB4-A8A6-44A4-B869-A0F416835F35}.Development|ARM64.Build.0 = Debug|Any CPU
		{A9E5BBB4-A8A6-44A4-B869-A0F416835F35}.Development|x64.ActiveCfg = Debug|Any CPU
		{A9E5BBB4-A8A6-44A4-B869-A0F416835F35}.Development|x64.Build.0 = Debug|Any CPU
		{A9E5BBB4-A8A6-44A4-B869-A0F416835F35}.Development|x86.ActiveCfg = Debug|Any CPU
		{A9E5BBB4-A8A6-44A4-B869-A0F416835F35}.Development|x86.Build.0 = Debug|Any CPU
		{A9E5BBB4-A8A6-44A4-B869-A0F416835F35}.Release|Any CPU.ActiveCfg = Release|Any CPU
		{A9E5BBB4-A8A6-44A4-B869-A0F416835F35}.Release|Any CPU.Build.0 = Release|Any CPU
		{A9E5BBB4-A8A6-44A4-B869-A0F416835F35}.Release|ARM.ActiveCfg = Release|Any CPU
		{A9E5BBB4-A8A6-44A4-B869-A0F416835F35}.Release|ARM.Build.0 = Release|Any CPU
		{A9E5BBB4-A8A6-44A4-B869-A0F416835F35}.Release|ARM64.ActiveCfg = Release|Any CPU
		{A9E5BBB4-A8A6-44A4-B869-A0F416835F35}.Release|ARM64.Build.0 = Release|Any CPU
		{A9E5BBB4-A8A6-44A4-B869-A0F416835F35}.Release|x64.ActiveCfg = Release|Any CPU
		{A9E5BBB4-A8A6-44A4-B869-A0F416835F35}.Release|x64.Build.0 = Release|Any CPU
		{A9E5BBB4-A8A6-44A4-B869-A0F416835F35}.Release|x86.ActiveCfg = Release|Any CPU
		{A9E5BBB4-A8A6-44A4-B869-A0F416835F35}.Release|x86.Build.0 = Release|Any CPU
		{CE028ECC-180B-43AE-AE5E-C27C9CA86A72}.Debug|Any CPU.ActiveCfg = Debug|Any CPU
		{CE028ECC-180B-43AE-AE5E-C27C9CA86A72}.Debug|Any CPU.Build.0 = Debug|Any CPU
		{CE028ECC-180B-43AE-AE5E-C27C9CA86A72}.Debug|ARM.ActiveCfg = Debug|Any CPU
		{CE028ECC-180B-43AE-AE5E-C27C9CA86A72}.Debug|ARM.Build.0 = Debug|Any CPU
		{CE028ECC-180B-43AE-AE5E-C27C9CA86A72}.Debug|ARM64.ActiveCfg = Debug|Any CPU
		{CE028ECC-180B-43AE-AE5E-C27C9CA86A72}.Debug|ARM64.Build.0 = Debug|Any CPU
		{CE028ECC-180B-43AE-AE5E-C27C9CA86A72}.Debug|x64.ActiveCfg = Debug|Any CPU
		{CE028ECC-180B-43AE-AE5E-C27C9CA86A72}.Debug|x64.Build.0 = Debug|Any CPU
		{CE028ECC-180B-43AE-AE5E-C27C9CA86A72}.Debug|x86.ActiveCfg = Debug|Any CPU
		{CE028ECC-180B-43AE-AE5E-C27C9CA86A72}.Debug|x86.Build.0 = Debug|Any CPU
		{CE028ECC-180B-43AE-AE5E-C27C9CA86A72}.Development|Any CPU.ActiveCfg = Debug|Any CPU
		{CE028ECC-180B-43AE-AE5E-C27C9CA86A72}.Development|Any CPU.Build.0 = Debug|Any CPU
		{CE028ECC-180B-43AE-AE5E-C27C9CA86A72}.Development|ARM.ActiveCfg = Debug|Any CPU
		{CE028ECC-180B-43AE-AE5E-C27C9CA86A72}.Development|ARM.Build.0 = Debug|Any CPU
		{CE028ECC-180B-43AE-AE5E-C27C9CA86A72}.Development|ARM64.ActiveCfg = Debug|Any CPU
		{CE028ECC-180B-43AE-AE5E-C27C9CA86A72}.Development|ARM64.Build.0 = Debug|Any CPU
		{CE028ECC-180B-43AE-AE5E-C27C9CA86A72}.Development|x64.ActiveCfg = Debug|Any CPU
		{CE028ECC-180B-43AE-AE5E-C27C9CA86A72}.Development|x64.Build.0 = Debug|Any CPU
		{CE028ECC-180B-43AE-AE5E-C27C9CA86A72}.Development|x86.ActiveCfg = Debug|Any CPU
		{CE028ECC-180B-43AE-AE5E-C27C9CA86A72}.Development|x86.Build.0 = Debug|Any CPU
		{CE028ECC-180B-43AE-AE5E-C27C9CA86A72}.Release|Any CPU.ActiveCfg = Release|Any CPU
		{CE028ECC-180B-43AE-AE5E-C27C9CA86A72}.Release|Any CPU.Build.0 = Release|Any CPU
		{CE028ECC-180B-43AE-AE5E-C27C9CA86A72}.Release|ARM.ActiveCfg = Release|Any CPU
		{CE028ECC-180B-43AE-AE5E-C27C9CA86A72}.Release|ARM.Build.0 = Release|Any CPU
		{CE028ECC-180B-43AE-AE5E-C27C9CA86A72}.Release|ARM64.ActiveCfg = Release|Any CPU
		{CE028ECC-180B-43AE-AE5E-C27C9CA86A72}.Release|ARM64.Build.0 = Release|Any CPU
		{CE028ECC-180B-43AE-AE5E-C27C9CA86A72}.Release|x64.ActiveCfg = Release|Any CPU
		{CE028ECC-180B-43AE-AE5E-C27C9CA86A72}.Release|x64.Build.0 = Release|Any CPU
		{CE028ECC-180B-43AE-AE5E-C27C9CA86A72}.Release|x86.ActiveCfg = Release|Any CPU
		{CE028ECC-180B-43AE-AE5E-C27C9CA86A72}.Release|x86.Build.0 = Release|Any CPU
		{A2239011-D5E8-4172-952F-BEAE54839FFF}.Debug|Any CPU.ActiveCfg = Debug|Any CPU
		{A2239011-D5E8-4172-952F-BEAE54839FFF}.Debug|Any CPU.Build.0 = Debug|Any CPU
		{A2239011-D5E8-4172-952F-BEAE54839FFF}.Debug|Any CPU.Deploy.0 = Debug|Any CPU
		{A2239011-D5E8-4172-952F-BEAE54839FFF}.Debug|ARM.ActiveCfg = Debug|Any CPU
		{A2239011-D5E8-4172-952F-BEAE54839FFF}.Debug|ARM.Build.0 = Debug|Any CPU
		{A2239011-D5E8-4172-952F-BEAE54839FFF}.Debug|ARM.Deploy.0 = Debug|Any CPU
		{A2239011-D5E8-4172-952F-BEAE54839FFF}.Debug|ARM64.ActiveCfg = Debug|Any CPU
		{A2239011-D5E8-4172-952F-BEAE54839FFF}.Debug|ARM64.Build.0 = Debug|Any CPU
		{A2239011-D5E8-4172-952F-BEAE54839FFF}.Debug|ARM64.Deploy.0 = Debug|Any CPU
		{A2239011-D5E8-4172-952F-BEAE54839FFF}.Debug|x64.ActiveCfg = Debug|Any CPU
		{A2239011-D5E8-4172-952F-BEAE54839FFF}.Debug|x64.Build.0 = Debug|Any CPU
		{A2239011-D5E8-4172-952F-BEAE54839FFF}.Debug|x64.Deploy.0 = Debug|Any CPU
		{A2239011-D5E8-4172-952F-BEAE54839FFF}.Debug|x86.ActiveCfg = Debug|Any CPU
		{A2239011-D5E8-4172-952F-BEAE54839FFF}.Debug|x86.Build.0 = Debug|Any CPU
		{A2239011-D5E8-4172-952F-BEAE54839FFF}.Debug|x86.Deploy.0 = Debug|Any CPU
		{A2239011-D5E8-4172-952F-BEAE54839FFF}.Development|Any CPU.ActiveCfg = Debug|Any CPU
		{A2239011-D5E8-4172-952F-BEAE54839FFF}.Development|Any CPU.Build.0 = Debug|Any CPU
		{A2239011-D5E8-4172-952F-BEAE54839FFF}.Development|Any CPU.Deploy.0 = Debug|Any CPU
		{A2239011-D5E8-4172-952F-BEAE54839FFF}.Development|ARM.ActiveCfg = Debug|Any CPU
		{A2239011-D5E8-4172-952F-BEAE54839FFF}.Development|ARM.Build.0 = Debug|Any CPU
		{A2239011-D5E8-4172-952F-BEAE54839FFF}.Development|ARM.Deploy.0 = Debug|Any CPU
		{A2239011-D5E8-4172-952F-BEAE54839FFF}.Development|ARM64.ActiveCfg = Debug|Any CPU
		{A2239011-D5E8-4172-952F-BEAE54839FFF}.Development|ARM64.Build.0 = Debug|Any CPU
		{A2239011-D5E8-4172-952F-BEAE54839FFF}.Development|ARM64.Deploy.0 = Debug|Any CPU
		{A2239011-D5E8-4172-952F-BEAE54839FFF}.Development|x64.ActiveCfg = Debug|Any CPU
		{A2239011-D5E8-4172-952F-BEAE54839FFF}.Development|x64.Build.0 = Debug|Any CPU
		{A2239011-D5E8-4172-952F-BEAE54839FFF}.Development|x64.Deploy.0 = Debug|Any CPU
		{A2239011-D5E8-4172-952F-BEAE54839FFF}.Development|x86.ActiveCfg = Debug|Any CPU
		{A2239011-D5E8-4172-952F-BEAE54839FFF}.Development|x86.Build.0 = Debug|Any CPU
		{A2239011-D5E8-4172-952F-BEAE54839FFF}.Development|x86.Deploy.0 = Debug|Any CPU
		{A2239011-D5E8-4172-952F-BEAE54839FFF}.Release|Any CPU.ActiveCfg = Release|Any CPU
		{A2239011-D5E8-4172-952F-BEAE54839FFF}.Release|Any CPU.Build.0 = Release|Any CPU
		{A2239011-D5E8-4172-952F-BEAE54839FFF}.Release|Any CPU.Deploy.0 = Release|Any CPU
		{A2239011-D5E8-4172-952F-BEAE54839FFF}.Release|ARM.ActiveCfg = Release|Any CPU
		{A2239011-D5E8-4172-952F-BEAE54839FFF}.Release|ARM.Build.0 = Release|Any CPU
		{A2239011-D5E8-4172-952F-BEAE54839FFF}.Release|ARM.Deploy.0 = Release|Any CPU
		{A2239011-D5E8-4172-952F-BEAE54839FFF}.Release|ARM64.ActiveCfg = Release|Any CPU
		{A2239011-D5E8-4172-952F-BEAE54839FFF}.Release|ARM64.Build.0 = Release|Any CPU
		{A2239011-D5E8-4172-952F-BEAE54839FFF}.Release|ARM64.Deploy.0 = Release|Any CPU
		{A2239011-D5E8-4172-952F-BEAE54839FFF}.Release|x64.ActiveCfg = Release|Any CPU
		{A2239011-D5E8-4172-952F-BEAE54839FFF}.Release|x64.Build.0 = Release|Any CPU
		{A2239011-D5E8-4172-952F-BEAE54839FFF}.Release|x64.Deploy.0 = Release|Any CPU
		{A2239011-D5E8-4172-952F-BEAE54839FFF}.Release|x86.ActiveCfg = Release|Any CPU
		{A2239011-D5E8-4172-952F-BEAE54839FFF}.Release|x86.Build.0 = Release|Any CPU
		{A2239011-D5E8-4172-952F-BEAE54839FFF}.Release|x86.Deploy.0 = Release|Any CPU
		{542BEFB3-F5F3-4DE1-9836-32A634AC9457}.Debug|Any CPU.ActiveCfg = Debug|Any CPU
		{542BEFB3-F5F3-4DE1-9836-32A634AC9457}.Debug|Any CPU.Build.0 = Debug|Any CPU
		{542BEFB3-F5F3-4DE1-9836-32A634AC9457}.Debug|Any CPU.Deploy.0 = Debug|Any CPU
		{542BEFB3-F5F3-4DE1-9836-32A634AC9457}.Debug|ARM.ActiveCfg = Debug|Any CPU
		{542BEFB3-F5F3-4DE1-9836-32A634AC9457}.Debug|ARM.Build.0 = Debug|Any CPU
		{542BEFB3-F5F3-4DE1-9836-32A634AC9457}.Debug|ARM.Deploy.0 = Debug|Any CPU
		{542BEFB3-F5F3-4DE1-9836-32A634AC9457}.Debug|ARM64.ActiveCfg = Debug|Any CPU
		{542BEFB3-F5F3-4DE1-9836-32A634AC9457}.Debug|ARM64.Build.0 = Debug|Any CPU
		{542BEFB3-F5F3-4DE1-9836-32A634AC9457}.Debug|ARM64.Deploy.0 = Debug|Any CPU
		{542BEFB3-F5F3-4DE1-9836-32A634AC9457}.Debug|x64.ActiveCfg = Debug|Any CPU
		{542BEFB3-F5F3-4DE1-9836-32A634AC9457}.Debug|x64.Build.0 = Debug|Any CPU
		{542BEFB3-F5F3-4DE1-9836-32A634AC9457}.Debug|x64.Deploy.0 = Debug|Any CPU
		{542BEFB3-F5F3-4DE1-9836-32A634AC9457}.Debug|x86.ActiveCfg = Debug|Any CPU
		{542BEFB3-F5F3-4DE1-9836-32A634AC9457}.Debug|x86.Build.0 = Debug|Any CPU
		{542BEFB3-F5F3-4DE1-9836-32A634AC9457}.Debug|x86.Deploy.0 = Debug|Any CPU
		{542BEFB3-F5F3-4DE1-9836-32A634AC9457}.Development|Any CPU.ActiveCfg = Debug|Any CPU
		{542BEFB3-F5F3-4DE1-9836-32A634AC9457}.Development|Any CPU.Build.0 = Debug|Any CPU
		{542BEFB3-F5F3-4DE1-9836-32A634AC9457}.Development|Any CPU.Deploy.0 = Debug|Any CPU
		{542BEFB3-F5F3-4DE1-9836-32A634AC9457}.Development|ARM.ActiveCfg = Debug|Any CPU
		{542BEFB3-F5F3-4DE1-9836-32A634AC9457}.Development|ARM.Build.0 = Debug|Any CPU
		{542BEFB3-F5F3-4DE1-9836-32A634AC9457}.Development|ARM.Deploy.0 = Debug|Any CPU
		{542BEFB3-F5F3-4DE1-9836-32A634AC9457}.Development|ARM64.ActiveCfg = Debug|Any CPU
		{542BEFB3-F5F3-4DE1-9836-32A634AC9457}.Development|ARM64.Build.0 = Debug|Any CPU
		{542BEFB3-F5F3-4DE1-9836-32A634AC9457}.Development|ARM64.Deploy.0 = Debug|Any CPU
		{542BEFB3-F5F3-4DE1-9836-32A634AC9457}.Development|x64.ActiveCfg = Debug|Any CPU
		{542BEFB3-F5F3-4DE1-9836-32A634AC9457}.Development|x64.Build.0 = Debug|Any CPU
		{542BEFB3-F5F3-4DE1-9836-32A634AC9457}.Development|x64.Deploy.0 = Debug|Any CPU
		{542BEFB3-F5F3-4DE1-9836-32A634AC9457}.Development|x86.ActiveCfg = Debug|Any CPU
		{542BEFB3-F5F3-4DE1-9836-32A634AC9457}.Development|x86.Build.0 = Debug|Any CPU
		{542BEFB3-F5F3-4DE1-9836-32A634AC9457}.Development|x86.Deploy.0 = Debug|Any CPU
		{542BEFB3-F5F3-4DE1-9836-32A634AC9457}.Release|Any CPU.ActiveCfg = Release|Any CPU
		{542BEFB3-F5F3-4DE1-9836-32A634AC9457}.Release|Any CPU.Build.0 = Release|Any CPU
		{542BEFB3-F5F3-4DE1-9836-32A634AC9457}.Release|Any CPU.Deploy.0 = Release|Any CPU
		{542BEFB3-F5F3-4DE1-9836-32A634AC9457}.Release|ARM.ActiveCfg = Release|Any CPU
		{542BEFB3-F5F3-4DE1-9836-32A634AC9457}.Release|ARM.Build.0 = Release|Any CPU
		{542BEFB3-F5F3-4DE1-9836-32A634AC9457}.Release|ARM.Deploy.0 = Release|Any CPU
		{542BEFB3-F5F3-4DE1-9836-32A634AC9457}.Release|ARM64.ActiveCfg = Release|Any CPU
		{542BEFB3-F5F3-4DE1-9836-32A634AC9457}.Release|ARM64.Build.0 = Release|Any CPU
		{542BEFB3-F5F3-4DE1-9836-32A634AC9457}.Release|ARM64.Deploy.0 = Release|Any CPU
		{542BEFB3-F5F3-4DE1-9836-32A634AC9457}.Release|x64.ActiveCfg = Release|Any CPU
		{542BEFB3-F5F3-4DE1-9836-32A634AC9457}.Release|x64.Build.0 = Release|Any CPU
		{542BEFB3-F5F3-4DE1-9836-32A634AC9457}.Release|x64.Deploy.0 = Release|Any CPU
		{542BEFB3-F5F3-4DE1-9836-32A634AC9457}.Release|x86.ActiveCfg = Release|Any CPU
		{542BEFB3-F5F3-4DE1-9836-32A634AC9457}.Release|x86.Build.0 = Release|Any CPU
		{542BEFB3-F5F3-4DE1-9836-32A634AC9457}.Release|x86.Deploy.0 = Release|Any CPU
		{7B9DB2B9-4B53-4241-8649-95982AF65554}.Debug|Any CPU.ActiveCfg = Debug|Any CPU
		{7B9DB2B9-4B53-4241-8649-95982AF65554}.Debug|Any CPU.Build.0 = Debug|Any CPU
		{7B9DB2B9-4B53-4241-8649-95982AF65554}.Debug|Any CPU.Deploy.0 = Debug|Any CPU
		{7B9DB2B9-4B53-4241-8649-95982AF65554}.Debug|ARM.ActiveCfg = Debug|Any CPU
		{7B9DB2B9-4B53-4241-8649-95982AF65554}.Debug|ARM.Build.0 = Debug|Any CPU
		{7B9DB2B9-4B53-4241-8649-95982AF65554}.Debug|ARM.Deploy.0 = Debug|Any CPU
		{7B9DB2B9-4B53-4241-8649-95982AF65554}.Debug|ARM64.ActiveCfg = Debug|Any CPU
		{7B9DB2B9-4B53-4241-8649-95982AF65554}.Debug|ARM64.Build.0 = Debug|Any CPU
		{7B9DB2B9-4B53-4241-8649-95982AF65554}.Debug|ARM64.Deploy.0 = Debug|Any CPU
		{7B9DB2B9-4B53-4241-8649-95982AF65554}.Debug|x64.ActiveCfg = Debug|Any CPU
		{7B9DB2B9-4B53-4241-8649-95982AF65554}.Debug|x64.Build.0 = Debug|Any CPU
		{7B9DB2B9-4B53-4241-8649-95982AF65554}.Debug|x64.Deploy.0 = Debug|Any CPU
		{7B9DB2B9-4B53-4241-8649-95982AF65554}.Debug|x86.ActiveCfg = Debug|Any CPU
		{7B9DB2B9-4B53-4241-8649-95982AF65554}.Debug|x86.Build.0 = Debug|Any CPU
		{7B9DB2B9-4B53-4241-8649-95982AF65554}.Debug|x86.Deploy.0 = Debug|Any CPU
		{7B9DB2B9-4B53-4241-8649-95982AF65554}.Development|Any CPU.ActiveCfg = Debug|Any CPU
		{7B9DB2B9-4B53-4241-8649-95982AF65554}.Development|Any CPU.Build.0 = Debug|Any CPU
		{7B9DB2B9-4B53-4241-8649-95982AF65554}.Development|Any CPU.Deploy.0 = Debug|Any CPU
		{7B9DB2B9-4B53-4241-8649-95982AF65554}.Development|ARM.ActiveCfg = Debug|Any CPU
		{7B9DB2B9-4B53-4241-8649-95982AF65554}.Development|ARM.Build.0 = Debug|Any CPU
		{7B9DB2B9-4B53-4241-8649-95982AF65554}.Development|ARM.Deploy.0 = Debug|Any CPU
		{7B9DB2B9-4B53-4241-8649-95982AF65554}.Development|ARM64.ActiveCfg = Debug|Any CPU
		{7B9DB2B9-4B53-4241-8649-95982AF65554}.Development|ARM64.Build.0 = Debug|Any CPU
		{7B9DB2B9-4B53-4241-8649-95982AF65554}.Development|ARM64.Deploy.0 = Debug|Any CPU
		{7B9DB2B9-4B53-4241-8649-95982AF65554}.Development|x64.ActiveCfg = Debug|Any CPU
		{7B9DB2B9-4B53-4241-8649-95982AF65554}.Development|x64.Build.0 = Debug|Any CPU
		{7B9DB2B9-4B53-4241-8649-95982AF65554}.Development|x64.Deploy.0 = Debug|Any CPU
		{7B9DB2B9-4B53-4241-8649-95982AF65554}.Development|x86.ActiveCfg = Debug|Any CPU
		{7B9DB2B9-4B53-4241-8649-95982AF65554}.Development|x86.Build.0 = Debug|Any CPU
		{7B9DB2B9-4B53-4241-8649-95982AF65554}.Development|x86.Deploy.0 = Debug|Any CPU
		{7B9DB2B9-4B53-4241-8649-95982AF65554}.Release|Any CPU.ActiveCfg = Release|Any CPU
		{7B9DB2B9-4B53-4241-8649-95982AF65554}.Release|Any CPU.Build.0 = Release|Any CPU
		{7B9DB2B9-4B53-4241-8649-95982AF65554}.Release|Any CPU.Deploy.0 = Release|Any CPU
		{7B9DB2B9-4B53-4241-8649-95982AF65554}.Release|ARM.ActiveCfg = Release|Any CPU
		{7B9DB2B9-4B53-4241-8649-95982AF65554}.Release|ARM.Build.0 = Release|Any CPU
		{7B9DB2B9-4B53-4241-8649-95982AF65554}.Release|ARM.Deploy.0 = Release|Any CPU
		{7B9DB2B9-4B53-4241-8649-95982AF65554}.Release|ARM64.ActiveCfg = Release|Any CPU
		{7B9DB2B9-4B53-4241-8649-95982AF65554}.Release|ARM64.Build.0 = Release|Any CPU
		{7B9DB2B9-4B53-4241-8649-95982AF65554}.Release|ARM64.Deploy.0 = Release|Any CPU
		{7B9DB2B9-4B53-4241-8649-95982AF65554}.Release|x64.ActiveCfg = Release|Any CPU
		{7B9DB2B9-4B53-4241-8649-95982AF65554}.Release|x64.Build.0 = Release|Any CPU
		{7B9DB2B9-4B53-4241-8649-95982AF65554}.Release|x64.Deploy.0 = Release|Any CPU
		{7B9DB2B9-4B53-4241-8649-95982AF65554}.Release|x86.ActiveCfg = Release|Any CPU
		{7B9DB2B9-4B53-4241-8649-95982AF65554}.Release|x86.Build.0 = Release|Any CPU
		{7B9DB2B9-4B53-4241-8649-95982AF65554}.Release|x86.Deploy.0 = Release|Any CPU
		{0B3564F5-386D-4C26-84E1-9632F22E6C53}.Debug|Any CPU.ActiveCfg = Debug|Any CPU
		{0B3564F5-386D-4C26-84E1-9632F22E6C53}.Debug|Any CPU.Build.0 = Debug|Any CPU
		{0B3564F5-386D-4C26-84E1-9632F22E6C53}.Debug|ARM.ActiveCfg = Debug|Any CPU
		{0B3564F5-386D-4C26-84E1-9632F22E6C53}.Debug|ARM.Build.0 = Debug|Any CPU
		{0B3564F5-386D-4C26-84E1-9632F22E6C53}.Debug|ARM64.ActiveCfg = Debug|Any CPU
		{0B3564F5-386D-4C26-84E1-9632F22E6C53}.Debug|ARM64.Build.0 = Debug|Any CPU
		{0B3564F5-386D-4C26-84E1-9632F22E6C53}.Debug|x64.ActiveCfg = Debug|Any CPU
		{0B3564F5-386D-4C26-84E1-9632F22E6C53}.Debug|x64.Build.0 = Debug|Any CPU
		{0B3564F5-386D-4C26-84E1-9632F22E6C53}.Debug|x86.ActiveCfg = Debug|Any CPU
		{0B3564F5-386D-4C26-84E1-9632F22E6C53}.Debug|x86.Build.0 = Debug|Any CPU
		{0B3564F5-386D-4C26-84E1-9632F22E6C53}.Development|Any CPU.ActiveCfg = Debug|Any CPU
		{0B3564F5-386D-4C26-84E1-9632F22E6C53}.Development|Any CPU.Build.0 = Debug|Any CPU
		{0B3564F5-386D-4C26-84E1-9632F22E6C53}.Development|ARM.ActiveCfg = Debug|Any CPU
		{0B3564F5-386D-4C26-84E1-9632F22E6C53}.Development|ARM.Build.0 = Debug|Any CPU
		{0B3564F5-386D-4C26-84E1-9632F22E6C53}.Development|ARM64.ActiveCfg = Debug|Any CPU
		{0B3564F5-386D-4C26-84E1-9632F22E6C53}.Development|ARM64.Build.0 = Debug|Any CPU
		{0B3564F5-386D-4C26-84E1-9632F22E6C53}.Development|x64.ActiveCfg = Debug|Any CPU
		{0B3564F5-386D-4C26-84E1-9632F22E6C53}.Development|x64.Build.0 = Debug|Any CPU
		{0B3564F5-386D-4C26-84E1-9632F22E6C53}.Development|x86.ActiveCfg = Debug|Any CPU
		{0B3564F5-386D-4C26-84E1-9632F22E6C53}.Development|x86.Build.0 = Debug|Any CPU
		{0B3564F5-386D-4C26-84E1-9632F22E6C53}.Release|Any CPU.ActiveCfg = Release|Any CPU
		{0B3564F5-386D-4C26-84E1-9632F22E6C53}.Release|Any CPU.Build.0 = Release|Any CPU
		{0B3564F5-386D-4C26-84E1-9632F22E6C53}.Release|ARM.ActiveCfg = Release|Any CPU
		{0B3564F5-386D-4C26-84E1-9632F22E6C53}.Release|ARM.Build.0 = Release|Any CPU
		{0B3564F5-386D-4C26-84E1-9632F22E6C53}.Release|ARM64.ActiveCfg = Release|Any CPU
		{0B3564F5-386D-4C26-84E1-9632F22E6C53}.Release|ARM64.Build.0 = Release|Any CPU
		{0B3564F5-386D-4C26-84E1-9632F22E6C53}.Release|x64.ActiveCfg = Release|Any CPU
		{0B3564F5-386D-4C26-84E1-9632F22E6C53}.Release|x64.Build.0 = Release|Any CPU
		{0B3564F5-386D-4C26-84E1-9632F22E6C53}.Release|x86.ActiveCfg = Release|Any CPU
		{0B3564F5-386D-4C26-84E1-9632F22E6C53}.Release|x86.Build.0 = Release|Any CPU
	EndGlobalSection
	GlobalSection(SolutionProperties) = preSolution
		HideSolutionNode = FALSE
	EndGlobalSection
	GlobalSection(NestedProjects) = preSolution
		{E8E2A3A0-DB9C-4A6C-B04F-E8F323FA33B8} = {3872A8C6-74C5-4FC3-A1CD-D4293FEFEA79}
		{12942704-F029-445B-8696-0CC75A83A1CC} = {51BBBC46-7733-4823-88B5-BCD715E654ED}
		{8DC5A95A-FB3B-4F05-B888-C29CD79C0C94} = {7DEB5941-345F-494D-9BA4-D8D1C80908FA}
		{13E26C16-3B56-478E-89AC-436E12EC4212} = {51BBBC46-7733-4823-88B5-BCD715E654ED}
		{C5F80730-F44F-4478-BDAE-6634EFC2CA88} = {51BBBC46-7733-4823-88B5-BCD715E654ED}
		{EAC32781-F270-46BA-9D14-2EDB89B3BF7F} = {51BBBC46-7733-4823-88B5-BCD715E654ED}
		{BD0FA8DB-89F2-45E8-B706-1DC667CF57BA} = {A82B9FDF-4061-4D7F-914D-94F4684268F6}
		{4BE62500-8F56-4ABF-9438-45726048BFDC} = {3872A8C6-74C5-4FC3-A1CD-D4293FEFEA79}
		{4882A9B0-77A6-4BB6-8838-A0A27AFBE2B5} = {E76FAD6C-246A-4319-A9EF-5ADD8D96E849}
		{7DEB5941-345F-494D-9BA4-D8D1C80908FA} = {3872A8C6-74C5-4FC3-A1CD-D4293FEFEA79}
		{DE086FA8-BE7E-423E-9BB4-FDD4FC7180C7} = {58B147F5-3ABA-4873-B811-B27615CDBEA2}
		{331E5F28-34DD-4F40-9980-CCCD3F2BCE0D} = {58B147F5-3ABA-4873-B811-B27615CDBEA2}
		{2C820092-0ECE-4C4C-B24E-9C1EBD6D26DB} = {58B147F5-3ABA-4873-B811-B27615CDBEA2}
		{1A765F26-EEF5-4182-89A2-B60E1E4A1EF0} = {E76FAD6C-246A-4319-A9EF-5ADD8D96E849}
		{3ACE2586-98E7-48CA-B7D1-1B4F41CF11FB} = {7DEB5941-345F-494D-9BA4-D8D1C80908FA}
		{EA320D36-FE4D-477C-B135-C6D198EDC975} = {51BBBC46-7733-4823-88B5-BCD715E654ED}
		{BE9B9E4D-1A0B-43A6-BEA1-2D11A7BCD12B} = {51BBBC46-7733-4823-88B5-BCD715E654ED}
		{6FDC79B2-AAD9-4899-9B3C-4ACC87A8B467} = {51BBBC46-7733-4823-88B5-BCD715E654ED}
		{D562B3E8-87C5-436D-9208-9BA52603BACF} = {58B147F5-3ABA-4873-B811-B27615CDBEA2}
		{2BC0FB6E-3D8C-484C-B75C-C5D99B62ADF6} = {51BBBC46-7733-4823-88B5-BCD715E654ED}
		{3872A8C6-74C5-4FC3-A1CD-D4293FEFEA79} = {E76FAD6C-246A-4319-A9EF-5ADD8D96E849}
		{51BBBC46-7733-4823-88B5-BCD715E654ED} = {E76FAD6C-246A-4319-A9EF-5ADD8D96E849}
		{21228B7E-6DDD-49DA-8F64-B4E64D769BAF} = {3872A8C6-74C5-4FC3-A1CD-D4293FEFEA79}
		{52294410-F02D-4BE6-AE32-3DA32A8A8134} = {21228B7E-6DDD-49DA-8F64-B4E64D769BAF}
		{7BFA54ED-5026-4A27-806B-56C8FB2F4D97} = {21228B7E-6DDD-49DA-8F64-B4E64D769BAF}
		{E5EEA51D-E1AC-4F31-836C-D6C57FCB6174} = {51BBBC46-7733-4823-88B5-BCD715E654ED}
		{E9AB2CB6-E4F4-4AF9-98C3-7DE47F609DA8} = {E76FAD6C-246A-4319-A9EF-5ADD8D96E849}
		{11041F0C-4E7E-46B0-AC4B-C8A1FE8864A7} = {E9AB2CB6-E4F4-4AF9-98C3-7DE47F609DA8}
		{CE37711C-EEAC-4D5C-825F-652248837355} = {E9AB2CB6-E4F4-4AF9-98C3-7DE47F609DA8}
		{4AACD16F-21D9-4432-81C5-23133CA9FC3E} = {E9AB2CB6-E4F4-4AF9-98C3-7DE47F609DA8}
		{372D345F-85C7-4B38-928D-F170BC80FFF4} = {51BBBC46-7733-4823-88B5-BCD715E654ED}
		{7DDD565A-891C-459D-B1D3-09D062748D00} = {E9AB2CB6-E4F4-4AF9-98C3-7DE47F609DA8}
		{2E841BC4-AB02-44CA-B428-2AE55C00797D} = {E9AB2CB6-E4F4-4AF9-98C3-7DE47F609DA8}
		{366E1A2D-C4D1-40C8-AC19-1AF49D798DEB} = {E9AB2CB6-E4F4-4AF9-98C3-7DE47F609DA8}
		{398DEF00-AA5D-41A5-9CFF-A2B0396EE6C0} = {83881336-60B5-4898-84FA-3FB1C5EF46DC}
		{8BD61AEF-854D-4EC1-A36D-E57B4C3CA1EF} = {83881336-60B5-4898-84FA-3FB1C5EF46DC}
		{71C78A57-2035-47C0-A4E9-0EA15AA0939F} = {83881336-60B5-4898-84FA-3FB1C5EF46DC}
		{A42290F6-4CB2-43FF-85E3-251B69CE4CAB} = {A82B9FDF-4061-4D7F-914D-94F4684268F6}
		{A9E5BBB4-A8A6-44A4-B869-A0F416835F35} = {83881336-60B5-4898-84FA-3FB1C5EF46DC}
		{CE028ECC-180B-43AE-AE5E-C27C9CA86A72} = {83881336-60B5-4898-84FA-3FB1C5EF46DC}
		{A2239011-D5E8-4172-952F-BEAE54839FFF} = {27E67BAF-A807-4B20-A9AB-6EE1537EDE9C}
		{542BEFB3-F5F3-4DE1-9836-32A634AC9457} = {27E67BAF-A807-4B20-A9AB-6EE1537EDE9C}
		{7B9DB2B9-4B53-4241-8649-95982AF65554} = {27E67BAF-A807-4B20-A9AB-6EE1537EDE9C}
		{0B3564F5-386D-4C26-84E1-9632F22E6C53} = {58B147F5-3ABA-4873-B811-B27615CDBEA2}
	EndGlobalSection
	GlobalSection(ExtensibilityGlobals) = postSolution
		SolutionGuid = {AB6E2C50-83F2-4258-9769-6E2B7A33D841}
	EndGlobalSection
EndGlobal
