
Microsoft Visual Studio Solution File, Format Version 12.00
# Visual Studio Version 16
VisualStudioVersion = 16.0.29201.188
MinimumVisualStudioVersion = 10.0.40219.1
Project("{2150E333-8FDC-42A3-9474-1A3956D46DE8}") = "SolutionItems", "SolutionItems", "{192C1746-BFB5-47A2-8D14-BA71FFF64897}"
	ProjectSection(SolutionItems) = preProject
		.gitattributes = .gitattributes
		.gitignore = .gitignore
		clean-with-scc.bat = clean-with-scc.bat
		readme.md = readme.md
	EndProjectSection
EndProject
Project("{8BC9CEB8-8B4A-11D0-8D11-00A0C91BC942}") = "Sbus", "Sbus\Sbus.vcxproj", "{E8E2A3A0-DB9C-4A6C-B04F-E8F323FA33B8}"
EndProject
Project("{8BC9CEB8-8B4A-11D0-8D11-00A0C91BC942}") = "Clock", "Clock\Clock.vcxproj", "{12942704-F029-445B-8696-0CC75A83A1CC}"
EndProject
Project("{8BC9CEB8-8B4A-11D0-8D11-00A0C91BC942}") = "Car", "Car\Car.vcxproj", "{8DC5A95A-FB3B-4F05-B888-C29CD79C0C94}"
EndProject
Project("{8BC9CEB8-8B4A-11D0-8D11-00A0C91BC942}") = "Button", "Button\Button.vcxproj", "{13E26C16-3B56-478E-89AC-436E12EC4212}"
EndProject
Project("{8BC9CEB8-8B4A-11D0-8D11-00A0C91BC942}") = "LedIndicator", "LedIndicator\LedIndicator.vcxproj", "{C5F80730-F44F-4478-BDAE-6634EFC2CA88}"
EndProject
Project("{8BC9CEB8-8B4A-11D0-8D11-00A0C91BC942}") = "Relay", "Relay\Relay.vcxproj", "{EAC32781-F270-46BA-9D14-2EDB89B3BF7F}"
EndProject
Project("{2150E333-8FDC-42A3-9474-1A3956D46DE8}") = "Kalman", "Kalman", "{BD0FA8DB-89F2-45E8-B706-1DC667CF57BA}"
	ProjectSection(SolutionItems) = preProject
		..\Kalman\Kalman.ino = ..\Kalman\Kalman.ino
		..\Kalman\калман.xlsx = ..\Kalman\калман.xlsx
	EndProjectSection
EndProject
Project("{8BC9CEB8-8B4A-11D0-8D11-00A0C91BC942}") = "PwmReader", "PwmReader\PwmReader.vcxproj", "{4BE62500-8F56-4ABF-9438-45726048BFDC}"
EndProject
Project("{8BC9CEB8-8B4A-11D0-8D11-00A0C91BC942}") = "I2cScanner", "I2cScanner\I2cScanner.vcxproj", "{4882A9B0-77A6-4BB6-8838-A0A27AFBE2B5}"
EndProject
Project("{2150E333-8FDC-42A3-9474-1A3956D46DE8}") = "ToyCar", "ToyCar", "{7DEB5941-345F-494D-9BA4-D8D1C80908FA}"
EndProject
Project("{2150E333-8FDC-42A3-9474-1A3956D46DE8}") = "Sandbox", "Sandbox", "{58B147F5-3ABA-4873-B811-B27615CDBEA2}"
EndProject
Project("{2150E333-8FDC-42A3-9474-1A3956D46DE8}") = "Arduino", "Arduino", "{E76FAD6C-246A-4319-A9EF-5ADD8D96E849}"
EndProject
Project("{FAE04EC0-301F-11D3-BF4B-00C04F79EFBC}") = "Raspberry.Common", "Raspberry.Common\Raspberry.Common.csproj", "{DE086FA8-BE7E-423E-9BB4-FDD4FC7180C7}"
EndProject
Project("{FAE04EC0-301F-11D3-BF4B-00C04F79EFBC}") = "Raspberry.Sandbox", "Raspberry.Sandbox\Raspberry.Sandbox.csproj", "{331E5F28-34DD-4F40-9980-CCCD3F2BCE0D}"
EndProject
Project("{FAE04EC0-301F-11D3-BF4B-00C04F79EFBC}") = "Windows.Sandbox", "Windows.Sandbox\Windows.Sandbox.csproj", "{99836910-CD77-47D7-9D41-526B1C6BBC40}"
EndProject
Project("{9A19103F-16F7-4668-BE54-9A1E7A4F7556}") = "Core.Sandbox", "Core.Sandbox\Core.Sandbox.csproj", "{2C820092-0ECE-4C4C-B24E-9C1EBD6D26DB}"
EndProject
Project("{8BC9CEB8-8B4A-11D0-8D11-00A0C91BC942}") = "I2cEcho", "I2cEcho\I2cEcho.vcxproj", "{1A765F26-EEF5-4182-89A2-B60E1E4A1EF0}"
EndProject
Project("{8BC9CEB8-8B4A-11D0-8D11-00A0C91BC942}") = "ToyCar", "ToyCar\ToyCar.vcxproj", "{3ACE2586-98E7-48CA-B7D1-1B4F41CF11FB}"
EndProject
Project("{8BC9CEB8-8B4A-11D0-8D11-00A0C91BC942}") = "Bme280", "Bme280\Bme280.vcxproj", "{EA320D36-FE4D-477C-B135-C6D198EDC975}"
EndProject
Project("{8BC9CEB8-8B4A-11D0-8D11-00A0C91BC942}") = "DS1302", "DS1302\DS1302.vcxproj", "{BE9B9E4D-1A0B-43A6-BEA1-2D11A7BCD12B}"
EndProject
Project("{8BC9CEB8-8B4A-11D0-8D11-00A0C91BC942}") = "IrRemote", "IrRemote\IrRemote.vcxproj", "{6FDC79B2-AAD9-4899-9B3C-4ACC87A8B467}"
EndProject
Project("{9A19103F-16F7-4668-BE54-9A1E7A4F7556}") = "Raspbian.Test", "Raspbian.Test\Raspbian.Test.csproj", "{D562B3E8-87C5-436D-9208-9BA52603BACF}"
EndProject
Project("{8BC9CEB8-8B4A-11D0-8D11-00A0C91BC942}") = "Pcf8591", "Pcf8591\Pcf8591.vcxproj", "{53A11CC1-21AD-4327-86A0-50428C66E554}"
EndProject
Global
	GlobalSection(SolutionConfigurationPlatforms) = preSolution
		Debug|Any CPU = Debug|Any CPU
		Debug|ARM = Debug|ARM
		Debug|ARM64 = Debug|ARM64
		Debug|x64 = Debug|x64
		Debug|x86 = Debug|x86
		Release|Any CPU = Release|Any CPU
		Release|ARM = Release|ARM
		Release|ARM64 = Release|ARM64
		Release|x64 = Release|x64
		Release|x86 = Release|x86
	EndGlobalSection
	GlobalSection(ProjectConfigurationPlatforms) = postSolution
		{E8E2A3A0-DB9C-4A6C-B04F-E8F323FA33B8}.Debug|Any CPU.ActiveCfg = Debug|Win32
		{E8E2A3A0-DB9C-4A6C-B04F-E8F323FA33B8}.Debug|ARM.ActiveCfg = Debug|Win32
		{E8E2A3A0-DB9C-4A6C-B04F-E8F323FA33B8}.Debug|ARM64.ActiveCfg = Debug|Win32
		{E8E2A3A0-DB9C-4A6C-B04F-E8F323FA33B8}.Debug|x64.ActiveCfg = Debug|Win32
		{E8E2A3A0-DB9C-4A6C-B04F-E8F323FA33B8}.Debug|x86.ActiveCfg = Debug|Win32
		{E8E2A3A0-DB9C-4A6C-B04F-E8F323FA33B8}.Debug|x86.Build.0 = Debug|Win32
		{E8E2A3A0-DB9C-4A6C-B04F-E8F323FA33B8}.Release|Any CPU.ActiveCfg = Release|Win32
		{E8E2A3A0-DB9C-4A6C-B04F-E8F323FA33B8}.Release|ARM.ActiveCfg = Release|Win32
		{E8E2A3A0-DB9C-4A6C-B04F-E8F323FA33B8}.Release|ARM64.ActiveCfg = Release|Win32
		{E8E2A3A0-DB9C-4A6C-B04F-E8F323FA33B8}.Release|x64.ActiveCfg = Release|Win32
		{E8E2A3A0-DB9C-4A6C-B04F-E8F323FA33B8}.Release|x86.ActiveCfg = Release|Win32
		{E8E2A3A0-DB9C-4A6C-B04F-E8F323FA33B8}.Release|x86.Build.0 = Release|Win32
		{12942704-F029-445B-8696-0CC75A83A1CC}.Debug|Any CPU.ActiveCfg = Debug|Win32
		{12942704-F029-445B-8696-0CC75A83A1CC}.Debug|ARM.ActiveCfg = Debug|Win32
		{12942704-F029-445B-8696-0CC75A83A1CC}.Debug|ARM64.ActiveCfg = Debug|Win32
		{12942704-F029-445B-8696-0CC75A83A1CC}.Debug|x64.ActiveCfg = Debug|Win32
		{12942704-F029-445B-8696-0CC75A83A1CC}.Debug|x86.ActiveCfg = Debug|Win32
		{12942704-F029-445B-8696-0CC75A83A1CC}.Debug|x86.Build.0 = Debug|Win32
		{12942704-F029-445B-8696-0CC75A83A1CC}.Release|Any CPU.ActiveCfg = Release|Win32
		{12942704-F029-445B-8696-0CC75A83A1CC}.Release|ARM.ActiveCfg = Release|Win32
		{12942704-F029-445B-8696-0CC75A83A1CC}.Release|ARM64.ActiveCfg = Release|Win32
		{12942704-F029-445B-8696-0CC75A83A1CC}.Release|x64.ActiveCfg = Release|Win32
		{12942704-F029-445B-8696-0CC75A83A1CC}.Release|x86.ActiveCfg = Release|Win32
		{12942704-F029-445B-8696-0CC75A83A1CC}.Release|x86.Build.0 = Release|Win32
		{8DC5A95A-FB3B-4F05-B888-C29CD79C0C94}.Debug|Any CPU.ActiveCfg = Debug|Win32
		{8DC5A95A-FB3B-4F05-B888-C29CD79C0C94}.Debug|ARM.ActiveCfg = Debug|Win32
		{8DC5A95A-FB3B-4F05-B888-C29CD79C0C94}.Debug|ARM64.ActiveCfg = Debug|Win32
		{8DC5A95A-FB3B-4F05-B888-C29CD79C0C94}.Debug|x64.ActiveCfg = Debug|Win32
		{8DC5A95A-FB3B-4F05-B888-C29CD79C0C94}.Debug|x86.ActiveCfg = Debug|Win32
		{8DC5A95A-FB3B-4F05-B888-C29CD79C0C94}.Debug|x86.Build.0 = Debug|Win32
		{8DC5A95A-FB3B-4F05-B888-C29CD79C0C94}.Release|Any CPU.ActiveCfg = Release|Win32
		{8DC5A95A-FB3B-4F05-B888-C29CD79C0C94}.Release|ARM.ActiveCfg = Release|Win32
		{8DC5A95A-FB3B-4F05-B888-C29CD79C0C94}.Release|ARM64.ActiveCfg = Release|Win32
		{8DC5A95A-FB3B-4F05-B888-C29CD79C0C94}.Release|x64.ActiveCfg = Release|Win32
		{8DC5A95A-FB3B-4F05-B888-C29CD79C0C94}.Release|x86.ActiveCfg = Release|Win32
		{8DC5A95A-FB3B-4F05-B888-C29CD79C0C94}.Release|x86.Build.0 = Release|Win32
		{13E26C16-3B56-478E-89AC-436E12EC4212}.Debug|Any CPU.ActiveCfg = Debug|Win32
		{13E26C16-3B56-478E-89AC-436E12EC4212}.Debug|ARM.ActiveCfg = Debug|Win32
		{13E26C16-3B56-478E-89AC-436E12EC4212}.Debug|ARM64.ActiveCfg = Debug|Win32
		{13E26C16-3B56-478E-89AC-436E12EC4212}.Debug|x64.ActiveCfg = Debug|Win32
		{13E26C16-3B56-478E-89AC-436E12EC4212}.Debug|x86.ActiveCfg = Debug|Win32
		{13E26C16-3B56-478E-89AC-436E12EC4212}.Debug|x86.Build.0 = Debug|Win32
		{13E26C16-3B56-478E-89AC-436E12EC4212}.Release|Any CPU.ActiveCfg = Release|Win32
		{13E26C16-3B56-478E-89AC-436E12EC4212}.Release|ARM.ActiveCfg = Release|Win32
		{13E26C16-3B56-478E-89AC-436E12EC4212}.Release|ARM64.ActiveCfg = Release|Win32
		{13E26C16-3B56-478E-89AC-436E12EC4212}.Release|x64.ActiveCfg = Release|Win32
		{13E26C16-3B56-478E-89AC-436E12EC4212}.Release|x86.ActiveCfg = Release|Win32
		{13E26C16-3B56-478E-89AC-436E12EC4212}.Release|x86.Build.0 = Release|Win32
		{C5F80730-F44F-4478-BDAE-6634EFC2CA88}.Debug|Any CPU.ActiveCfg = Debug|Win32
		{C5F80730-F44F-4478-BDAE-6634EFC2CA88}.Debug|ARM.ActiveCfg = Debug|Win32
		{C5F80730-F44F-4478-BDAE-6634EFC2CA88}.Debug|ARM64.ActiveCfg = Debug|Win32
		{C5F80730-F44F-4478-BDAE-6634EFC2CA88}.Debug|x64.ActiveCfg = Debug|Win32
		{C5F80730-F44F-4478-BDAE-6634EFC2CA88}.Debug|x86.ActiveCfg = Debug|Win32
		{C5F80730-F44F-4478-BDAE-6634EFC2CA88}.Debug|x86.Build.0 = Debug|Win32
		{C5F80730-F44F-4478-BDAE-6634EFC2CA88}.Release|Any CPU.ActiveCfg = Release|Win32
		{C5F80730-F44F-4478-BDAE-6634EFC2CA88}.Release|ARM.ActiveCfg = Release|Win32
		{C5F80730-F44F-4478-BDAE-6634EFC2CA88}.Release|ARM64.ActiveCfg = Release|Win32
		{C5F80730-F44F-4478-BDAE-6634EFC2CA88}.Release|x64.ActiveCfg = Release|Win32
		{C5F80730-F44F-4478-BDAE-6634EFC2CA88}.Release|x86.ActiveCfg = Release|Win32
		{C5F80730-F44F-4478-BDAE-6634EFC2CA88}.Release|x86.Build.0 = Release|Win32
		{EAC32781-F270-46BA-9D14-2EDB89B3BF7F}.Debug|Any CPU.ActiveCfg = Debug|Win32
		{EAC32781-F270-46BA-9D14-2EDB89B3BF7F}.Debug|ARM.ActiveCfg = Debug|Win32
		{EAC32781-F270-46BA-9D14-2EDB89B3BF7F}.Debug|ARM64.ActiveCfg = Debug|Win32
		{EAC32781-F270-46BA-9D14-2EDB89B3BF7F}.Debug|x64.ActiveCfg = Debug|Win32
		{EAC32781-F270-46BA-9D14-2EDB89B3BF7F}.Debug|x86.ActiveCfg = Debug|Win32
		{EAC32781-F270-46BA-9D14-2EDB89B3BF7F}.Debug|x86.Build.0 = Debug|Win32
		{EAC32781-F270-46BA-9D14-2EDB89B3BF7F}.Release|Any CPU.ActiveCfg = Release|Win32
		{EAC32781-F270-46BA-9D14-2EDB89B3BF7F}.Release|ARM.ActiveCfg = Release|Win32
		{EAC32781-F270-46BA-9D14-2EDB89B3BF7F}.Release|ARM64.ActiveCfg = Release|Win32
		{EAC32781-F270-46BA-9D14-2EDB89B3BF7F}.Release|x64.ActiveCfg = Release|Win32
		{EAC32781-F270-46BA-9D14-2EDB89B3BF7F}.Release|x86.ActiveCfg = Release|Win32
		{EAC32781-F270-46BA-9D14-2EDB89B3BF7F}.Release|x86.Build.0 = Release|Win32
		{4BE62500-8F56-4ABF-9438-45726048BFDC}.Debug|Any CPU.ActiveCfg = Debug|Win32
		{4BE62500-8F56-4ABF-9438-45726048BFDC}.Debug|ARM.ActiveCfg = Debug|Win32
		{4BE62500-8F56-4ABF-9438-45726048BFDC}.Debug|ARM64.ActiveCfg = Debug|Win32
		{4BE62500-8F56-4ABF-9438-45726048BFDC}.Debug|x64.ActiveCfg = Debug|Win32
		{4BE62500-8F56-4ABF-9438-45726048BFDC}.Debug|x86.ActiveCfg = Debug|Win32
		{4BE62500-8F56-4ABF-9438-45726048BFDC}.Debug|x86.Build.0 = Debug|Win32
		{4BE62500-8F56-4ABF-9438-45726048BFDC}.Release|Any CPU.ActiveCfg = Release|Win32
		{4BE62500-8F56-4ABF-9438-45726048BFDC}.Release|ARM.ActiveCfg = Release|Win32
		{4BE62500-8F56-4ABF-9438-45726048BFDC}.Release|ARM64.ActiveCfg = Release|Win32
		{4BE62500-8F56-4ABF-9438-45726048BFDC}.Release|x64.ActiveCfg = Release|Win32
		{4BE62500-8F56-4ABF-9438-45726048BFDC}.Release|x86.ActiveCfg = Release|Win32
		{4BE62500-8F56-4ABF-9438-45726048BFDC}.Release|x86.Build.0 = Release|Win32
		{4882A9B0-77A6-4BB6-8838-A0A27AFBE2B5}.Debug|Any CPU.ActiveCfg = Debug|Win32
		{4882A9B0-77A6-4BB6-8838-A0A27AFBE2B5}.Debug|ARM.ActiveCfg = Debug|Win32
		{4882A9B0-77A6-4BB6-8838-A0A27AFBE2B5}.Debug|ARM64.ActiveCfg = Debug|Win32
		{4882A9B0-77A6-4BB6-8838-A0A27AFBE2B5}.Debug|x64.ActiveCfg = Debug|Win32
		{4882A9B0-77A6-4BB6-8838-A0A27AFBE2B5}.Debug|x86.ActiveCfg = Debug|Win32
		{4882A9B0-77A6-4BB6-8838-A0A27AFBE2B5}.Debug|x86.Build.0 = Debug|Win32
		{4882A9B0-77A6-4BB6-8838-A0A27AFBE2B5}.Release|Any CPU.ActiveCfg = Release|Win32
		{4882A9B0-77A6-4BB6-8838-A0A27AFBE2B5}.Release|ARM.ActiveCfg = Release|Win32
		{4882A9B0-77A6-4BB6-8838-A0A27AFBE2B5}.Release|ARM64.ActiveCfg = Release|Win32
		{4882A9B0-77A6-4BB6-8838-A0A27AFBE2B5}.Release|x64.ActiveCfg = Release|Win32
		{4882A9B0-77A6-4BB6-8838-A0A27AFBE2B5}.Release|x86.ActiveCfg = Release|Win32
		{4882A9B0-77A6-4BB6-8838-A0A27AFBE2B5}.Release|x86.Build.0 = Release|Win32
		{DE086FA8-BE7E-423E-9BB4-FDD4FC7180C7}.Debug|Any CPU.ActiveCfg = Debug|Any CPU
		{DE086FA8-BE7E-423E-9BB4-FDD4FC7180C7}.Debug|Any CPU.Build.0 = Debug|Any CPU
		{DE086FA8-BE7E-423E-9BB4-FDD4FC7180C7}.Debug|ARM.ActiveCfg = Debug|ARM
		{DE086FA8-BE7E-423E-9BB4-FDD4FC7180C7}.Debug|ARM.Build.0 = Debug|ARM
		{DE086FA8-BE7E-423E-9BB4-FDD4FC7180C7}.Debug|ARM64.ActiveCfg = Debug|ARM64
		{DE086FA8-BE7E-423E-9BB4-FDD4FC7180C7}.Debug|ARM64.Build.0 = Debug|ARM64
		{DE086FA8-BE7E-423E-9BB4-FDD4FC7180C7}.Debug|x64.ActiveCfg = Debug|x64
		{DE086FA8-BE7E-423E-9BB4-FDD4FC7180C7}.Debug|x64.Build.0 = Debug|x64
		{DE086FA8-BE7E-423E-9BB4-FDD4FC7180C7}.Debug|x86.ActiveCfg = Debug|x86
		{DE086FA8-BE7E-423E-9BB4-FDD4FC7180C7}.Debug|x86.Build.0 = Debug|x86
		{DE086FA8-BE7E-423E-9BB4-FDD4FC7180C7}.Release|Any CPU.ActiveCfg = Release|Any CPU
		{DE086FA8-BE7E-423E-9BB4-FDD4FC7180C7}.Release|Any CPU.Build.0 = Release|Any CPU
		{DE086FA8-BE7E-423E-9BB4-FDD4FC7180C7}.Release|ARM.ActiveCfg = Release|ARM
		{DE086FA8-BE7E-423E-9BB4-FDD4FC7180C7}.Release|ARM.Build.0 = Release|ARM
		{DE086FA8-BE7E-423E-9BB4-FDD4FC7180C7}.Release|ARM64.ActiveCfg = Release|ARM64
		{DE086FA8-BE7E-423E-9BB4-FDD4FC7180C7}.Release|ARM64.Build.0 = Release|ARM64
		{DE086FA8-BE7E-423E-9BB4-FDD4FC7180C7}.Release|x64.ActiveCfg = Release|x64
		{DE086FA8-BE7E-423E-9BB4-FDD4FC7180C7}.Release|x64.Build.0 = Release|x64
		{DE086FA8-BE7E-423E-9BB4-FDD4FC7180C7}.Release|x86.ActiveCfg = Release|x86
		{DE086FA8-BE7E-423E-9BB4-FDD4FC7180C7}.Release|x86.Build.0 = Release|x86
		{331E5F28-34DD-4F40-9980-CCCD3F2BCE0D}.Debug|Any CPU.ActiveCfg = Debug|x86
		{331E5F28-34DD-4F40-9980-CCCD3F2BCE0D}.Debug|ARM.ActiveCfg = Debug|ARM
		{331E5F28-34DD-4F40-9980-CCCD3F2BCE0D}.Debug|ARM.Build.0 = Debug|ARM
		{331E5F28-34DD-4F40-9980-CCCD3F2BCE0D}.Debug|ARM.Deploy.0 = Debug|ARM
		{331E5F28-34DD-4F40-9980-CCCD3F2BCE0D}.Debug|ARM64.ActiveCfg = Debug|x86
		{331E5F28-34DD-4F40-9980-CCCD3F2BCE0D}.Debug|x64.ActiveCfg = Debug|x64
		{331E5F28-34DD-4F40-9980-CCCD3F2BCE0D}.Debug|x64.Build.0 = Debug|x64
		{331E5F28-34DD-4F40-9980-CCCD3F2BCE0D}.Debug|x64.Deploy.0 = Debug|x64
		{331E5F28-34DD-4F40-9980-CCCD3F2BCE0D}.Debug|x86.ActiveCfg = Debug|x86
		{331E5F28-34DD-4F40-9980-CCCD3F2BCE0D}.Debug|x86.Build.0 = Debug|x86
		{331E5F28-34DD-4F40-9980-CCCD3F2BCE0D}.Debug|x86.Deploy.0 = Debug|x86
		{331E5F28-34DD-4F40-9980-CCCD3F2BCE0D}.Release|Any CPU.ActiveCfg = Release|x86
		{331E5F28-34DD-4F40-9980-CCCD3F2BCE0D}.Release|ARM.ActiveCfg = Release|ARM
		{331E5F28-34DD-4F40-9980-CCCD3F2BCE0D}.Release|ARM.Build.0 = Release|ARM
		{331E5F28-34DD-4F40-9980-CCCD3F2BCE0D}.Release|ARM.Deploy.0 = Release|ARM
		{331E5F28-34DD-4F40-9980-CCCD3F2BCE0D}.Release|ARM64.ActiveCfg = Release|x86
		{331E5F28-34DD-4F40-9980-CCCD3F2BCE0D}.Release|x64.ActiveCfg = Release|x64
		{331E5F28-34DD-4F40-9980-CCCD3F2BCE0D}.Release|x64.Build.0 = Release|x64
		{331E5F28-34DD-4F40-9980-CCCD3F2BCE0D}.Release|x64.Deploy.0 = Release|x64
		{331E5F28-34DD-4F40-9980-CCCD3F2BCE0D}.Release|x86.ActiveCfg = Release|x86
		{331E5F28-34DD-4F40-9980-CCCD3F2BCE0D}.Release|x86.Build.0 = Release|x86
		{331E5F28-34DD-4F40-9980-CCCD3F2BCE0D}.Release|x86.Deploy.0 = Release|x86
		{99836910-CD77-47D7-9D41-526B1C6BBC40}.Debug|Any CPU.ActiveCfg = Debug|Any CPU
		{99836910-CD77-47D7-9D41-526B1C6BBC40}.Debug|Any CPU.Build.0 = Debug|Any CPU
		{99836910-CD77-47D7-9D41-526B1C6BBC40}.Debug|ARM.ActiveCfg = Debug|Any CPU
		{99836910-CD77-47D7-9D41-526B1C6BBC40}.Debug|ARM.Build.0 = Debug|Any CPU
		{99836910-CD77-47D7-9D41-526B1C6BBC40}.Debug|ARM64.ActiveCfg = Debug|Any CPU
		{99836910-CD77-47D7-9D41-526B1C6BBC40}.Debug|ARM64.Build.0 = Debug|Any CPU
		{99836910-CD77-47D7-9D41-526B1C6BBC40}.Debug|x64.ActiveCfg = Debug|Any CPU
		{99836910-CD77-47D7-9D41-526B1C6BBC40}.Debug|x64.Build.0 = Debug|Any CPU
		{99836910-CD77-47D7-9D41-526B1C6BBC40}.Debug|x86.ActiveCfg = Debug|Any CPU
		{99836910-CD77-47D7-9D41-526B1C6BBC40}.Debug|x86.Build.0 = Debug|Any CPU
		{99836910-CD77-47D7-9D41-526B1C6BBC40}.Release|Any CPU.ActiveCfg = Release|Any CPU
		{99836910-CD77-47D7-9D41-526B1C6BBC40}.Release|Any CPU.Build.0 = Release|Any CPU
		{99836910-CD77-47D7-9D41-526B1C6BBC40}.Release|ARM.ActiveCfg = Release|Any CPU
		{99836910-CD77-47D7-9D41-526B1C6BBC40}.Release|ARM.Build.0 = Release|Any CPU
		{99836910-CD77-47D7-9D41-526B1C6BBC40}.Release|ARM64.ActiveCfg = Release|Any CPU
		{99836910-CD77-47D7-9D41-526B1C6BBC40}.Release|ARM64.Build.0 = Release|Any CPU
		{99836910-CD77-47D7-9D41-526B1C6BBC40}.Release|x64.ActiveCfg = Release|Any CPU
		{99836910-CD77-47D7-9D41-526B1C6BBC40}.Release|x64.Build.0 = Release|Any CPU
		{99836910-CD77-47D7-9D41-526B1C6BBC40}.Release|x86.ActiveCfg = Release|Any CPU
		{99836910-CD77-47D7-9D41-526B1C6BBC40}.Release|x86.Build.0 = Release|Any CPU
		{2C820092-0ECE-4C4C-B24E-9C1EBD6D26DB}.Debug|Any CPU.ActiveCfg = Debug|Any CPU
		{2C820092-0ECE-4C4C-B24E-9C1EBD6D26DB}.Debug|Any CPU.Build.0 = Debug|Any CPU
		{2C820092-0ECE-4C4C-B24E-9C1EBD6D26DB}.Debug|ARM.ActiveCfg = Debug|Any CPU
		{2C820092-0ECE-4C4C-B24E-9C1EBD6D26DB}.Debug|ARM.Build.0 = Debug|Any CPU
		{2C820092-0ECE-4C4C-B24E-9C1EBD6D26DB}.Debug|ARM64.ActiveCfg = Debug|Any CPU
		{2C820092-0ECE-4C4C-B24E-9C1EBD6D26DB}.Debug|ARM64.Build.0 = Debug|Any CPU
		{2C820092-0ECE-4C4C-B24E-9C1EBD6D26DB}.Debug|x64.ActiveCfg = Debug|Any CPU
		{2C820092-0ECE-4C4C-B24E-9C1EBD6D26DB}.Debug|x64.Build.0 = Debug|Any CPU
		{2C820092-0ECE-4C4C-B24E-9C1EBD6D26DB}.Debug|x86.ActiveCfg = Debug|Any CPU
		{2C820092-0ECE-4C4C-B24E-9C1EBD6D26DB}.Debug|x86.Build.0 = Debug|Any CPU
		{2C820092-0ECE-4C4C-B24E-9C1EBD6D26DB}.Release|Any CPU.ActiveCfg = Release|Any CPU
		{2C820092-0ECE-4C4C-B24E-9C1EBD6D26DB}.Release|Any CPU.Build.0 = Release|Any CPU
		{2C820092-0ECE-4C4C-B24E-9C1EBD6D26DB}.Release|ARM.ActiveCfg = Release|Any CPU
		{2C820092-0ECE-4C4C-B24E-9C1EBD6D26DB}.Release|ARM.Build.0 = Release|Any CPU
		{2C820092-0ECE-4C4C-B24E-9C1EBD6D26DB}.Release|ARM64.ActiveCfg = Release|Any CPU
		{2C820092-0ECE-4C4C-B24E-9C1EBD6D26DB}.Release|ARM64.Build.0 = Release|Any CPU
		{2C820092-0ECE-4C4C-B24E-9C1EBD6D26DB}.Release|x64.ActiveCfg = Release|Any CPU
		{2C820092-0ECE-4C4C-B24E-9C1EBD6D26DB}.Release|x64.Build.0 = Release|Any CPU
		{2C820092-0ECE-4C4C-B24E-9C1EBD6D26DB}.Release|x86.ActiveCfg = Release|Any CPU
		{2C820092-0ECE-4C4C-B24E-9C1EBD6D26DB}.Release|x86.Build.0 = Release|Any CPU
		{1A765F26-EEF5-4182-89A2-B60E1E4A1EF0}.Debug|Any CPU.ActiveCfg = Debug|Win32
		{1A765F26-EEF5-4182-89A2-B60E1E4A1EF0}.Debug|ARM.ActiveCfg = Debug|Win32
		{1A765F26-EEF5-4182-89A2-B60E1E4A1EF0}.Debug|ARM64.ActiveCfg = Debug|Win32
		{1A765F26-EEF5-4182-89A2-B60E1E4A1EF0}.Debug|x64.ActiveCfg = Debug|Win32
		{1A765F26-EEF5-4182-89A2-B60E1E4A1EF0}.Debug|x86.ActiveCfg = Debug|Win32
		{1A765F26-EEF5-4182-89A2-B60E1E4A1EF0}.Debug|x86.Build.0 = Debug|Win32
		{1A765F26-EEF5-4182-89A2-B60E1E4A1EF0}.Release|Any CPU.ActiveCfg = Release|Win32
		{1A765F26-EEF5-4182-89A2-B60E1E4A1EF0}.Release|ARM.ActiveCfg = Release|Win32
		{1A765F26-EEF5-4182-89A2-B60E1E4A1EF0}.Release|ARM64.ActiveCfg = Release|Win32
		{1A765F26-EEF5-4182-89A2-B60E1E4A1EF0}.Release|x64.ActiveCfg = Release|Win32
		{1A765F26-EEF5-4182-89A2-B60E1E4A1EF0}.Release|x86.ActiveCfg = Release|Win32
		{1A765F26-EEF5-4182-89A2-B60E1E4A1EF0}.Release|x86.Build.0 = Release|Win32
		{3ACE2586-98E7-48CA-B7D1-1B4F41CF11FB}.Debug|Any CPU.ActiveCfg = Debug|Win32
		{3ACE2586-98E7-48CA-B7D1-1B4F41CF11FB}.Debug|ARM.ActiveCfg = Debug|Win32
		{3ACE2586-98E7-48CA-B7D1-1B4F41CF11FB}.Debug|ARM64.ActiveCfg = Debug|Win32
		{3ACE2586-98E7-48CA-B7D1-1B4F41CF11FB}.Debug|x64.ActiveCfg = Debug|Win32
		{3ACE2586-98E7-48CA-B7D1-1B4F41CF11FB}.Debug|x86.ActiveCfg = Debug|Win32
		{3ACE2586-98E7-48CA-B7D1-1B4F41CF11FB}.Debug|x86.Build.0 = Debug|Win32
		{3ACE2586-98E7-48CA-B7D1-1B4F41CF11FB}.Release|Any CPU.ActiveCfg = Release|Win32
		{3ACE2586-98E7-48CA-B7D1-1B4F41CF11FB}.Release|ARM.ActiveCfg = Release|Win32
		{3ACE2586-98E7-48CA-B7D1-1B4F41CF11FB}.Release|ARM64.ActiveCfg = Release|Win32
		{3ACE2586-98E7-48CA-B7D1-1B4F41CF11FB}.Release|x64.ActiveCfg = Release|Win32
		{3ACE2586-98E7-48CA-B7D1-1B4F41CF11FB}.Release|x86.ActiveCfg = Release|Win32
		{3ACE2586-98E7-48CA-B7D1-1B4F41CF11FB}.Release|x86.Build.0 = Release|Win32
		{EA320D36-FE4D-477C-B135-C6D198EDC975}.Debug|Any CPU.ActiveCfg = Debug|Win32
		{EA320D36-FE4D-477C-B135-C6D198EDC975}.Debug|ARM.ActiveCfg = Debug|Win32
		{EA320D36-FE4D-477C-B135-C6D198EDC975}.Debug|ARM64.ActiveCfg = Debug|Win32
		{EA320D36-FE4D-477C-B135-C6D198EDC975}.Debug|x64.ActiveCfg = Debug|Win32
		{EA320D36-FE4D-477C-B135-C6D198EDC975}.Debug|x86.ActiveCfg = Debug|Win32
		{EA320D36-FE4D-477C-B135-C6D198EDC975}.Debug|x86.Build.0 = Debug|Win32
		{EA320D36-FE4D-477C-B135-C6D198EDC975}.Release|Any CPU.ActiveCfg = Release|Win32
		{EA320D36-FE4D-477C-B135-C6D198EDC975}.Release|ARM.ActiveCfg = Release|Win32
		{EA320D36-FE4D-477C-B135-C6D198EDC975}.Release|ARM64.ActiveCfg = Release|Win32
		{EA320D36-FE4D-477C-B135-C6D198EDC975}.Release|x64.ActiveCfg = Release|Win32
		{EA320D36-FE4D-477C-B135-C6D198EDC975}.Release|x86.ActiveCfg = Release|Win32
		{EA320D36-FE4D-477C-B135-C6D198EDC975}.Release|x86.Build.0 = Release|Win32
		{BE9B9E4D-1A0B-43A6-BEA1-2D11A7BCD12B}.Debug|Any CPU.ActiveCfg = Debug|Win32
		{BE9B9E4D-1A0B-43A6-BEA1-2D11A7BCD12B}.Debug|ARM.ActiveCfg = Debug|Win32
		{BE9B9E4D-1A0B-43A6-BEA1-2D11A7BCD12B}.Debug|ARM64.ActiveCfg = Debug|Win32
		{BE9B9E4D-1A0B-43A6-BEA1-2D11A7BCD12B}.Debug|x64.ActiveCfg = Debug|Win32
		{BE9B9E4D-1A0B-43A6-BEA1-2D11A7BCD12B}.Debug|x86.ActiveCfg = Debug|Win32
		{BE9B9E4D-1A0B-43A6-BEA1-2D11A7BCD12B}.Debug|x86.Build.0 = Debug|Win32
		{BE9B9E4D-1A0B-43A6-BEA1-2D11A7BCD12B}.Release|Any CPU.ActiveCfg = Release|Win32
		{BE9B9E4D-1A0B-43A6-BEA1-2D11A7BCD12B}.Release|ARM.ActiveCfg = Release|Win32
		{BE9B9E4D-1A0B-43A6-BEA1-2D11A7BCD12B}.Release|ARM64.ActiveCfg = Release|Win32
		{BE9B9E4D-1A0B-43A6-BEA1-2D11A7BCD12B}.Release|x64.ActiveCfg = Release|Win32
		{BE9B9E4D-1A0B-43A6-BEA1-2D11A7BCD12B}.Release|x86.ActiveCfg = Release|Win32
		{BE9B9E4D-1A0B-43A6-BEA1-2D11A7BCD12B}.Release|x86.Build.0 = Release|Win32
		{6FDC79B2-AAD9-4899-9B3C-4ACC87A8B467}.Debug|Any CPU.ActiveCfg = Debug|Win32
		{6FDC79B2-AAD9-4899-9B3C-4ACC87A8B467}.Debug|ARM.ActiveCfg = Debug|Win32
		{6FDC79B2-AAD9-4899-9B3C-4ACC87A8B467}.Debug|ARM64.ActiveCfg = Debug|Win32
		{6FDC79B2-AAD9-4899-9B3C-4ACC87A8B467}.Debug|x64.ActiveCfg = Debug|Win32
		{6FDC79B2-AAD9-4899-9B3C-4ACC87A8B467}.Debug|x86.ActiveCfg = Debug|Win32
		{6FDC79B2-AAD9-4899-9B3C-4ACC87A8B467}.Debug|x86.Build.0 = Debug|Win32
		{6FDC79B2-AAD9-4899-9B3C-4ACC87A8B467}.Release|Any CPU.ActiveCfg = Release|Win32
		{6FDC79B2-AAD9-4899-9B3C-4ACC87A8B467}.Release|ARM.ActiveCfg = Release|Win32
		{6FDC79B2-AAD9-4899-9B3C-4ACC87A8B467}.Release|ARM64.ActiveCfg = Release|Win32
		{6FDC79B2-AAD9-4899-9B3C-4ACC87A8B467}.Release|x64.ActiveCfg = Release|Win32
		{6FDC79B2-AAD9-4899-9B3C-4ACC87A8B467}.Release|x86.ActiveCfg = Release|Win32
		{6FDC79B2-AAD9-4899-9B3C-4ACC87A8B467}.Release|x86.Build.0 = Release|Win32
		{D562B3E8-87C5-436D-9208-9BA52603BACF}.Debug|Any CPU.ActiveCfg = Debug|Any CPU
		{D562B3E8-87C5-436D-9208-9BA52603BACF}.Debug|Any CPU.Build.0 = Debug|Any CPU
		{D562B3E8-87C5-436D-9208-9BA52603BACF}.Debug|ARM.ActiveCfg = Debug|Any CPU
		{D562B3E8-87C5-436D-9208-9BA52603BACF}.Debug|ARM.Build.0 = Debug|Any CPU
		{D562B3E8-87C5-436D-9208-9BA52603BACF}.Debug|ARM64.ActiveCfg = Debug|Any CPU
		{D562B3E8-87C5-436D-9208-9BA52603BACF}.Debug|ARM64.Build.0 = Debug|Any CPU
		{D562B3E8-87C5-436D-9208-9BA52603BACF}.Debug|x64.ActiveCfg = Debug|Any CPU
		{D562B3E8-87C5-436D-9208-9BA52603BACF}.Debug|x64.Build.0 = Debug|Any CPU
		{D562B3E8-87C5-436D-9208-9BA52603BACF}.Debug|x86.ActiveCfg = Debug|Any CPU
		{D562B3E8-87C5-436D-9208-9BA52603BACF}.Debug|x86.Build.0 = Debug|Any CPU
		{D562B3E8-87C5-436D-9208-9BA52603BACF}.Release|Any CPU.ActiveCfg = Release|Any CPU
		{D562B3E8-87C5-436D-9208-9BA52603BACF}.Release|Any CPU.Build.0 = Release|Any CPU
		{D562B3E8-87C5-436D-9208-9BA52603BACF}.Release|ARM.ActiveCfg = Release|Any CPU
		{D562B3E8-87C5-436D-9208-9BA52603BACF}.Release|ARM.Build.0 = Release|Any CPU
		{D562B3E8-87C5-436D-9208-9BA52603BACF}.Release|ARM64.ActiveCfg = Release|Any CPU
		{D562B3E8-87C5-436D-9208-9BA52603BACF}.Release|ARM64.Build.0 = Release|Any CPU
		{D562B3E8-87C5-436D-9208-9BA52603BACF}.Release|x64.ActiveCfg = Release|Any CPU
		{D562B3E8-87C5-436D-9208-9BA52603BACF}.Release|x64.Build.0 = Release|Any CPU
		{D562B3E8-87C5-436D-9208-9BA52603BACF}.Release|x86.ActiveCfg = Release|Any CPU
		{D562B3E8-87C5-436D-9208-9BA52603BACF}.Release|x86.Build.0 = Release|Any CPU
		{53A11CC1-21AD-4327-86A0-50428C66E554}.Debug|Any CPU.ActiveCfg = Debug|Win32
		{53A11CC1-21AD-4327-86A0-50428C66E554}.Debug|ARM.ActiveCfg = Debug|Win32
		{53A11CC1-21AD-4327-86A0-50428C66E554}.Debug|ARM64.ActiveCfg = Debug|Win32
		{53A11CC1-21AD-4327-86A0-50428C66E554}.Debug|x64.ActiveCfg = Debug|Win32
		{53A11CC1-21AD-4327-86A0-50428C66E554}.Debug|x86.ActiveCfg = Debug|Win32
		{53A11CC1-21AD-4327-86A0-50428C66E554}.Debug|x86.Build.0 = Debug|Win32
		{53A11CC1-21AD-4327-86A0-50428C66E554}.Release|Any CPU.ActiveCfg = Release|Win32
		{53A11CC1-21AD-4327-86A0-50428C66E554}.Release|ARM.ActiveCfg = Release|Win32
		{53A11CC1-21AD-4327-86A0-50428C66E554}.Release|ARM64.ActiveCfg = Release|Win32
		{53A11CC1-21AD-4327-86A0-50428C66E554}.Release|x64.ActiveCfg = Release|Win32
		{53A11CC1-21AD-4327-86A0-50428C66E554}.Release|x86.ActiveCfg = Release|Win32
		{53A11CC1-21AD-4327-86A0-50428C66E554}.Release|x86.Build.0 = Release|Win32
	EndGlobalSection
	GlobalSection(SolutionProperties) = preSolution
		HideSolutionNode = FALSE
	EndGlobalSection
	GlobalSection(NestedProjects) = preSolution
		{E8E2A3A0-DB9C-4A6C-B04F-E8F323FA33B8} = {E76FAD6C-246A-4319-A9EF-5ADD8D96E849}
		{12942704-F029-445B-8696-0CC75A83A1CC} = {E76FAD6C-246A-4319-A9EF-5ADD8D96E849}
		{8DC5A95A-FB3B-4F05-B888-C29CD79C0C94} = {7DEB5941-345F-494D-9BA4-D8D1C80908FA}
		{13E26C16-3B56-478E-89AC-436E12EC4212} = {E76FAD6C-246A-4319-A9EF-5ADD8D96E849}
		{C5F80730-F44F-4478-BDAE-6634EFC2CA88} = {E76FAD6C-246A-4319-A9EF-5ADD8D96E849}
		{EAC32781-F270-46BA-9D14-2EDB89B3BF7F} = {E76FAD6C-246A-4319-A9EF-5ADD8D96E849}
		{BD0FA8DB-89F2-45E8-B706-1DC667CF57BA} = {192C1746-BFB5-47A2-8D14-BA71FFF64897}
		{4BE62500-8F56-4ABF-9438-45726048BFDC} = {E76FAD6C-246A-4319-A9EF-5ADD8D96E849}
		{4882A9B0-77A6-4BB6-8838-A0A27AFBE2B5} = {E76FAD6C-246A-4319-A9EF-5ADD8D96E849}
		{7DEB5941-345F-494D-9BA4-D8D1C80908FA} = {E76FAD6C-246A-4319-A9EF-5ADD8D96E849}
		{DE086FA8-BE7E-423E-9BB4-FDD4FC7180C7} = {58B147F5-3ABA-4873-B811-B27615CDBEA2}
		{331E5F28-34DD-4F40-9980-CCCD3F2BCE0D} = {58B147F5-3ABA-4873-B811-B27615CDBEA2}
		{99836910-CD77-47D7-9D41-526B1C6BBC40} = {58B147F5-3ABA-4873-B811-B27615CDBEA2}
		{2C820092-0ECE-4C4C-B24E-9C1EBD6D26DB} = {58B147F5-3ABA-4873-B811-B27615CDBEA2}
		{1A765F26-EEF5-4182-89A2-B60E1E4A1EF0} = {E76FAD6C-246A-4319-A9EF-5ADD8D96E849}
		{3ACE2586-98E7-48CA-B7D1-1B4F41CF11FB} = {7DEB5941-345F-494D-9BA4-D8D1C80908FA}
		{EA320D36-FE4D-477C-B135-C6D198EDC975} = {E76FAD6C-246A-4319-A9EF-5ADD8D96E849}
		{BE9B9E4D-1A0B-43A6-BEA1-2D11A7BCD12B} = {E76FAD6C-246A-4319-A9EF-5ADD8D96E849}
		{6FDC79B2-AAD9-4899-9B3C-4ACC87A8B467} = {E76FAD6C-246A-4319-A9EF-5ADD8D96E849}
		{D562B3E8-87C5-436D-9208-9BA52603BACF} = {58B147F5-3ABA-4873-B811-B27615CDBEA2}
		{53A11CC1-21AD-4327-86A0-50428C66E554} = {E76FAD6C-246A-4319-A9EF-5ADD8D96E849}
	EndGlobalSection
	GlobalSection(ExtensibilityGlobals) = postSolution
		SolutionGuid = {AB6E2C50-83F2-4258-9769-6E2B7A33D841}
	EndGlobalSection
EndGlobal
